
Microsoft Visual Studio Solution File, Format Version 11.00
# Visual Studio 2010
Project("{FAE04EC0-301F-11D3-BF4B-00C04F79EFBC}") = "MouseGetStateAndIsMouseVisibleTester", "MacOS\MouseGetStateAndIsMouseVisibleTester\MouseGetStateAndIsMouseVisibleTester\MouseGetStateAndIsMouseVisibleTester.csproj", "{7B2F1E86-1B56-4F78-9265-EA8852442171}"
EndProject
Project("{FAE04EC0-301F-11D3-BF4B-00C04F79EFBC}") = "MonoGame.Framework.MacOS", "..\..\MonoGame.Framework\MonoGame.Framework.MacOS.csproj", "{36C538E6-C32A-4A8D-A39C-566173D7118E}"
EndProject
Project("{FAE04EC0-301F-11D3-BF4B-00C04F79EFBC}") = "GamePadTest", "MacOS\GamePadTest\GamePadTest.csproj", "{E251B0C1-ED74-4210-A0D5-9E4710FEA61F}"
EndProject
Project("{FAE04EC0-301F-11D3-BF4B-00C04F79EFBC}") = "PrimitivesTest", "MacOS\PrimitivesTest\PrimitivesTest.csproj", "{9704681E-C6DB-4946-9F31-0EF9BE63090A}"
EndProject
Project("{FAE04EC0-301F-11D3-BF4B-00C04F79EFBC}") = "TextureScaleColorTest", "MacOS\TextureScaleColorTest\TextureScaleColorTest.csproj", "{ABF4BDBE-C7DE-43E5-98BC-4547FE27A64A}"
EndProject
Project("{FAE04EC0-301F-11D3-BF4B-00C04F79EFBC}") = "TestDataSetAndGet", "MacOS\TestDataSetAndGet\TestDataSetAndGet.csproj", "{98CB640D-B8C4-496F-9978-F2571268BD70}"
EndProject
Project("{FAE04EC0-301F-11D3-BF4B-00C04F79EFBC}") = "SoundTest_MacOS", "MacOS\SoundTest\SoundTest_MacOS.csproj", "{FE2CB4FE-6466-4B3A-B2B8-38FFD2047DBE}"
EndProject
Project("{FAE04EC0-301F-11D3-BF4B-00C04F79EFBC}") = "SoundTest2_MacOs", "MacOS\SoundTest2\SoundTest2_MacOs\SoundTest2_MacOs.csproj", "{79A32C2C-0F38-4ADE-88D1-F8502C520570}"
EndProject
Project("{FAE04EC0-301F-11D3-BF4B-00C04F79EFBC}") = "BlockingRun", "MacOS\BlockingRun\BlockingRun.csproj", "{75D4D875-093F-4C00-8EE5-C7B39D2F4C18}"
EndProject
Project("{FAE04EC0-301F-11D3-BF4B-00C04F79EFBC}") = "MonoGame.InteractiveTests.iOS", "iOS\MonoGame.InteractiveTests.iOS.csproj", "{8C337B04-A86D-4E5D-8556-668709749F0C}"
EndProject
Global
	GlobalSection(SolutionConfigurationPlatforms) = preSolution
		Debug|x86 = Debug|x86
		Release|x86 = Release|x86
		Distribution|Any CPU = Distribution|Any CPU
	EndGlobalSection
	GlobalSection(ProjectConfigurationPlatforms) = postSolution
		{36C538E6-C32A-4A8D-A39C-566173D7118E}.Debug|x86.ActiveCfg = Debug|Any CPU
		{36C538E6-C32A-4A8D-A39C-566173D7118E}.Debug|x86.Build.0 = Debug|Any CPU
		{36C538E6-C32A-4A8D-A39C-566173D7118E}.Distribution|Any CPU.ActiveCfg = Distribution|Any CPU
		{36C538E6-C32A-4A8D-A39C-566173D7118E}.Distribution|Any CPU.Build.0 = Distribution|Any CPU
		{36C538E6-C32A-4A8D-A39C-566173D7118E}.Release|x86.ActiveCfg = Release|Any CPU
		{36C538E6-C32A-4A8D-A39C-566173D7118E}.Release|x86.Build.0 = Release|Any CPU
		{75D4D875-093F-4C00-8EE5-C7B39D2F4C18}.Debug|x86.ActiveCfg = Debug|Any CPU
		{75D4D875-093F-4C00-8EE5-C7B39D2F4C18}.Debug|x86.Build.0 = Debug|Any CPU
		{75D4D875-093F-4C00-8EE5-C7B39D2F4C18}.Distribution|Any CPU.ActiveCfg = Debug|Any CPU
		{75D4D875-093F-4C00-8EE5-C7B39D2F4C18}.Distribution|Any CPU.Build.0 = Debug|Any CPU
		{75D4D875-093F-4C00-8EE5-C7B39D2F4C18}.Release|x86.ActiveCfg = Release|Any CPU
		{75D4D875-093F-4C00-8EE5-C7B39D2F4C18}.Release|x86.Build.0 = Release|Any CPU
		{79A32C2C-0F38-4ADE-88D1-F8502C520570}.Debug|x86.ActiveCfg = Debug|x86
		{79A32C2C-0F38-4ADE-88D1-F8502C520570}.Debug|x86.Build.0 = Debug|x86
		{79A32C2C-0F38-4ADE-88D1-F8502C520570}.Distribution|Any CPU.ActiveCfg = Debug|x86
		{79A32C2C-0F38-4ADE-88D1-F8502C520570}.Distribution|Any CPU.Build.0 = Debug|x86
		{79A32C2C-0F38-4ADE-88D1-F8502C520570}.Release|x86.ActiveCfg = Release|x86
		{79A32C2C-0F38-4ADE-88D1-F8502C520570}.Release|x86.Build.0 = Release|x86
		{7B2F1E86-1B56-4F78-9265-EA8852442171}.Debug|x86.ActiveCfg = Debug|x86
		{7B2F1E86-1B56-4F78-9265-EA8852442171}.Debug|x86.Build.0 = Debug|x86
		{7B2F1E86-1B56-4F78-9265-EA8852442171}.Distribution|Any CPU.ActiveCfg = Debug|x86
		{7B2F1E86-1B56-4F78-9265-EA8852442171}.Distribution|Any CPU.Build.0 = Debug|x86
		{7B2F1E86-1B56-4F78-9265-EA8852442171}.Release|x86.ActiveCfg = Release|x86
		{7B2F1E86-1B56-4F78-9265-EA8852442171}.Release|x86.Build.0 = Release|x86
		{9704681E-C6DB-4946-9F31-0EF9BE63090A}.Debug|x86.ActiveCfg = Debug|x86
		{9704681E-C6DB-4946-9F31-0EF9BE63090A}.Debug|x86.Build.0 = Debug|x86
		{9704681E-C6DB-4946-9F31-0EF9BE63090A}.Distribution|Any CPU.ActiveCfg = Debug|x86
		{9704681E-C6DB-4946-9F31-0EF9BE63090A}.Distribution|Any CPU.Build.0 = Debug|x86
		{9704681E-C6DB-4946-9F31-0EF9BE63090A}.Release|x86.ActiveCfg = Release|x86
		{9704681E-C6DB-4946-9F31-0EF9BE63090A}.Release|x86.Build.0 = Release|x86
		{98CB640D-B8C4-496F-9978-F2571268BD70}.Debug|x86.ActiveCfg = Debug|Any CPU
		{98CB640D-B8C4-496F-9978-F2571268BD70}.Debug|x86.Build.0 = Debug|Any CPU
		{98CB640D-B8C4-496F-9978-F2571268BD70}.Distribution|Any CPU.ActiveCfg = Debug|Any CPU
		{98CB640D-B8C4-496F-9978-F2571268BD70}.Distribution|Any CPU.Build.0 = Debug|Any CPU
		{98CB640D-B8C4-496F-9978-F2571268BD70}.Release|x86.ActiveCfg = Release|Any CPU
		{98CB640D-B8C4-496F-9978-F2571268BD70}.Release|x86.Build.0 = Release|Any CPU
		{ABF4BDBE-C7DE-43E5-98BC-4547FE27A64A}.Debug|x86.ActiveCfg = Debug|x86
		{ABF4BDBE-C7DE-43E5-98BC-4547FE27A64A}.Debug|x86.Build.0 = Debug|x86
		{ABF4BDBE-C7DE-43E5-98BC-4547FE27A64A}.Distribution|Any CPU.ActiveCfg = Debug|x86
		{ABF4BDBE-C7DE-43E5-98BC-4547FE27A64A}.Distribution|Any CPU.Build.0 = Debug|x86
		{ABF4BDBE-C7DE-43E5-98BC-4547FE27A64A}.Release|x86.ActiveCfg = Release|x86
		{ABF4BDBE-C7DE-43E5-98BC-4547FE27A64A}.Release|x86.Build.0 = Release|x86
		{5C3DC4FF-FE5A-4B94-B4A6-6F79E63F3130}.Debug|x86.ActiveCfg = Debug|Any CPU
		{5C3DC4FF-FE5A-4B94-B4A6-6F79E63F3130}.Debug|x86.Build.0 = Debug|Any CPU
		{5C3DC4FF-FE5A-4B94-B4A6-6F79E63F3130}.Distribution|Any CPU.ActiveCfg = Debug|Any CPU
		{5C3DC4FF-FE5A-4B94-B4A6-6F79E63F3130}.Distribution|Any CPU.Build.0 = Debug|Any CPU
		{5C3DC4FF-FE5A-4B94-B4A6-6F79E63F3130}.Release|x86.ActiveCfg = Release|Any CPU
		{5C3DC4FF-FE5A-4B94-B4A6-6F79E63F3130}.Release|x86.Build.0 = Release|Any CPU
		{E251B0C1-ED74-4210-A0D5-9E4710FEA61F}.Debug|x86.ActiveCfg = Debug|x86
		{E251B0C1-ED74-4210-A0D5-9E4710FEA61F}.Debug|x86.Build.0 = Debug|x86
		{E251B0C1-ED74-4210-A0D5-9E4710FEA61F}.Distribution|Any CPU.ActiveCfg = Debug|x86
		{E251B0C1-ED74-4210-A0D5-9E4710FEA61F}.Distribution|Any CPU.Build.0 = Debug|x86
		{E251B0C1-ED74-4210-A0D5-9E4710FEA61F}.Release|x86.ActiveCfg = Release|x86
		{E251B0C1-ED74-4210-A0D5-9E4710FEA61F}.Release|x86.Build.0 = Release|x86
		{FE2CB4FE-6466-4B3A-B2B8-38FFD2047DBE}.Debug|x86.ActiveCfg = Debug|x86
		{FE2CB4FE-6466-4B3A-B2B8-38FFD2047DBE}.Debug|x86.Build.0 = Debug|x86
		{FE2CB4FE-6466-4B3A-B2B8-38FFD2047DBE}.Distribution|Any CPU.ActiveCfg = Debug|x86
		{FE2CB4FE-6466-4B3A-B2B8-38FFD2047DBE}.Distribution|Any CPU.Build.0 = Debug|x86
		{FE2CB4FE-6466-4B3A-B2B8-38FFD2047DBE}.Release|x86.ActiveCfg = Release|x86
		{FE2CB4FE-6466-4B3A-B2B8-38FFD2047DBE}.Release|x86.Build.0 = Release|x86
		{2DDBFED4-9955-4F02-9937-B9AE82836329}.Debug|x86.ActiveCfg = Debug|Any CPU
		{2DDBFED4-9955-4F02-9937-B9AE82836329}.Debug|x86.Build.0 = Debug|Any CPU
		{2DDBFED4-9955-4F02-9937-B9AE82836329}.Distribution|Any CPU.ActiveCfg = Debug|Any CPU
		{2DDBFED4-9955-4F02-9937-B9AE82836329}.Distribution|Any CPU.Build.0 = Debug|Any CPU
		{2DDBFED4-9955-4F02-9937-B9AE82836329}.Release|x86.ActiveCfg = Release|Any CPU
		{2DDBFED4-9955-4F02-9937-B9AE82836329}.Release|x86.Build.0 = Release|Any CPU
		{2E7EF8E4-5662-4E24-A23E-860CA89334C1}.Debug|x86.ActiveCfg = Debug|x86
		{2E7EF8E4-5662-4E24-A23E-860CA89334C1}.Debug|x86.Build.0 = Debug|x86
		{2E7EF8E4-5662-4E24-A23E-860CA89334C1}.Distribution|Any CPU.ActiveCfg = Debug|x86
		{2E7EF8E4-5662-4E24-A23E-860CA89334C1}.Distribution|Any CPU.Build.0 = Debug|x86
		{2E7EF8E4-5662-4E24-A23E-860CA89334C1}.Release|x86.ActiveCfg = Release|x86
		{2E7EF8E4-5662-4E24-A23E-860CA89334C1}.Release|x86.Build.0 = Release|x86
		{51147863-7B4E-4467-A5FA-986259EB686F}.Debug|x86.ActiveCfg = Debug|x86
		{51147863-7B4E-4467-A5FA-986259EB686F}.Debug|x86.Build.0 = Debug|x86
		{51147863-7B4E-4467-A5FA-986259EB686F}.Distribution|Any CPU.ActiveCfg = Debug|x86
		{51147863-7B4E-4467-A5FA-986259EB686F}.Distribution|Any CPU.Build.0 = Debug|x86
		{51147863-7B4E-4467-A5FA-986259EB686F}.Release|x86.ActiveCfg = Release|x86
		{51147863-7B4E-4467-A5FA-986259EB686F}.Release|x86.Build.0 = Release|x86
		{AFFFC991-4956-45EF-8746-C1AE3FC7A245}.Debug|x86.ActiveCfg = Debug|x86
		{AFFFC991-4956-45EF-8746-C1AE3FC7A245}.Debug|x86.Build.0 = Debug|x86
		{AFFFC991-4956-45EF-8746-C1AE3FC7A245}.Distribution|Any CPU.ActiveCfg = Debug|x86
		{AFFFC991-4956-45EF-8746-C1AE3FC7A245}.Distribution|Any CPU.Build.0 = Debug|x86
		{AFFFC991-4956-45EF-8746-C1AE3FC7A245}.Release|x86.ActiveCfg = Release|x86
		{AFFFC991-4956-45EF-8746-C1AE3FC7A245}.Release|x86.Build.0 = Release|x86
		{CB7B2B69-7640-4225-89F3-CE3BF428F2F3}.Debug|x86.ActiveCfg = Debug|Any CPU
		{CB7B2B69-7640-4225-89F3-CE3BF428F2F3}.Debug|x86.Build.0 = Debug|Any CPU
		{CB7B2B69-7640-4225-89F3-CE3BF428F2F3}.Distribution|Any CPU.ActiveCfg = Debug|Any CPU
		{CB7B2B69-7640-4225-89F3-CE3BF428F2F3}.Distribution|Any CPU.Build.0 = Debug|Any CPU
		{CB7B2B69-7640-4225-89F3-CE3BF428F2F3}.Release|x86.ActiveCfg = Release|Any CPU
		{CB7B2B69-7640-4225-89F3-CE3BF428F2F3}.Release|x86.Build.0 = Release|Any CPU
		{CF7A194A-CF38-4379-909F-1B5FFB8F79C4}.Debug|x86.ActiveCfg = Debug|x86
		{CF7A194A-CF38-4379-909F-1B5FFB8F79C4}.Debug|x86.Build.0 = Debug|x86
		{CF7A194A-CF38-4379-909F-1B5FFB8F79C4}.Distribution|Any CPU.ActiveCfg = Debug|x86
		{CF7A194A-CF38-4379-909F-1B5FFB8F79C4}.Distribution|Any CPU.Build.0 = Debug|x86
		{CF7A194A-CF38-4379-909F-1B5FFB8F79C4}.Release|x86.ActiveCfg = Release|x86
		{CF7A194A-CF38-4379-909F-1B5FFB8F79C4}.Release|x86.Build.0 = Release|x86
		{ECD1D53E-F50A-4299-9B0F-2F64D6063513}.Debug|x86.ActiveCfg = Debug|Any CPU
		{ECD1D53E-F50A-4299-9B0F-2F64D6063513}.Debug|x86.Build.0 = Debug|Any CPU
		{ECD1D53E-F50A-4299-9B0F-2F64D6063513}.Distribution|Any CPU.ActiveCfg = Debug|Any CPU
		{ECD1D53E-F50A-4299-9B0F-2F64D6063513}.Distribution|Any CPU.Build.0 = Debug|Any CPU
		{ECD1D53E-F50A-4299-9B0F-2F64D6063513}.Release|x86.ActiveCfg = Release|Any CPU
		{ECD1D53E-F50A-4299-9B0F-2F64D6063513}.Release|x86.Build.0 = Release|Any CPU
		{8C337B04-A86D-4E5D-8556-668709749F0C}.Debug|x86.ActiveCfg = Debug|iPhoneSimulator
		{8C337B04-A86D-4E5D-8556-668709749F0C}.Debug|x86.Build.0 = Debug|iPhoneSimulator
		{8C337B04-A86D-4E5D-8556-668709749F0C}.Release|x86.ActiveCfg = Release|iPhoneSimulator
		{8C337B04-A86D-4E5D-8556-668709749F0C}.Release|x86.Build.0 = Release|iPhoneSimulator
		{8C337B04-A86D-4E5D-8556-668709749F0C}.Distribution|Any CPU.ActiveCfg = Debug|Any CPU
		{8C337B04-A86D-4E5D-8556-668709749F0C}.Distribution|Any CPU.Build.0 = Debug|Any CPU
	EndGlobalSection
	GlobalSection(MonoDevelopProperties) = preSolution
		StartupItem = MacOS\TextureScaleColorTest\TextureScaleColorTest.csproj
		Policies = $0
		$0.TextStylePolicy = $1
		$1.inheritsSet = null
		$1.scope = text/x-csharp
		$0.CSharpFormattingPolicy = $2
		$2.NamespaceBraceStyle = EndOfLine
		$2.ClassBraceStyle = EndOfLine
		$2.InterfaceBraceStyle = EndOfLine
		$2.StructBraceStyle = EndOfLine
		$2.EnumBraceStyle = EndOfLine
		$2.AfterDelegateDeclarationParameterComma = True
		$2.BeforeSizeOfParentheses = True
		$2.BeforeTypeOfParentheses = True
		$2.SpacesAfterTypecast = True
		$2.SpacesBeforeArrayDeclarationBrackets = True
		$2.inheritsSet = Mono
		$2.inheritsScope = text/x-csharp
		$2.scope = text/x-csharp
		$0.TextStylePolicy = $3
		$3.RemoveTrailingWhitespace = True
		$3.inheritsSet = Mono
		$3.inheritsScope = text/plain
		$3.scope = text/plain
	EndGlobalSection
EndGlobal
