
Microsoft Visual Studio Solution File, Format Version 11.00
# Visual Studio 2010
Project("{FAE04EC0-301F-11D3-BF4B-00C04F79EFBC}") = "MonoGame.Tests.iOS", "MonoGame.Tests.iOS.csproj", "{6FC6AF00-04DF-4E1C-B6CC-95B4B9779719}"
EndProject
Project("{FAE04EC0-301F-11D3-BF4B-00C04F79EFBC}") = "MonoGame.Framework.iOS", "..\MonoGame.Framework\MonoGame.Framework.iOS.csproj", "{DB8508BB-9849-4CC2-BC0F-8EB5DACB3C47}"
EndProject
Project("{FAE04EC0-301F-11D3-BF4B-00C04F79EFBC}") = "Lidgren.Network.iOS", "..\ThirdParty\Lidgren.Network\Lidgren.Network.iOS.csproj", "{734EAA48-F1CA-481A-B391-0285BC0E8B40}"
EndProject
Project("{FAE04EC0-301F-11D3-BF4B-00C04F79EFBC}") = "MonoGame.Tests.Assets.iOS", "Assets\MonoGame.Tests.Assets.iOS.csproj", "{F759DE08-E160-4BB4-9A09-404D5694A4EC}"
EndProject
Project("{FAE04EC0-301F-11D3-BF4B-00C04F79EFBC}") = "MonoGame.InteractiveTests.iOS", "Interactive\iOS\MonoGame.InteractiveTests.iOS.csproj", "{FD07CA6D-A40E-4D8F-9F4D-C90389A97DDE}"
EndProject
Global
	GlobalSection(SolutionConfigurationPlatforms) = preSolution
		Debug|iPhoneSimulator = Debug|iPhoneSimulator
		Release|iPhoneSimulator = Release|iPhoneSimulator
		Debug|iPhone = Debug|iPhone
		Release|iPhone = Release|iPhone
	EndGlobalSection
	GlobalSection(ProjectConfigurationPlatforms) = postSolution
		{6FC6AF00-04DF-4E1C-B6CC-95B4B9779719}.Debug|iPhone.ActiveCfg = Debug|iPhone
		{6FC6AF00-04DF-4E1C-B6CC-95B4B9779719}.Debug|iPhone.Build.0 = Debug|iPhone
		{6FC6AF00-04DF-4E1C-B6CC-95B4B9779719}.Debug|iPhoneSimulator.ActiveCfg = Debug|iPhoneSimulator
		{6FC6AF00-04DF-4E1C-B6CC-95B4B9779719}.Debug|iPhoneSimulator.Build.0 = Debug|iPhoneSimulator
		{6FC6AF00-04DF-4E1C-B6CC-95B4B9779719}.Release|iPhone.ActiveCfg = Release|iPhone
		{6FC6AF00-04DF-4E1C-B6CC-95B4B9779719}.Release|iPhone.Build.0 = Release|iPhone
		{6FC6AF00-04DF-4E1C-B6CC-95B4B9779719}.Release|iPhoneSimulator.ActiveCfg = Release|iPhoneSimulator
		{6FC6AF00-04DF-4E1C-B6CC-95B4B9779719}.Release|iPhoneSimulator.Build.0 = Release|iPhoneSimulator
		{734EAA48-F1CA-481A-B391-0285BC0E8B40}.Debug|iPhone.ActiveCfg = Debug|Any CPU
		{734EAA48-F1CA-481A-B391-0285BC0E8B40}.Debug|iPhone.Build.0 = Debug|Any CPU
		{734EAA48-F1CA-481A-B391-0285BC0E8B40}.Debug|iPhoneSimulator.ActiveCfg = Debug|Any CPU
		{734EAA48-F1CA-481A-B391-0285BC0E8B40}.Debug|iPhoneSimulator.Build.0 = Debug|Any CPU
		{734EAA48-F1CA-481A-B391-0285BC0E8B40}.Release|iPhone.ActiveCfg = Release|Any CPU
		{734EAA48-F1CA-481A-B391-0285BC0E8B40}.Release|iPhone.Build.0 = Release|Any CPU
		{734EAA48-F1CA-481A-B391-0285BC0E8B40}.Release|iPhoneSimulator.ActiveCfg = Release|Any CPU
		{734EAA48-F1CA-481A-B391-0285BC0E8B40}.Release|iPhoneSimulator.Build.0 = Release|Any CPU
		{DB8508BB-9849-4CC2-BC0F-8EB5DACB3C47}.Debug|iPhone.ActiveCfg = Debug|iPhone
		{DB8508BB-9849-4CC2-BC0F-8EB5DACB3C47}.Debug|iPhone.Build.0 = Debug|iPhone
		{DB8508BB-9849-4CC2-BC0F-8EB5DACB3C47}.Debug|iPhoneSimulator.ActiveCfg = Debug|iPhoneSimulator
		{DB8508BB-9849-4CC2-BC0F-8EB5DACB3C47}.Debug|iPhoneSimulator.Build.0 = Debug|iPhoneSimulator
		{DB8508BB-9849-4CC2-BC0F-8EB5DACB3C47}.Release|iPhone.ActiveCfg = Release|iPhone
		{DB8508BB-9849-4CC2-BC0F-8EB5DACB3C47}.Release|iPhone.Build.0 = Release|iPhone
		{DB8508BB-9849-4CC2-BC0F-8EB5DACB3C47}.Release|iPhoneSimulator.ActiveCfg = Release|iPhoneSimulator
		{DB8508BB-9849-4CC2-BC0F-8EB5DACB3C47}.Release|iPhoneSimulator.Build.0 = Release|iPhoneSimulator
		{F759DE08-E160-4BB4-9A09-404D5694A4EC}.Debug|iPhone.ActiveCfg = Debug|Any CPU
		{F759DE08-E160-4BB4-9A09-404D5694A4EC}.Debug|iPhone.Build.0 = Debug|Any CPU
		{F759DE08-E160-4BB4-9A09-404D5694A4EC}.Debug|iPhoneSimulator.ActiveCfg = Debug|Any CPU
		{F759DE08-E160-4BB4-9A09-404D5694A4EC}.Debug|iPhoneSimulator.Build.0 = Debug|Any CPU
		{F759DE08-E160-4BB4-9A09-404D5694A4EC}.Release|iPhone.ActiveCfg = Release|Any CPU
		{F759DE08-E160-4BB4-9A09-404D5694A4EC}.Release|iPhone.Build.0 = Release|Any CPU
		{F759DE08-E160-4BB4-9A09-404D5694A4EC}.Release|iPhoneSimulator.ActiveCfg = Release|Any CPU
		{F759DE08-E160-4BB4-9A09-404D5694A4EC}.Release|iPhoneSimulator.Build.0 = Release|Any CPU
		{FD07CA6D-A40E-4D8F-9F4D-C90389A97DDE}.Debug|iPhone.ActiveCfg = Debug|iPhone
		{FD07CA6D-A40E-4D8F-9F4D-C90389A97DDE}.Debug|iPhone.Build.0 = Debug|iPhone
		{FD07CA6D-A40E-4D8F-9F4D-C90389A97DDE}.Debug|iPhoneSimulator.ActiveCfg = Debug|iPhoneSimulator
		{FD07CA6D-A40E-4D8F-9F4D-C90389A97DDE}.Debug|iPhoneSimulator.Build.0 = Debug|iPhoneSimulator
		{FD07CA6D-A40E-4D8F-9F4D-C90389A97DDE}.Release|iPhone.ActiveCfg = Release|iPhone
		{FD07CA6D-A40E-4D8F-9F4D-C90389A97DDE}.Release|iPhone.Build.0 = Release|iPhone
		{FD07CA6D-A40E-4D8F-9F4D-C90389A97DDE}.Release|iPhoneSimulator.ActiveCfg = Release|iPhoneSimulator
		{FD07CA6D-A40E-4D8F-9F4D-C90389A97DDE}.Release|iPhoneSimulator.Build.0 = Release|iPhoneSimulator
	EndGlobalSection
	GlobalSection(MonoDevelopProperties) = preSolution
		StartupItem = Interactive\iOS\MonoGame.InteractiveTests.iOS.csproj
		Policies = $0
		$0.TextStylePolicy = $1
		$1.inheritsSet = null
		$1.scope = text/x-csharp
		$0.CSharpFormattingPolicy = $2
		$2.NamespaceBraceStyle = EndOfLine
		$2.ClassBraceStyle = EndOfLine
		$2.InterfaceBraceStyle = EndOfLine
		$2.StructBraceStyle = EndOfLine
		$2.EnumBraceStyle = EndOfLine
		$2.BeforeSizeOfParentheses = True
		$2.BeforeTypeOfParentheses = True
		$2.SpacesAfterTypecast = True
		$2.SpacesBeforeArrayDeclarationBrackets = True
		$2.inheritsSet = Mono
		$2.inheritsScope = text/x-csharp
		$2.scope = text/x-csharp
		$0.TextStylePolicy = $3
		$3.FileWidth = 120
		$3.RemoveTrailingWhitespace = True
		$3.inheritsSet = Mono
		$3.inheritsScope = text/plain
		$3.scope = text/plain
	EndGlobalSection
EndGlobal
