
Microsoft Visual Studio Solution File, Format Version 10.00
# Visual Studio 2008
Project("{2150E333-8FDC-42A3-9474-1A3956D46DE8}") = "Samples", "Samples", "{64ED246E-8579-4DF2-A50E-53CC3CCB0E6B}"
EndProject
Project("{FAE04EC0-301F-11D3-BF4B-00C04F79EFBC}") = "MonoGame.Samples.Draw2D", "Samples\Draw2D\MonoGame.Samples.Draw2D.csproj", "{DEC435F4-9E84-490B-9890-72E5F514B8D0}"
EndProject
Project("{FAE04EC0-301F-11D3-BF4B-00C04F79EFBC}") = "MonoGame.Samples.BatteryStatus", "Samples\BatteryStatus\MonoGame.Samples.BatteryStatus.csproj", "{B1E27EDB-2AC5-4A8A-8FD2-29CEEBDF3344}"
EndProject
Project("{FAE04EC0-301F-11D3-BF4B-00C04F79EFBC}") = "MonoGame.Samples.GameComponents", "Samples\GameComponents\MonoGame.Samples.GameComponents.csproj", "{4F51EB5C-03A1-4488-8EEA-0E8F2411DB0C}"
EndProject
Project("{FAE04EC0-301F-11D3-BF4B-00C04F79EFBC}") = "MonoGame.Samples.Storage", "Samples\Storage\MonoGame.Samples.Storage.csproj", "{51F298A3-5F21-4054-9CF8-96CA2601FF60}"
EndProject
Project("{FAE04EC0-301F-11D3-BF4B-00C04F79EFBC}") = "MonoGame.Samples.VirtualGamePad", "Samples\VirtualGamePad\MonoGame.Samples.VirtualGamePad.csproj", "{326DC8E8-649F-4F96-92BA-EE0EF51A32DB}"
EndProject
Project("{FAE04EC0-301F-11D3-BF4B-00C04F79EFBC}") = "RockRainIphone", "Samples\RockRainIphone\RockRainIphone.csproj", "{6AD0E621-8D0C-42B1-A42C-B36F8537B234}"
EndProject
Project("{FAE04EC0-301F-11D3-BF4B-00C04F79EFBC}") = "MonoGame.Samples.Video", "Samples\Video\MonoGame.Samples.Video.csproj", "{21E42CAF-11B3-4A25-A771-189A61732F94}"
EndProject
Project("{FAE04EC0-301F-11D3-BF4B-00C04F79EFBC}") = "MonoGame.Samples.BouncingBox", "Samples\BouncingBox\MonoGame.Samples.BouncingBox.csproj", "{F5FA28E2-53B2-482B-8723-71588DF50BB6}"
EndProject
Project("{FAE04EC0-301F-11D3-BF4B-00C04F79EFBC}") = "MonoGame.Samples.SpriteFont", "Samples\SpriteFont\MonoGame.Samples.SpriteFont.csproj", "{327EE711-BA4F-40DA-AD4A-F69DD0B2FCFB}"
EndProject
Project("{FAE04EC0-301F-11D3-BF4B-00C04F79EFBC}") = "MonoGame.Samples.MultiTouch", "Samples\MultiTouch\MonoGame.Samples.MultiTouch.csproj", "{DF8DF5E3-2FF4-46DD-9EE0-AE3C9923C6BA}"
EndProject
Project("{FAE04EC0-301F-11D3-BF4B-00C04F79EFBC}") = "MonoGame.Samples.GameStateManagement", "Samples\GameStateManagement\MonoGame.Samples.GameStateManagement.csproj", "{B1A596F8-B26C-4826-99D1-94C9327AB586}"
EndProject
Project("{2150E333-8FDC-42A3-9474-1A3956D46DE8}") = "StarterKits", "StarterKits", "{ED13CD83-F288-496C-B046-027FA7D36717}"
EndProject
Project("{FAE04EC0-301F-11D3-BF4B-00C04F79EFBC}") = "AlienGame", "StarterKits\AlienGame\AlienGame.csproj", "{A18E0228-936A-45CD-91CC-07E01F45677E}"
EndProject
Project("{FAE04EC0-301F-11D3-BF4B-00C04F79EFBC}") = "Marblets", "StarterKits\Marblets\Marblets.csproj", "{A3BDF086-7EAA-486F-A90F-78938B7F0A69}"
EndProject
Project("{FAE04EC0-301F-11D3-BF4B-00C04F79EFBC}") = "PlatformeriPhone", "StarterKits\Platformer\PlatformeriPhone.csproj", "{9964D44C-AD60-497E-8ED3-1DE22F53CEED}"
EndProject
Project("{FAE04EC0-301F-11D3-BF4B-00C04F79EFBC}") = "MemoryMadness", "StarterKits\MemoryMadness\MemoryMadness.csproj", "{296EBAC0-9658-474D-9A9E-5A8F52BA316F}"
EndProject
Project("{FAE04EC0-301F-11D3-BF4B-00C04F79EFBC}") = "MonoGame.Xna", "MonoGame.Xna\MonoGame.Xna.csproj", "{DB8508BB-9849-4CC2-BC0F-8EB5DACB3C47}"
EndProject
Global
	GlobalSection(SolutionConfigurationPlatforms) = preSolution
		Debug|iPhoneSimulator = Debug|iPhoneSimulator
		Release|iPhoneSimulator = Release|iPhoneSimulator
		Debug|iPhone = Debug|iPhone
		Release|iPhone = Release|iPhone
	EndGlobalSection
	GlobalSection(ProjectConfigurationPlatforms) = postSolution
		{21E42CAF-11B3-4A25-A771-189A61732F94}.Debug|iPhone.ActiveCfg = Debug|iPhone
		{21E42CAF-11B3-4A25-A771-189A61732F94}.Debug|iPhone.Build.0 = Debug|iPhone
		{21E42CAF-11B3-4A25-A771-189A61732F94}.Debug|iPhoneSimulator.ActiveCfg = Debug|iPhoneSimulator
		{21E42CAF-11B3-4A25-A771-189A61732F94}.Debug|iPhoneSimulator.Build.0 = Debug|iPhoneSimulator
		{21E42CAF-11B3-4A25-A771-189A61732F94}.Release|iPhone.ActiveCfg = Release|iPhone
		{21E42CAF-11B3-4A25-A771-189A61732F94}.Release|iPhone.Build.0 = Release|iPhone
		{21E42CAF-11B3-4A25-A771-189A61732F94}.Release|iPhoneSimulator.ActiveCfg = Release|iPhoneSimulator
		{21E42CAF-11B3-4A25-A771-189A61732F94}.Release|iPhoneSimulator.Build.0 = Release|iPhoneSimulator
		{296EBAC0-9658-474D-9A9E-5A8F52BA316F}.Debug|iPhone.ActiveCfg = Debug|iPhone
		{296EBAC0-9658-474D-9A9E-5A8F52BA316F}.Debug|iPhone.Build.0 = Debug|iPhone
		{296EBAC0-9658-474D-9A9E-5A8F52BA316F}.Debug|iPhoneSimulator.ActiveCfg = Debug|iPhoneSimulator
		{296EBAC0-9658-474D-9A9E-5A8F52BA316F}.Debug|iPhoneSimulator.Build.0 = Debug|iPhoneSimulator
		{296EBAC0-9658-474D-9A9E-5A8F52BA316F}.Release|iPhone.ActiveCfg = Release|iPhone
		{296EBAC0-9658-474D-9A9E-5A8F52BA316F}.Release|iPhone.Build.0 = Release|iPhone
		{296EBAC0-9658-474D-9A9E-5A8F52BA316F}.Release|iPhoneSimulator.ActiveCfg = Release|iPhoneSimulator
		{296EBAC0-9658-474D-9A9E-5A8F52BA316F}.Release|iPhoneSimulator.Build.0 = Release|iPhoneSimulator
		{326DC8E8-649F-4F96-92BA-EE0EF51A32DB}.Debug|iPhone.ActiveCfg = Debug|iPhone
		{326DC8E8-649F-4F96-92BA-EE0EF51A32DB}.Debug|iPhone.Build.0 = Debug|iPhone
		{326DC8E8-649F-4F96-92BA-EE0EF51A32DB}.Debug|iPhoneSimulator.ActiveCfg = Debug|iPhoneSimulator
		{326DC8E8-649F-4F96-92BA-EE0EF51A32DB}.Debug|iPhoneSimulator.Build.0 = Debug|iPhoneSimulator
		{326DC8E8-649F-4F96-92BA-EE0EF51A32DB}.Release|iPhone.ActiveCfg = Release|iPhone
		{326DC8E8-649F-4F96-92BA-EE0EF51A32DB}.Release|iPhone.Build.0 = Release|iPhone
		{326DC8E8-649F-4F96-92BA-EE0EF51A32DB}.Release|iPhoneSimulator.ActiveCfg = Release|iPhoneSimulator
		{326DC8E8-649F-4F96-92BA-EE0EF51A32DB}.Release|iPhoneSimulator.Build.0 = Release|iPhoneSimulator
		{327EE711-BA4F-40DA-AD4A-F69DD0B2FCFB}.Debug|iPhone.ActiveCfg = Debug|iPhone
		{327EE711-BA4F-40DA-AD4A-F69DD0B2FCFB}.Debug|iPhone.Build.0 = Debug|iPhone
		{327EE711-BA4F-40DA-AD4A-F69DD0B2FCFB}.Debug|iPhoneSimulator.ActiveCfg = Debug|iPhoneSimulator
		{327EE711-BA4F-40DA-AD4A-F69DD0B2FCFB}.Debug|iPhoneSimulator.Build.0 = Debug|iPhoneSimulator
		{327EE711-BA4F-40DA-AD4A-F69DD0B2FCFB}.Release|iPhone.ActiveCfg = Release|iPhone
		{327EE711-BA4F-40DA-AD4A-F69DD0B2FCFB}.Release|iPhone.Build.0 = Release|iPhone
		{327EE711-BA4F-40DA-AD4A-F69DD0B2FCFB}.Release|iPhoneSimulator.ActiveCfg = Release|iPhoneSimulator
		{327EE711-BA4F-40DA-AD4A-F69DD0B2FCFB}.Release|iPhoneSimulator.Build.0 = Release|iPhoneSimulator
		{4F51EB5C-03A1-4488-8EEA-0E8F2411DB0C}.Debug|iPhone.ActiveCfg = Debug|iPhone
		{4F51EB5C-03A1-4488-8EEA-0E8F2411DB0C}.Debug|iPhone.Build.0 = Debug|iPhone
		{4F51EB5C-03A1-4488-8EEA-0E8F2411DB0C}.Debug|iPhoneSimulator.ActiveCfg = Debug|iPhoneSimulator
		{4F51EB5C-03A1-4488-8EEA-0E8F2411DB0C}.Debug|iPhoneSimulator.Build.0 = Debug|iPhoneSimulator
		{4F51EB5C-03A1-4488-8EEA-0E8F2411DB0C}.Release|iPhone.ActiveCfg = Release|iPhone
		{4F51EB5C-03A1-4488-8EEA-0E8F2411DB0C}.Release|iPhone.Build.0 = Release|iPhone
		{4F51EB5C-03A1-4488-8EEA-0E8F2411DB0C}.Release|iPhoneSimulator.ActiveCfg = Release|iPhoneSimulator
		{4F51EB5C-03A1-4488-8EEA-0E8F2411DB0C}.Release|iPhoneSimulator.Build.0 = Release|iPhoneSimulator
		{51F298A3-5F21-4054-9CF8-96CA2601FF60}.Debug|iPhone.ActiveCfg = Debug|iPhone
		{51F298A3-5F21-4054-9CF8-96CA2601FF60}.Debug|iPhone.Build.0 = Debug|iPhone
		{51F298A3-5F21-4054-9CF8-96CA2601FF60}.Debug|iPhoneSimulator.ActiveCfg = Debug|iPhoneSimulator
		{51F298A3-5F21-4054-9CF8-96CA2601FF60}.Debug|iPhoneSimulator.Build.0 = Debug|iPhoneSimulator
		{51F298A3-5F21-4054-9CF8-96CA2601FF60}.Release|iPhone.ActiveCfg = Release|iPhone
		{51F298A3-5F21-4054-9CF8-96CA2601FF60}.Release|iPhone.Build.0 = Release|iPhone
		{51F298A3-5F21-4054-9CF8-96CA2601FF60}.Release|iPhoneSimulator.ActiveCfg = Release|iPhoneSimulator
		{51F298A3-5F21-4054-9CF8-96CA2601FF60}.Release|iPhoneSimulator.Build.0 = Release|iPhoneSimulator
		{6AD0E621-8D0C-42B1-A42C-B36F8537B234}.Debug|iPhone.ActiveCfg = Debug|iPhone
		{6AD0E621-8D0C-42B1-A42C-B36F8537B234}.Debug|iPhone.Build.0 = Debug|iPhone
		{6AD0E621-8D0C-42B1-A42C-B36F8537B234}.Debug|iPhoneSimulator.ActiveCfg = Debug|iPhoneSimulator
		{6AD0E621-8D0C-42B1-A42C-B36F8537B234}.Debug|iPhoneSimulator.Build.0 = Debug|iPhoneSimulator
		{6AD0E621-8D0C-42B1-A42C-B36F8537B234}.Release|iPhone.ActiveCfg = Release|iPhone
		{6AD0E621-8D0C-42B1-A42C-B36F8537B234}.Release|iPhone.Build.0 = Release|iPhone
		{6AD0E621-8D0C-42B1-A42C-B36F8537B234}.Release|iPhoneSimulator.ActiveCfg = Release|iPhoneSimulator
		{6AD0E621-8D0C-42B1-A42C-B36F8537B234}.Release|iPhoneSimulator.Build.0 = Release|iPhoneSimulator
		{9964D44C-AD60-497E-8ED3-1DE22F53CEED}.Debug|iPhone.ActiveCfg = Debug|iPhone
		{9964D44C-AD60-497E-8ED3-1DE22F53CEED}.Debug|iPhone.Build.0 = Debug|iPhone
		{9964D44C-AD60-497E-8ED3-1DE22F53CEED}.Debug|iPhoneSimulator.ActiveCfg = Debug|iPhoneSimulator
		{9964D44C-AD60-497E-8ED3-1DE22F53CEED}.Debug|iPhoneSimulator.Build.0 = Debug|iPhoneSimulator
		{9964D44C-AD60-497E-8ED3-1DE22F53CEED}.Release|iPhone.ActiveCfg = Release|iPhone
		{9964D44C-AD60-497E-8ED3-1DE22F53CEED}.Release|iPhone.Build.0 = Release|iPhone
		{9964D44C-AD60-497E-8ED3-1DE22F53CEED}.Release|iPhoneSimulator.ActiveCfg = Release|iPhoneSimulator
		{9964D44C-AD60-497E-8ED3-1DE22F53CEED}.Release|iPhoneSimulator.Build.0 = Release|iPhoneSimulator
		{A18E0228-936A-45CD-91CC-07E01F45677E}.Debug|iPhone.ActiveCfg = Debug|iPhone
		{A18E0228-936A-45CD-91CC-07E01F45677E}.Debug|iPhone.Build.0 = Debug|iPhone
		{A18E0228-936A-45CD-91CC-07E01F45677E}.Debug|iPhoneSimulator.ActiveCfg = Debug|iPhoneSimulator
		{A18E0228-936A-45CD-91CC-07E01F45677E}.Debug|iPhoneSimulator.Build.0 = Debug|iPhoneSimulator
		{A18E0228-936A-45CD-91CC-07E01F45677E}.Release|iPhone.ActiveCfg = Release|iPhone
		{A18E0228-936A-45CD-91CC-07E01F45677E}.Release|iPhone.Build.0 = Release|iPhone
		{A18E0228-936A-45CD-91CC-07E01F45677E}.Release|iPhoneSimulator.ActiveCfg = Release|iPhoneSimulator
		{A18E0228-936A-45CD-91CC-07E01F45677E}.Release|iPhoneSimulator.Build.0 = Release|iPhoneSimulator
		{A3BDF086-7EAA-486F-A90F-78938B7F0A69}.Debug|iPhone.ActiveCfg = Debug|iPhone
		{A3BDF086-7EAA-486F-A90F-78938B7F0A69}.Debug|iPhone.Build.0 = Debug|iPhone
		{A3BDF086-7EAA-486F-A90F-78938B7F0A69}.Debug|iPhoneSimulator.ActiveCfg = Debug|iPhoneSimulator
		{A3BDF086-7EAA-486F-A90F-78938B7F0A69}.Debug|iPhoneSimulator.Build.0 = Debug|iPhoneSimulator
		{A3BDF086-7EAA-486F-A90F-78938B7F0A69}.Release|iPhone.ActiveCfg = Release|iPhone
		{A3BDF086-7EAA-486F-A90F-78938B7F0A69}.Release|iPhone.Build.0 = Release|iPhone
		{A3BDF086-7EAA-486F-A90F-78938B7F0A69}.Release|iPhoneSimulator.ActiveCfg = Release|iPhoneSimulator
		{A3BDF086-7EAA-486F-A90F-78938B7F0A69}.Release|iPhoneSimulator.Build.0 = Release|iPhoneSimulator
		{B1A596F8-B26C-4826-99D1-94C9327AB586}.Debug|iPhone.ActiveCfg = Debug|iPhone
		{B1A596F8-B26C-4826-99D1-94C9327AB586}.Debug|iPhone.Build.0 = Debug|iPhone
		{B1A596F8-B26C-4826-99D1-94C9327AB586}.Debug|iPhoneSimulator.ActiveCfg = Debug|iPhoneSimulator
		{B1A596F8-B26C-4826-99D1-94C9327AB586}.Debug|iPhoneSimulator.Build.0 = Debug|iPhoneSimulator
		{B1A596F8-B26C-4826-99D1-94C9327AB586}.Release|iPhone.ActiveCfg = Release|iPhone
		{B1A596F8-B26C-4826-99D1-94C9327AB586}.Release|iPhone.Build.0 = Release|iPhone
		{B1A596F8-B26C-4826-99D1-94C9327AB586}.Release|iPhoneSimulator.ActiveCfg = Release|iPhoneSimulator
		{B1A596F8-B26C-4826-99D1-94C9327AB586}.Release|iPhoneSimulator.Build.0 = Release|iPhoneSimulator
		{B1E27EDB-2AC5-4A8A-8FD2-29CEEBDF3344}.Debug|iPhone.ActiveCfg = Debug|iPhone
		{B1E27EDB-2AC5-4A8A-8FD2-29CEEBDF3344}.Debug|iPhone.Build.0 = Debug|iPhone
		{B1E27EDB-2AC5-4A8A-8FD2-29CEEBDF3344}.Debug|iPhoneSimulator.ActiveCfg = Debug|iPhoneSimulator
		{B1E27EDB-2AC5-4A8A-8FD2-29CEEBDF3344}.Debug|iPhoneSimulator.Build.0 = Debug|iPhoneSimulator
		{B1E27EDB-2AC5-4A8A-8FD2-29CEEBDF3344}.Release|iPhone.ActiveCfg = Release|iPhone
		{B1E27EDB-2AC5-4A8A-8FD2-29CEEBDF3344}.Release|iPhone.Build.0 = Release|iPhone
		{B1E27EDB-2AC5-4A8A-8FD2-29CEEBDF3344}.Release|iPhoneSimulator.ActiveCfg = Release|iPhoneSimulator
		{B1E27EDB-2AC5-4A8A-8FD2-29CEEBDF3344}.Release|iPhoneSimulator.Build.0 = Release|iPhoneSimulator
		{DB8508BB-9849-4CC2-BC0F-8EB5DACB3C47}.Debug|iPhone.ActiveCfg = Debug|iPhone
		{DB8508BB-9849-4CC2-BC0F-8EB5DACB3C47}.Debug|iPhone.Build.0 = Debug|iPhone
		{DB8508BB-9849-4CC2-BC0F-8EB5DACB3C47}.Debug|iPhoneSimulator.ActiveCfg = Debug|iPhoneSimulator
		{DB8508BB-9849-4CC2-BC0F-8EB5DACB3C47}.Debug|iPhoneSimulator.Build.0 = Debug|iPhoneSimulator
		{DB8508BB-9849-4CC2-BC0F-8EB5DACB3C47}.Release|iPhone.ActiveCfg = Release|iPhone
		{DB8508BB-9849-4CC2-BC0F-8EB5DACB3C47}.Release|iPhone.Build.0 = Release|iPhone
		{DB8508BB-9849-4CC2-BC0F-8EB5DACB3C47}.Release|iPhoneSimulator.ActiveCfg = Release|iPhoneSimulator
		{DB8508BB-9849-4CC2-BC0F-8EB5DACB3C47}.Release|iPhoneSimulator.Build.0 = Release|iPhoneSimulator
		{DEC435F4-9E84-490B-9890-72E5F514B8D0}.Debug|iPhone.ActiveCfg = Debug|iPhone
		{DEC435F4-9E84-490B-9890-72E5F514B8D0}.Debug|iPhone.Build.0 = Debug|iPhone
		{DEC435F4-9E84-490B-9890-72E5F514B8D0}.Debug|iPhoneSimulator.ActiveCfg = Debug|iPhoneSimulator
		{DEC435F4-9E84-490B-9890-72E5F514B8D0}.Debug|iPhoneSimulator.Build.0 = Debug|iPhoneSimulator
		{DEC435F4-9E84-490B-9890-72E5F514B8D0}.Release|iPhone.ActiveCfg = Release|iPhone
		{DEC435F4-9E84-490B-9890-72E5F514B8D0}.Release|iPhone.Build.0 = Release|iPhone
		{DEC435F4-9E84-490B-9890-72E5F514B8D0}.Release|iPhoneSimulator.ActiveCfg = Release|iPhoneSimulator
		{DEC435F4-9E84-490B-9890-72E5F514B8D0}.Release|iPhoneSimulator.Build.0 = Release|iPhoneSimulator
		{DF8DF5E3-2FF4-46DD-9EE0-AE3C9923C6BA}.Debug|iPhone.ActiveCfg = Debug|iPhone
		{DF8DF5E3-2FF4-46DD-9EE0-AE3C9923C6BA}.Debug|iPhone.Build.0 = Debug|iPhone
		{DF8DF5E3-2FF4-46DD-9EE0-AE3C9923C6BA}.Debug|iPhoneSimulator.ActiveCfg = Debug|iPhoneSimulator
		{DF8DF5E3-2FF4-46DD-9EE0-AE3C9923C6BA}.Debug|iPhoneSimulator.Build.0 = Debug|iPhoneSimulator
		{DF8DF5E3-2FF4-46DD-9EE0-AE3C9923C6BA}.Release|iPhone.ActiveCfg = Release|iPhone
		{DF8DF5E3-2FF4-46DD-9EE0-AE3C9923C6BA}.Release|iPhone.Build.0 = Release|iPhone
		{DF8DF5E3-2FF4-46DD-9EE0-AE3C9923C6BA}.Release|iPhoneSimulator.ActiveCfg = Release|iPhoneSimulator
		{DF8DF5E3-2FF4-46DD-9EE0-AE3C9923C6BA}.Release|iPhoneSimulator.Build.0 = Release|iPhoneSimulator
		{F5FA28E2-53B2-482B-8723-71588DF50BB6}.Debug|iPhone.ActiveCfg = Debug|iPhone
		{F5FA28E2-53B2-482B-8723-71588DF50BB6}.Debug|iPhone.Build.0 = Debug|iPhone
		{F5FA28E2-53B2-482B-8723-71588DF50BB6}.Debug|iPhoneSimulator.ActiveCfg = Debug|iPhoneSimulator
		{F5FA28E2-53B2-482B-8723-71588DF50BB6}.Debug|iPhoneSimulator.Build.0 = Debug|iPhoneSimulator
		{F5FA28E2-53B2-482B-8723-71588DF50BB6}.Release|iPhone.ActiveCfg = Release|iPhone
		{F5FA28E2-53B2-482B-8723-71588DF50BB6}.Release|iPhone.Build.0 = Release|iPhone
		{F5FA28E2-53B2-482B-8723-71588DF50BB6}.Release|iPhoneSimulator.ActiveCfg = Release|iPhoneSimulator
		{F5FA28E2-53B2-482B-8723-71588DF50BB6}.Release|iPhoneSimulator.Build.0 = Release|iPhoneSimulator
	EndGlobalSection
	GlobalSection(NestedProjects) = preSolution
		{DEC435F4-9E84-490B-9890-72E5F514B8D0} = {64ED246E-8579-4DF2-A50E-53CC3CCB0E6B}
		{B1E27EDB-2AC5-4A8A-8FD2-29CEEBDF3344} = {64ED246E-8579-4DF2-A50E-53CC3CCB0E6B}
		{4F51EB5C-03A1-4488-8EEA-0E8F2411DB0C} = {64ED246E-8579-4DF2-A50E-53CC3CCB0E6B}
		{51F298A3-5F21-4054-9CF8-96CA2601FF60} = {64ED246E-8579-4DF2-A50E-53CC3CCB0E6B}
		{326DC8E8-649F-4F96-92BA-EE0EF51A32DB} = {64ED246E-8579-4DF2-A50E-53CC3CCB0E6B}
		{6AD0E621-8D0C-42B1-A42C-B36F8537B234} = {64ED246E-8579-4DF2-A50E-53CC3CCB0E6B}
		{21E42CAF-11B3-4A25-A771-189A61732F94} = {64ED246E-8579-4DF2-A50E-53CC3CCB0E6B}
		{F5FA28E2-53B2-482B-8723-71588DF50BB6} = {64ED246E-8579-4DF2-A50E-53CC3CCB0E6B}
		{327EE711-BA4F-40DA-AD4A-F69DD0B2FCFB} = {64ED246E-8579-4DF2-A50E-53CC3CCB0E6B}
		{DF8DF5E3-2FF4-46DD-9EE0-AE3C9923C6BA} = {64ED246E-8579-4DF2-A50E-53CC3CCB0E6B}
		{B1A596F8-B26C-4826-99D1-94C9327AB586} = {64ED246E-8579-4DF2-A50E-53CC3CCB0E6B}
		{A18E0228-936A-45CD-91CC-07E01F45677E} = {ED13CD83-F288-496C-B046-027FA7D36717}
		{A3BDF086-7EAA-486F-A90F-78938B7F0A69} = {ED13CD83-F288-496C-B046-027FA7D36717}
		{9964D44C-AD60-497E-8ED3-1DE22F53CEED} = {ED13CD83-F288-496C-B046-027FA7D36717}
		{296EBAC0-9658-474D-9A9E-5A8F52BA316F} = {ED13CD83-F288-496C-B046-027FA7D36717}
	EndGlobalSection
	GlobalSection(MonoDevelopProperties) = preSolution
		StartupItem = StarterKits\Platformer\PlatformeriPhone.csproj
	EndGlobalSection
EndGlobal
