
Microsoft Visual Studio Solution File, Format Version 12.00
# Visual Studio 15
VisualStudioVersion = 15.0.26124.0
MinimumVisualStudioVersion = 15.0.26124.0
Project("{FAE04EC0-301F-11D3-BF4B-00C04F79EFBC}") = "MonoGame.Framework.DesktopGL", "MonoGame.Framework\MonoGame.Framework.DesktopGL.csproj", "{C01379FE-63B0-4DDC-AE9C-9C916CCE5F45}"
EndProject
Project("{FAE04EC0-301F-11D3-BF4B-00C04F79EFBC}") = "MonoGame.Tests.DesktopGL", "Test\MonoGame.Tests.DesktopGL.csproj", "{D80F2C27-F1E6-4395-95E2-D6EAB308C9DF}"
EndProject
Global
	GlobalSection(SolutionConfigurationPlatforms) = preSolution
		Debug|Any CPU = Debug|Any CPU
		Debug|x64 = Debug|x64
		Debug|x86 = Debug|x86
		Release|Any CPU = Release|Any CPU
		Release|x64 = Release|x64
		Release|x86 = Release|x86
	EndGlobalSection
	GlobalSection(SolutionProperties) = preSolution
		HideSolutionNode = FALSE
	EndGlobalSection
	GlobalSection(ProjectConfigurationPlatforms) = postSolution
		{C01379FE-63B0-4DDC-AE9C-9C916CCE5F45}.Debug|Any CPU.ActiveCfg = Debug|Any CPU
		{C01379FE-63B0-4DDC-AE9C-9C916CCE5F45}.Debug|Any CPU.Build.0 = Debug|Any CPU
		{C01379FE-63B0-4DDC-AE9C-9C916CCE5F45}.Debug|x64.ActiveCfg = Debug|Any CPU
		{C01379FE-63B0-4DDC-AE9C-9C916CCE5F45}.Debug|x64.Build.0 = Debug|Any CPU
		{C01379FE-63B0-4DDC-AE9C-9C916CCE5F45}.Debug|x86.ActiveCfg = Debug|Any CPU
		{C01379FE-63B0-4DDC-AE9C-9C916CCE5F45}.Debug|x86.Build.0 = Debug|Any CPU
		{C01379FE-63B0-4DDC-AE9C-9C916CCE5F45}.Release|Any CPU.ActiveCfg = Release|Any CPU
		{C01379FE-63B0-4DDC-AE9C-9C916CCE5F45}.Release|Any CPU.Build.0 = Release|Any CPU
		{C01379FE-63B0-4DDC-AE9C-9C916CCE5F45}.Release|x64.ActiveCfg = Release|Any CPU
		{C01379FE-63B0-4DDC-AE9C-9C916CCE5F45}.Release|x64.Build.0 = Release|Any CPU
		{C01379FE-63B0-4DDC-AE9C-9C916CCE5F45}.Release|x86.ActiveCfg = Release|Any CPU
		{C01379FE-63B0-4DDC-AE9C-9C916CCE5F45}.Release|x86.Build.0 = Release|Any CPU
		{D80F2C27-F1E6-4395-95E2-D6EAB308C9DF}.Debug|Any CPU.ActiveCfg = Debug|Any CPU
		{D80F2C27-F1E6-4395-95E2-D6EAB308C9DF}.Debug|Any CPU.Build.0 = Debug|Any CPU
		{D80F2C27-F1E6-4395-95E2-D6EAB308C9DF}.Debug|x64.ActiveCfg = Debug|Any CPU
		{D80F2C27-F1E6-4395-95E2-D6EAB308C9DF}.Debug|x64.Build.0 = Debug|Any CPU
		{D80F2C27-F1E6-4395-95E2-D6EAB308C9DF}.Debug|x86.ActiveCfg = Debug|Any CPU
		{D80F2C27-F1E6-4395-95E2-D6EAB308C9DF}.Debug|x86.Build.0 = Debug|Any CPU
		{D80F2C27-F1E6-4395-95E2-D6EAB308C9DF}.Release|Any CPU.ActiveCfg = Release|Any CPU
		{D80F2C27-F1E6-4395-95E2-D6EAB308C9DF}.Release|Any CPU.Build.0 = Release|Any CPU
		{D80F2C27-F1E6-4395-95E2-D6EAB308C9DF}.Release|x64.ActiveCfg = Release|Any CPU
		{D80F2C27-F1E6-4395-95E2-D6EAB308C9DF}.Release|x64.Build.0 = Release|Any CPU
		{D80F2C27-F1E6-4395-95E2-D6EAB308C9DF}.Release|x86.ActiveCfg = Release|Any CPU
		{D80F2C27-F1E6-4395-95E2-D6EAB308C9DF}.Release|x86.Build.0 = Release|Any CPU
	EndGlobalSection
EndGlobal
