
Microsoft Visual Studio Solution File, Format Version 12.00
# Visual Studio 2012
Project("{FAE04EC0-301F-11D3-BF4B-00C04F79EFBC}") = "Lidgren.Network.Windows", "ThirdParty\Lidgren.Network\Lidgren.Network.Windows.csproj", "{AE483C29-042E-4226-BA52-D247CE7676DA}"
EndProject
Project("{FAE04EC0-301F-11D3-BF4B-00C04F79EFBC}") = "MonoGame.Framework.Windows", "MonoGame.Framework\MonoGame.Framework.Windows.csproj", "{7DE47032-A904-4C29-BD22-2D235E8D91BA}"
EndProject
Project("{FAE04EC0-301F-11D3-BF4B-00C04F79EFBC}") = "MonoGame.Framework.Windows8", "MonoGame.Framework\MonoGame.Framework.Windows8.csproj", "{0518563C-ACCA-4A14-8C5D-DDBE93E2605F}"
EndProject
Project("{FAE04EC0-301F-11D3-BF4B-00C04F79EFBC}") = "MonoGame.Framework.WindowsGL", "MonoGame.Framework\MonoGame.Framework.WindowsGL.csproj", "{77EBD3FC-0D63-4FAB-8DB9-29B3528184B3}"
EndProject
Project("{FAE04EC0-301F-11D3-BF4B-00C04F79EFBC}") = "MonoGame.Framework.WindowsPhone", "MonoGame.Framework\MonoGame.Framework.WindowsPhone.csproj", "{BAA9A6E4-7690-4DE0-9531-DE0EAEEC9739}"
EndProject
Project("{FAE04EC0-301F-11D3-BF4B-00C04F79EFBC}") = "MonoGame.NuGetPackager", "MonoGame.NuGetPackager\MonoGame.NuGetPackager.csproj", "{0451BAEF-DF2E-4B98-8644-94EE9415E389}"
EndProject
Project("{2150E333-8FDC-42A3-9474-1A3956D46DE8}") = ".nuget", ".nuget", "{8ED5FA5F-3FA9-4D6E-99F2-277779708270}"
	ProjectSection(SolutionItems) = preProject
		.nuget\NuGet.Config = .nuget\NuGet.Config
		.nuget\NuGet.exe = .nuget\NuGet.exe
		.nuget\NuGet.targets = .nuget\NuGet.targets
	EndProjectSection
EndProject
Global
	GlobalSection(SolutionConfigurationPlatforms) = preSolution
		Debug|Any CPU = Debug|Any CPU
		Debug|ARM = Debug|ARM
		Debug|iPhone = Debug|iPhone
		Debug|iPhoneSimulator = Debug|iPhoneSimulator
		Debug|Mixed Platforms = Debug|Mixed Platforms
		Debug|x64 = Debug|x64
		Debug|x86 = Debug|x86
		Release|Any CPU = Release|Any CPU
		Release|ARM = Release|ARM
		Release|iPhone = Release|iPhone
		Release|iPhoneSimulator = Release|iPhoneSimulator
		Release|Mixed Platforms = Release|Mixed Platforms
		Release|x64 = Release|x64
		Release|x86 = Release|x86
	EndGlobalSection
	GlobalSection(ProjectConfigurationPlatforms) = postSolution
		{AE483C29-042E-4226-BA52-D247CE7676DA}.Debug|Any CPU.ActiveCfg = Debug|Any CPU
		{AE483C29-042E-4226-BA52-D247CE7676DA}.Debug|Any CPU.Build.0 = Debug|Any CPU
		{AE483C29-042E-4226-BA52-D247CE7676DA}.Debug|ARM.ActiveCfg = Debug|Any CPU
		{AE483C29-042E-4226-BA52-D247CE7676DA}.Debug|iPhone.ActiveCfg = Debug|Any CPU
		{AE483C29-042E-4226-BA52-D247CE7676DA}.Debug|iPhoneSimulator.ActiveCfg = Debug|Any CPU
		{AE483C29-042E-4226-BA52-D247CE7676DA}.Debug|Mixed Platforms.ActiveCfg = Debug|Any CPU
		{AE483C29-042E-4226-BA52-D247CE7676DA}.Debug|Mixed Platforms.Build.0 = Debug|Any CPU
		{AE483C29-042E-4226-BA52-D247CE7676DA}.Debug|x64.ActiveCfg = Debug|Any CPU
		{AE483C29-042E-4226-BA52-D247CE7676DA}.Debug|x86.ActiveCfg = Debug|Any CPU
		{AE483C29-042E-4226-BA52-D247CE7676DA}.Release|Any CPU.ActiveCfg = Release|Any CPU
		{AE483C29-042E-4226-BA52-D247CE7676DA}.Release|Any CPU.Build.0 = Release|Any CPU
		{AE483C29-042E-4226-BA52-D247CE7676DA}.Release|ARM.ActiveCfg = Release|Any CPU
		{AE483C29-042E-4226-BA52-D247CE7676DA}.Release|iPhone.ActiveCfg = Release|Any CPU
		{AE483C29-042E-4226-BA52-D247CE7676DA}.Release|iPhoneSimulator.ActiveCfg = Release|Any CPU
		{AE483C29-042E-4226-BA52-D247CE7676DA}.Release|Mixed Platforms.ActiveCfg = Release|Any CPU
		{AE483C29-042E-4226-BA52-D247CE7676DA}.Release|Mixed Platforms.Build.0 = Release|Any CPU
		{AE483C29-042E-4226-BA52-D247CE7676DA}.Release|x64.ActiveCfg = Release|Any CPU
		{AE483C29-042E-4226-BA52-D247CE7676DA}.Release|x64.Build.0 = Release|Any CPU
		{AE483C29-042E-4226-BA52-D247CE7676DA}.Release|x86.ActiveCfg = Release|Any CPU
		{AE483C29-042E-4226-BA52-D247CE7676DA}.Release|x86.Build.0 = Release|Any CPU
		{7DE47032-A904-4C29-BD22-2D235E8D91BA}.Debug|Any CPU.ActiveCfg = Debug|Any CPU
		{7DE47032-A904-4C29-BD22-2D235E8D91BA}.Debug|Any CPU.Build.0 = Debug|Any CPU
		{7DE47032-A904-4C29-BD22-2D235E8D91BA}.Debug|ARM.ActiveCfg = Debug|Any CPU
		{7DE47032-A904-4C29-BD22-2D235E8D91BA}.Debug|iPhone.ActiveCfg = Debug|Any CPU
		{7DE47032-A904-4C29-BD22-2D235E8D91BA}.Debug|iPhoneSimulator.ActiveCfg = Debug|Any CPU
		{7DE47032-A904-4C29-BD22-2D235E8D91BA}.Debug|Mixed Platforms.ActiveCfg = Debug|Any CPU
		{7DE47032-A904-4C29-BD22-2D235E8D91BA}.Debug|Mixed Platforms.Build.0 = Debug|Any CPU
		{7DE47032-A904-4C29-BD22-2D235E8D91BA}.Debug|x64.ActiveCfg = Debug|Any CPU
		{7DE47032-A904-4C29-BD22-2D235E8D91BA}.Debug|x86.ActiveCfg = Debug|Any CPU
		{7DE47032-A904-4C29-BD22-2D235E8D91BA}.Release|Any CPU.ActiveCfg = Release|Any CPU
		{7DE47032-A904-4C29-BD22-2D235E8D91BA}.Release|Any CPU.Build.0 = Release|Any CPU
		{7DE47032-A904-4C29-BD22-2D235E8D91BA}.Release|ARM.ActiveCfg = Release|Any CPU
		{7DE47032-A904-4C29-BD22-2D235E8D91BA}.Release|iPhone.ActiveCfg = Release|Any CPU
		{7DE47032-A904-4C29-BD22-2D235E8D91BA}.Release|iPhoneSimulator.ActiveCfg = Release|Any CPU
		{7DE47032-A904-4C29-BD22-2D235E8D91BA}.Release|Mixed Platforms.ActiveCfg = Release|Any CPU
		{7DE47032-A904-4C29-BD22-2D235E8D91BA}.Release|Mixed Platforms.Build.0 = Release|Any CPU
		{7DE47032-A904-4C29-BD22-2D235E8D91BA}.Release|x64.ActiveCfg = Release|Any CPU
		{7DE47032-A904-4C29-BD22-2D235E8D91BA}.Release|x86.ActiveCfg = Release|Any CPU
		{0518563C-ACCA-4A14-8C5D-DDBE93E2605F}.Debug|Any CPU.ActiveCfg = Debug|Any CPU
		{0518563C-ACCA-4A14-8C5D-DDBE93E2605F}.Debug|Any CPU.Build.0 = Debug|Any CPU
		{0518563C-ACCA-4A14-8C5D-DDBE93E2605F}.Debug|ARM.ActiveCfg = Debug|ARM
		{0518563C-ACCA-4A14-8C5D-DDBE93E2605F}.Debug|ARM.Build.0 = Debug|ARM
		{0518563C-ACCA-4A14-8C5D-DDBE93E2605F}.Debug|iPhone.ActiveCfg = Debug|Any CPU
		{0518563C-ACCA-4A14-8C5D-DDBE93E2605F}.Debug|iPhoneSimulator.ActiveCfg = Debug|Any CPU
		{0518563C-ACCA-4A14-8C5D-DDBE93E2605F}.Debug|Mixed Platforms.ActiveCfg = Debug|x86
		{0518563C-ACCA-4A14-8C5D-DDBE93E2605F}.Debug|Mixed Platforms.Build.0 = Debug|x86
		{0518563C-ACCA-4A14-8C5D-DDBE93E2605F}.Debug|x64.ActiveCfg = Debug|x64
		{0518563C-ACCA-4A14-8C5D-DDBE93E2605F}.Debug|x64.Build.0 = Debug|x64
		{0518563C-ACCA-4A14-8C5D-DDBE93E2605F}.Debug|x86.ActiveCfg = Debug|x86
		{0518563C-ACCA-4A14-8C5D-DDBE93E2605F}.Debug|x86.Build.0 = Debug|x86
		{0518563C-ACCA-4A14-8C5D-DDBE93E2605F}.Release|Any CPU.ActiveCfg = Release|Any CPU
		{0518563C-ACCA-4A14-8C5D-DDBE93E2605F}.Release|Any CPU.Build.0 = Release|Any CPU
		{0518563C-ACCA-4A14-8C5D-DDBE93E2605F}.Release|ARM.ActiveCfg = Release|Any CPU
		{0518563C-ACCA-4A14-8C5D-DDBE93E2605F}.Release|iPhone.ActiveCfg = Release|Any CPU
		{0518563C-ACCA-4A14-8C5D-DDBE93E2605F}.Release|iPhoneSimulator.ActiveCfg = Release|Any CPU
		{0518563C-ACCA-4A14-8C5D-DDBE93E2605F}.Release|Mixed Platforms.ActiveCfg = Release|Any CPU
		{0518563C-ACCA-4A14-8C5D-DDBE93E2605F}.Release|Mixed Platforms.Build.0 = Release|Any CPU
		{0518563C-ACCA-4A14-8C5D-DDBE93E2605F}.Release|x64.ActiveCfg = Release|x64
		{0518563C-ACCA-4A14-8C5D-DDBE93E2605F}.Release|x64.Build.0 = Release|x64
		{0518563C-ACCA-4A14-8C5D-DDBE93E2605F}.Release|x86.ActiveCfg = Release|x86
		{0518563C-ACCA-4A14-8C5D-DDBE93E2605F}.Release|x86.Build.0 = Release|x86
		{77EBD3FC-0D63-4FAB-8DB9-29B3528184B3}.Debug|Any CPU.ActiveCfg = Debug|Any CPU
		{77EBD3FC-0D63-4FAB-8DB9-29B3528184B3}.Debug|Any CPU.Build.0 = Debug|Any CPU
		{77EBD3FC-0D63-4FAB-8DB9-29B3528184B3}.Debug|ARM.ActiveCfg = Debug|Any CPU
		{77EBD3FC-0D63-4FAB-8DB9-29B3528184B3}.Debug|iPhone.ActiveCfg = Debug|Any CPU
		{77EBD3FC-0D63-4FAB-8DB9-29B3528184B3}.Debug|iPhoneSimulator.ActiveCfg = Debug|Any CPU
		{77EBD3FC-0D63-4FAB-8DB9-29B3528184B3}.Debug|Mixed Platforms.ActiveCfg = Debug|x86
		{77EBD3FC-0D63-4FAB-8DB9-29B3528184B3}.Debug|Mixed Platforms.Build.0 = Debug|x86
		{77EBD3FC-0D63-4FAB-8DB9-29B3528184B3}.Debug|x64.ActiveCfg = Debug|Any CPU
		{77EBD3FC-0D63-4FAB-8DB9-29B3528184B3}.Debug|x86.ActiveCfg = Debug|x86
		{77EBD3FC-0D63-4FAB-8DB9-29B3528184B3}.Debug|x86.Build.0 = Debug|x86
		{77EBD3FC-0D63-4FAB-8DB9-29B3528184B3}.Release|Any CPU.ActiveCfg = Release|Any CPU
		{77EBD3FC-0D63-4FAB-8DB9-29B3528184B3}.Release|Any CPU.Build.0 = Release|Any CPU
		{77EBD3FC-0D63-4FAB-8DB9-29B3528184B3}.Release|ARM.ActiveCfg = Release|Any CPU
		{77EBD3FC-0D63-4FAB-8DB9-29B3528184B3}.Release|iPhone.ActiveCfg = Release|Any CPU
		{77EBD3FC-0D63-4FAB-8DB9-29B3528184B3}.Release|iPhoneSimulator.ActiveCfg = Release|Any CPU
		{77EBD3FC-0D63-4FAB-8DB9-29B3528184B3}.Release|Mixed Platforms.ActiveCfg = Release|Any CPU
		{77EBD3FC-0D63-4FAB-8DB9-29B3528184B3}.Release|Mixed Platforms.Build.0 = Release|Any CPU
		{77EBD3FC-0D63-4FAB-8DB9-29B3528184B3}.Release|x64.ActiveCfg = Release|Any CPU
		{77EBD3FC-0D63-4FAB-8DB9-29B3528184B3}.Release|x64.Build.0 = Release|Any CPU
		{77EBD3FC-0D63-4FAB-8DB9-29B3528184B3}.Release|x86.ActiveCfg = Release|x86
		{77EBD3FC-0D63-4FAB-8DB9-29B3528184B3}.Release|x86.Build.0 = Release|x86
		{BAA9A6E4-7690-4DE0-9531-DE0EAEEC9739}.Debug|Any CPU.ActiveCfg = Debug|Any CPU
		{BAA9A6E4-7690-4DE0-9531-DE0EAEEC9739}.Debug|Any CPU.Build.0 = Debug|Any CPU
		{BAA9A6E4-7690-4DE0-9531-DE0EAEEC9739}.Debug|ARM.ActiveCfg = Debug|ARM
		{BAA9A6E4-7690-4DE0-9531-DE0EAEEC9739}.Debug|ARM.Build.0 = Debug|ARM
		{BAA9A6E4-7690-4DE0-9531-DE0EAEEC9739}.Debug|iPhone.ActiveCfg = Debug|Any CPU
		{BAA9A6E4-7690-4DE0-9531-DE0EAEEC9739}.Debug|iPhoneSimulator.ActiveCfg = Debug|Any CPU
		{BAA9A6E4-7690-4DE0-9531-DE0EAEEC9739}.Debug|Mixed Platforms.ActiveCfg = Debug|x86
		{BAA9A6E4-7690-4DE0-9531-DE0EAEEC9739}.Debug|Mixed Platforms.Build.0 = Debug|x86
		{BAA9A6E4-7690-4DE0-9531-DE0EAEEC9739}.Debug|x64.ActiveCfg = Debug|Any CPU
		{BAA9A6E4-7690-4DE0-9531-DE0EAEEC9739}.Debug|x86.ActiveCfg = Debug|x86
		{BAA9A6E4-7690-4DE0-9531-DE0EAEEC9739}.Debug|x86.Build.0 = Debug|x86
		{BAA9A6E4-7690-4DE0-9531-DE0EAEEC9739}.Release|Any CPU.ActiveCfg = Release|Any CPU
		{BAA9A6E4-7690-4DE0-9531-DE0EAEEC9739}.Release|Any CPU.Build.0 = Release|Any CPU
		{BAA9A6E4-7690-4DE0-9531-DE0EAEEC9739}.Release|ARM.ActiveCfg = Release|ARM
		{BAA9A6E4-7690-4DE0-9531-DE0EAEEC9739}.Release|ARM.Build.0 = Release|ARM
		{BAA9A6E4-7690-4DE0-9531-DE0EAEEC9739}.Release|iPhone.ActiveCfg = Release|Any CPU
		{BAA9A6E4-7690-4DE0-9531-DE0EAEEC9739}.Release|iPhoneSimulator.ActiveCfg = Release|Any CPU
		{BAA9A6E4-7690-4DE0-9531-DE0EAEEC9739}.Release|Mixed Platforms.ActiveCfg = Release|x86
		{BAA9A6E4-7690-4DE0-9531-DE0EAEEC9739}.Release|Mixed Platforms.Build.0 = Release|x86
		{BAA9A6E4-7690-4DE0-9531-DE0EAEEC9739}.Release|x64.ActiveCfg = Release|Any CPU
		{BAA9A6E4-7690-4DE0-9531-DE0EAEEC9739}.Release|x86.ActiveCfg = Release|x86
		{BAA9A6E4-7690-4DE0-9531-DE0EAEEC9739}.Release|x86.Build.0 = Release|x86
		{0451BAEF-DF2E-4B98-8644-94EE9415E389}.Debug|Any CPU.ActiveCfg = Debug|Any CPU
		{0451BAEF-DF2E-4B98-8644-94EE9415E389}.Debug|Any CPU.Build.0 = Debug|Any CPU
		{0451BAEF-DF2E-4B98-8644-94EE9415E389}.Debug|ARM.ActiveCfg = Debug|Any CPU
		{0451BAEF-DF2E-4B98-8644-94EE9415E389}.Debug|iPhone.ActiveCfg = Debug|Any CPU
		{0451BAEF-DF2E-4B98-8644-94EE9415E389}.Debug|iPhoneSimulator.ActiveCfg = Debug|Any CPU
		{0451BAEF-DF2E-4B98-8644-94EE9415E389}.Debug|Mixed Platforms.ActiveCfg = Debug|Any CPU
		{0451BAEF-DF2E-4B98-8644-94EE9415E389}.Debug|x64.ActiveCfg = Debug|Any CPU
		{0451BAEF-DF2E-4B98-8644-94EE9415E389}.Debug|x86.ActiveCfg = Debug|Any CPU
		{0451BAEF-DF2E-4B98-8644-94EE9415E389}.Release|Any CPU.ActiveCfg = Release|Any CPU
		{0451BAEF-DF2E-4B98-8644-94EE9415E389}.Release|Any CPU.Build.0 = Release|Any CPU
		{0451BAEF-DF2E-4B98-8644-94EE9415E389}.Release|ARM.ActiveCfg = Release|Any CPU
		{0451BAEF-DF2E-4B98-8644-94EE9415E389}.Release|iPhone.ActiveCfg = Release|Any CPU
		{0451BAEF-DF2E-4B98-8644-94EE9415E389}.Release|iPhoneSimulator.ActiveCfg = Release|Any CPU
		{0451BAEF-DF2E-4B98-8644-94EE9415E389}.Release|Mixed Platforms.ActiveCfg = Release|Any CPU
		{0451BAEF-DF2E-4B98-8644-94EE9415E389}.Release|x64.ActiveCfg = Release|Any CPU
		{0451BAEF-DF2E-4B98-8644-94EE9415E389}.Release|x86.ActiveCfg = Release|Any CPU
	EndGlobalSection
	GlobalSection(SolutionProperties) = preSolution
		HideSolutionNode = FALSE
	EndGlobalSection
EndGlobal
