
Microsoft Visual Studio Solution File, Format Version 11.00
# Visual Studio 2010
Project("{FAE04EC0-301F-11D3-BF4B-00C04F79EFBC}") = "MonoGame.Framework.MacOS", "MonoGame.Framework\MonoGame.Framework.MacOS.csproj", "{36C538E6-C32A-4A8D-A39C-566173D7118E}"
EndProject
Project("{2150E333-8FDC-42A3-9474-1A3956D46DE8}") = "Samples", "Samples", "{72892965-7498-414A-972A-9A1C00717FED}"
EndProject
Project("{FAE04EC0-301F-11D3-BF4B-00C04F79EFBC}") = "MonoGame.Samples.BouncingBox.MacOS", "Samples\MacOS\BouncingBox\MonoGame.Samples.BouncingBox.MacOS.csproj", "{4480BF44-7CE2-4A22-9372-DAFA3B05390E}"
EndProject
Project("{FAE04EC0-301F-11D3-BF4B-00C04F79EFBC}") = "MonoGame.Samples.ChaseAndEvade.MacOS", "Samples\MacOS\ChaseAndEvade\MonoGame.Samples.ChaseAndEvade.MacOS.csproj", "{D03F3BAF-E4D0-4B6B-A567-9A0E2F882335}"
EndProject
Project("{FAE04EC0-301F-11D3-BF4B-00C04F79EFBC}") = "MonoGame.Samples.Draw2D.MacOS", "Samples\MacOS\Draw2D\MonoGame.Samples.Draw2D.MacOS.csproj", "{A82EAD58-40D7-49BE-8F24-09FEA34F9E55}"
EndProject
Project("{FAE04EC0-301F-11D3-BF4B-00C04F79EFBC}") = "MonoGame.Samples.Tetris.MacOS", "Samples\MacOS\Tetris\MonoGame.Samples.Tetris.MacOS.csproj", "{FE144248-B1ED-4A7C-980C-7A2E603CE604}"
EndProject
Project("{FAE04EC0-301F-11D3-BF4B-00C04F79EFBC}") = "MonoGame.Samples.TiledSprites.MacOS", "Samples\MacOS\TiledSprites\MonoGame.Samples.TiledSprites.MacOS.csproj", "{7D24D7EA-822C-4991-8BC9-1C2EF9C5F59A}"
EndProject
Project("{FAE04EC0-301F-11D3-BF4B-00C04F79EFBC}") = "Particle3DSample", "Samples\MacOS\Particle3DSample\Particle3DSample.csproj", "{1230A19A-FA76-4D12-85E5-68A452315299}"
EndProject
Project("{FAE04EC0-301F-11D3-BF4B-00C04F79EFBC}") = "ParticleSettingsMac", "Samples\MacOS\ParticleSettingsMac\ParticleSettingsMac.csproj", "{3388FF68-6F15-4F36-B226-7823E5309E92}"
EndProject
Project("{FAE04EC0-301F-11D3-BF4B-00C04F79EFBC}") = "RenderTarget2DSample", "Samples\MacOS\RenderTarget2DSample\RenderTarget2DSample.csproj", "{973C423F-0CC0-4230-9E67-D944ED70ED19}"
EndProject
Project("{FAE04EC0-301F-11D3-BF4B-00C04F79EFBC}") = "SpriteEffects", "Samples\MacOS\SpriteEffects\SpriteEffects.csproj", "{3B9ABB34-4D0F-4CFD-A02D-30D5569A060B}"
EndProject
Project("{FAE04EC0-301F-11D3-BF4B-00C04F79EFBC}") = "GameStateManagement", "Samples\MacOS\GameStateManagement\GameStateManagement.csproj", "{4AD6BC7A-DB9A-4A6F-9EE2-DAD9B0BBA2A8}"
EndProject
Project("{FAE04EC0-301F-11D3-BF4B-00C04F79EFBC}") = "NetworkStateManagement", "Samples\MacOS\NetworkStateManagement\NetworkStateManagement.csproj", "{71871CF8-8563-4FA3-ABF2-EC1CBBF817E4}"
EndProject
Project("{FAE04EC0-301F-11D3-BF4B-00C04F79EFBC}") = "Peer2PeerSample", "Samples\MacOS\Peer2PeerSample\Peer2PeerSample.csproj", "{27C1B777-4E37-4E2B-9CE4-5FDEE8CD9C40}"
EndProject
Project("{FAE04EC0-301F-11D3-BF4B-00C04F79EFBC}") = "NetRumble", "Samples\MacOS\NetRumble\NetRumble.csproj", "{52735207-2136-433B-A3E4-4C082728EED8}"
EndProject
Project("{FAE04EC0-301F-11D3-BF4B-00C04F79EFBC}") = "RectangleCollisionSample", "Samples\MacOS\RectangleCollisionSample\RectangleCollisionSample.csproj", "{466FBEF8-3AB2-4CED-92B6-6250CFD310DB}"
EndProject
Project("{FAE04EC0-301F-11D3-BF4B-00C04F79EFBC}") = "PerPixelCollisionSample", "Samples\MacOS\PerPixelCollisionSample\PerPixelCollisionSample.csproj", "{56C67234-2829-4AB0-8FEE-C8D01617CDCE}"
EndProject
Project("{2150E333-8FDC-42A3-9474-1A3956D46DE8}") = "StarterKits", "StarterKits", "{A8B44E55-84AD-4F3A-88F7-50B99031507E}"
EndProject
Project("{FAE04EC0-301F-11D3-BF4B-00C04F79EFBC}") = "Platformer", "StarterKits\MacOS\Platformer\Platformer.csproj", "{1D099BD4-805E-4C04-B33D-9F2D16D42B86}"
EndProject
Project("{FAE04EC0-301F-11D3-BF4B-00C04F79EFBC}") = "Marblets", "StarterKits\MacOS\Marblets\Marblets.csproj", "{2BCFC6F4-5C08-467A-B310-5C0A009018CE}"
EndProject
Project("{2150E333-8FDC-42A3-9474-1A3956D46DE8}") = "BookSource", "BookSource", "{E58F0822-614F-4642-97EE-F85AFBC55B95}"
EndProject
Project("{FAE04EC0-301F-11D3-BF4B-00C04F79EFBC}") = "FloodControl", "Samples\MacOS\BookSourceCode\XNAGameDevelopmentbyExampleCode\FloodControl\FloodControl.csproj", "{F3115910-E6D1-450D-97FB-A8168A5D622E}"
EndProject
Project("{FAE04EC0-301F-11D3-BF4B-00C04F79EFBC}") = "AsteroidBeltAssault", "Samples\MacOS\BookSourceCode\XNAGameDevelopmentbyExampleCode\AsteroidBeltAssault\AsteroidBeltAssault.csproj", "{1585306B-CF46-479D-B234-1E10EDF4D741}"
EndProject
Project("{FAE04EC0-301F-11D3-BF4B-00C04F79EFBC}") = "RobotRampage", "Samples\MacOS\BookSourceCode\XNAGameDevelopmentbyExampleCode\RobotRampage\RobotRampage.csproj", "{9522776F-02BA-4BED-B8BB-6BAE580F4068}"
EndProject
Project("{FAE04EC0-301F-11D3-BF4B-00C04F79EFBC}") = "GemstoneHunter", "Samples\MacOS\BookSourceCode\XNAGameDevelopmentbyExampleCode\GemstoneHunter\GemstoneHunter.csproj", "{81313197-A8DF-4465-B503-2DD8248B80A9}"
EndProject
Project("{FAE04EC0-301F-11D3-BF4B-00C04F79EFBC}") = "Tile Engine", "Samples\MacOS\BookSourceCode\XNAGameDevelopmentbyExampleCode\GemstoneHunter\TileEngine\Tile Engine.csproj", "{521972FD-1A9B-4CFD-A435-EB2224985131}"
EndProject
Project("{FAE04EC0-301F-11D3-BF4B-00C04F79EFBC}") = "Lidgren.Network.MacOS", "ThirdParty\Lidgren.Network\Lidgren.Network.MacOS.csproj", "{AE483C29-042E-4226-BA52-D247CE7676DA}"
EndProject
Global
	GlobalSection(SolutionConfigurationPlatforms) = preSolution
		Debug|Any CPU = Debug|Any CPU
		Release|Any CPU = Release|Any CPU
	EndGlobalSection
	GlobalSection(ProjectConfigurationPlatforms) = postSolution
		{1230A19A-FA76-4D12-85E5-68A452315299}.Debug|Any CPU.ActiveCfg = Debug|Any CPU
		{1230A19A-FA76-4D12-85E5-68A452315299}.Debug|Any CPU.Build.0 = Debug|Any CPU
		{1230A19A-FA76-4D12-85E5-68A452315299}.Release|Any CPU.ActiveCfg = Release|Any CPU
		{1230A19A-FA76-4D12-85E5-68A452315299}.Release|Any CPU.Build.0 = Release|Any CPU
		{1585306B-CF46-479D-B234-1E10EDF4D741}.Debug|Any CPU.ActiveCfg = Debug|Any CPU
		{1585306B-CF46-479D-B234-1E10EDF4D741}.Debug|Any CPU.Build.0 = Debug|Any CPU
		{1585306B-CF46-479D-B234-1E10EDF4D741}.Release|Any CPU.ActiveCfg = Release|Any CPU
		{1585306B-CF46-479D-B234-1E10EDF4D741}.Release|Any CPU.Build.0 = Release|Any CPU
		{1D099BD4-805E-4C04-B33D-9F2D16D42B86}.Debug|Any CPU.ActiveCfg = Debug|Any CPU
		{1D099BD4-805E-4C04-B33D-9F2D16D42B86}.Debug|Any CPU.Build.0 = Debug|Any CPU
		{1D099BD4-805E-4C04-B33D-9F2D16D42B86}.Release|Any CPU.ActiveCfg = Release|Any CPU
		{1D099BD4-805E-4C04-B33D-9F2D16D42B86}.Release|Any CPU.Build.0 = Release|Any CPU
		{27C1B777-4E37-4E2B-9CE4-5FDEE8CD9C40}.Debug|Any CPU.ActiveCfg = Debug|Any CPU
		{27C1B777-4E37-4E2B-9CE4-5FDEE8CD9C40}.Debug|Any CPU.Build.0 = Debug|Any CPU
		{27C1B777-4E37-4E2B-9CE4-5FDEE8CD9C40}.Release|Any CPU.ActiveCfg = Release|Any CPU
		{27C1B777-4E37-4E2B-9CE4-5FDEE8CD9C40}.Release|Any CPU.Build.0 = Release|Any CPU
		{2BCFC6F4-5C08-467A-B310-5C0A009018CE}.Debug|Any CPU.ActiveCfg = Debug|Any CPU
		{2BCFC6F4-5C08-467A-B310-5C0A009018CE}.Debug|Any CPU.Build.0 = Debug|Any CPU
		{2BCFC6F4-5C08-467A-B310-5C0A009018CE}.Release|Any CPU.ActiveCfg = Release|Any CPU
		{2BCFC6F4-5C08-467A-B310-5C0A009018CE}.Release|Any CPU.Build.0 = Release|Any CPU
		{3388FF68-6F15-4F36-B226-7823E5309E92}.Debug|Any CPU.ActiveCfg = Debug|Any CPU
		{3388FF68-6F15-4F36-B226-7823E5309E92}.Debug|Any CPU.Build.0 = Debug|Any CPU
		{3388FF68-6F15-4F36-B226-7823E5309E92}.Release|Any CPU.ActiveCfg = Release|Any CPU
		{3388FF68-6F15-4F36-B226-7823E5309E92}.Release|Any CPU.Build.0 = Release|Any CPU
		{36C538E6-C32A-4A8D-A39C-566173D7118E}.Debug|Any CPU.ActiveCfg = Debug|Any CPU
		{36C538E6-C32A-4A8D-A39C-566173D7118E}.Debug|Any CPU.Build.0 = Debug|Any CPU
		{36C538E6-C32A-4A8D-A39C-566173D7118E}.Release|Any CPU.ActiveCfg = Release|Any CPU
		{36C538E6-C32A-4A8D-A39C-566173D7118E}.Release|Any CPU.Build.0 = Release|Any CPU
		{3B9ABB34-4D0F-4CFD-A02D-30D5569A060B}.Debug|Any CPU.ActiveCfg = Debug|Any CPU
		{3B9ABB34-4D0F-4CFD-A02D-30D5569A060B}.Debug|Any CPU.Build.0 = Debug|Any CPU
		{3B9ABB34-4D0F-4CFD-A02D-30D5569A060B}.Release|Any CPU.ActiveCfg = Release|Any CPU
		{3B9ABB34-4D0F-4CFD-A02D-30D5569A060B}.Release|Any CPU.Build.0 = Release|Any CPU
		{4480BF44-7CE2-4A22-9372-DAFA3B05390E}.Debug|Any CPU.ActiveCfg = Debug|Any CPU
		{4480BF44-7CE2-4A22-9372-DAFA3B05390E}.Debug|Any CPU.Build.0 = Debug|Any CPU
		{4480BF44-7CE2-4A22-9372-DAFA3B05390E}.Release|Any CPU.ActiveCfg = Release|Any CPU
		{4480BF44-7CE2-4A22-9372-DAFA3B05390E}.Release|Any CPU.Build.0 = Release|Any CPU
		{466FBEF8-3AB2-4CED-92B6-6250CFD310DB}.Debug|Any CPU.ActiveCfg = Debug|Any CPU
		{466FBEF8-3AB2-4CED-92B6-6250CFD310DB}.Debug|Any CPU.Build.0 = Debug|Any CPU
		{466FBEF8-3AB2-4CED-92B6-6250CFD310DB}.Release|Any CPU.ActiveCfg = Release|Any CPU
		{466FBEF8-3AB2-4CED-92B6-6250CFD310DB}.Release|Any CPU.Build.0 = Release|Any CPU
		{4AD6BC7A-DB9A-4A6F-9EE2-DAD9B0BBA2A8}.Debug|Any CPU.ActiveCfg = Debug|Any CPU
		{4AD6BC7A-DB9A-4A6F-9EE2-DAD9B0BBA2A8}.Debug|Any CPU.Build.0 = Debug|Any CPU
		{4AD6BC7A-DB9A-4A6F-9EE2-DAD9B0BBA2A8}.Release|Any CPU.ActiveCfg = Release|Any CPU
		{4AD6BC7A-DB9A-4A6F-9EE2-DAD9B0BBA2A8}.Release|Any CPU.Build.0 = Release|Any CPU
		{521972FD-1A9B-4CFD-A435-EB2224985131}.Debug|Any CPU.ActiveCfg = Debug|Any CPU
		{521972FD-1A9B-4CFD-A435-EB2224985131}.Debug|Any CPU.Build.0 = Debug|Any CPU
		{521972FD-1A9B-4CFD-A435-EB2224985131}.Release|Any CPU.ActiveCfg = Release|Any CPU
		{521972FD-1A9B-4CFD-A435-EB2224985131}.Release|Any CPU.Build.0 = Release|Any CPU
		{52735207-2136-433B-A3E4-4C082728EED8}.Debug|Any CPU.ActiveCfg = Debug|Any CPU
		{52735207-2136-433B-A3E4-4C082728EED8}.Debug|Any CPU.Build.0 = Debug|Any CPU
		{52735207-2136-433B-A3E4-4C082728EED8}.Release|Any CPU.ActiveCfg = Release|Any CPU
		{52735207-2136-433B-A3E4-4C082728EED8}.Release|Any CPU.Build.0 = Release|Any CPU
		{56C67234-2829-4AB0-8FEE-C8D01617CDCE}.Debug|Any CPU.ActiveCfg = Debug|Any CPU
		{56C67234-2829-4AB0-8FEE-C8D01617CDCE}.Debug|Any CPU.Build.0 = Debug|Any CPU
		{56C67234-2829-4AB0-8FEE-C8D01617CDCE}.Release|Any CPU.ActiveCfg = Release|Any CPU
		{56C67234-2829-4AB0-8FEE-C8D01617CDCE}.Release|Any CPU.Build.0 = Release|Any CPU
		{71871CF8-8563-4FA3-ABF2-EC1CBBF817E4}.Debug|Any CPU.ActiveCfg = Debug|Any CPU
		{71871CF8-8563-4FA3-ABF2-EC1CBBF817E4}.Debug|Any CPU.Build.0 = Debug|Any CPU
		{71871CF8-8563-4FA3-ABF2-EC1CBBF817E4}.Release|Any CPU.ActiveCfg = Release|Any CPU
		{71871CF8-8563-4FA3-ABF2-EC1CBBF817E4}.Release|Any CPU.Build.0 = Release|Any CPU
		{7D24D7EA-822C-4991-8BC9-1C2EF9C5F59A}.Debug|Any CPU.ActiveCfg = Debug|Any CPU
		{7D24D7EA-822C-4991-8BC9-1C2EF9C5F59A}.Debug|Any CPU.Build.0 = Debug|Any CPU
		{7D24D7EA-822C-4991-8BC9-1C2EF9C5F59A}.Release|Any CPU.ActiveCfg = Release|Any CPU
		{7D24D7EA-822C-4991-8BC9-1C2EF9C5F59A}.Release|Any CPU.Build.0 = Release|Any CPU
		{81313197-A8DF-4465-B503-2DD8248B80A9}.Debug|Any CPU.ActiveCfg = Debug|Any CPU
		{81313197-A8DF-4465-B503-2DD8248B80A9}.Debug|Any CPU.Build.0 = Debug|Any CPU
		{81313197-A8DF-4465-B503-2DD8248B80A9}.Release|Any CPU.ActiveCfg = Release|Any CPU
		{81313197-A8DF-4465-B503-2DD8248B80A9}.Release|Any CPU.Build.0 = Release|Any CPU
		{9522776F-02BA-4BED-B8BB-6BAE580F4068}.Debug|Any CPU.ActiveCfg = Debug|Any CPU
		{9522776F-02BA-4BED-B8BB-6BAE580F4068}.Debug|Any CPU.Build.0 = Debug|Any CPU
		{9522776F-02BA-4BED-B8BB-6BAE580F4068}.Release|Any CPU.ActiveCfg = Release|Any CPU
		{9522776F-02BA-4BED-B8BB-6BAE580F4068}.Release|Any CPU.Build.0 = Release|Any CPU
		{973C423F-0CC0-4230-9E67-D944ED70ED19}.Debug|Any CPU.ActiveCfg = Debug|Any CPU
		{973C423F-0CC0-4230-9E67-D944ED70ED19}.Debug|Any CPU.Build.0 = Debug|Any CPU
		{973C423F-0CC0-4230-9E67-D944ED70ED19}.Release|Any CPU.ActiveCfg = Release|Any CPU
		{973C423F-0CC0-4230-9E67-D944ED70ED19}.Release|Any CPU.Build.0 = Release|Any CPU
		{A82EAD58-40D7-49BE-8F24-09FEA34F9E55}.Debug|Any CPU.ActiveCfg = Debug|Any CPU
		{A82EAD58-40D7-49BE-8F24-09FEA34F9E55}.Debug|Any CPU.Build.0 = Debug|Any CPU
		{A82EAD58-40D7-49BE-8F24-09FEA34F9E55}.Release|Any CPU.ActiveCfg = Release|Any CPU
		{A82EAD58-40D7-49BE-8F24-09FEA34F9E55}.Release|Any CPU.Build.0 = Release|Any CPU
		{AE483C29-042E-4226-BA52-D247CE7676DA}.Debug|Any CPU.ActiveCfg = Debug|Any CPU
		{AE483C29-042E-4226-BA52-D247CE7676DA}.Debug|Any CPU.Build.0 = Debug|Any CPU
		{AE483C29-042E-4226-BA52-D247CE7676DA}.Release|Any CPU.ActiveCfg = Release|Any CPU
		{AE483C29-042E-4226-BA52-D247CE7676DA}.Release|Any CPU.Build.0 = Release|Any CPU
		{D03F3BAF-E4D0-4B6B-A567-9A0E2F882335}.Debug|Any CPU.ActiveCfg = Debug|Any CPU
		{D03F3BAF-E4D0-4B6B-A567-9A0E2F882335}.Debug|Any CPU.Build.0 = Debug|Any CPU
		{D03F3BAF-E4D0-4B6B-A567-9A0E2F882335}.Release|Any CPU.ActiveCfg = Release|Any CPU
		{D03F3BAF-E4D0-4B6B-A567-9A0E2F882335}.Release|Any CPU.Build.0 = Release|Any CPU
		{F3115910-E6D1-450D-97FB-A8168A5D622E}.Debug|Any CPU.ActiveCfg = Debug|Any CPU
		{F3115910-E6D1-450D-97FB-A8168A5D622E}.Debug|Any CPU.Build.0 = Debug|Any CPU
		{F3115910-E6D1-450D-97FB-A8168A5D622E}.Release|Any CPU.ActiveCfg = Release|Any CPU
		{F3115910-E6D1-450D-97FB-A8168A5D622E}.Release|Any CPU.Build.0 = Release|Any CPU
		{FE144248-B1ED-4A7C-980C-7A2E603CE604}.Debug|Any CPU.ActiveCfg = Debug|Any CPU
		{FE144248-B1ED-4A7C-980C-7A2E603CE604}.Debug|Any CPU.Build.0 = Debug|Any CPU
		{FE144248-B1ED-4A7C-980C-7A2E603CE604}.Release|Any CPU.ActiveCfg = Release|Any CPU
		{FE144248-B1ED-4A7C-980C-7A2E603CE604}.Release|Any CPU.Build.0 = Release|Any CPU
	EndGlobalSection
	GlobalSection(NestedProjects) = preSolution
		{4480BF44-7CE2-4A22-9372-DAFA3B05390E} = {72892965-7498-414A-972A-9A1C00717FED}
		{D03F3BAF-E4D0-4B6B-A567-9A0E2F882335} = {72892965-7498-414A-972A-9A1C00717FED}
		{A82EAD58-40D7-49BE-8F24-09FEA34F9E55} = {72892965-7498-414A-972A-9A1C00717FED}
		{FE144248-B1ED-4A7C-980C-7A2E603CE604} = {72892965-7498-414A-972A-9A1C00717FED}
		{7D24D7EA-822C-4991-8BC9-1C2EF9C5F59A} = {72892965-7498-414A-972A-9A1C00717FED}
		{1230A19A-FA76-4D12-85E5-68A452315299} = {72892965-7498-414A-972A-9A1C00717FED}
		{3388FF68-6F15-4F36-B226-7823E5309E92} = {72892965-7498-414A-972A-9A1C00717FED}
		{973C423F-0CC0-4230-9E67-D944ED70ED19} = {72892965-7498-414A-972A-9A1C00717FED}
		{3B9ABB34-4D0F-4CFD-A02D-30D5569A060B} = {72892965-7498-414A-972A-9A1C00717FED}
		{4AD6BC7A-DB9A-4A6F-9EE2-DAD9B0BBA2A8} = {72892965-7498-414A-972A-9A1C00717FED}
		{71871CF8-8563-4FA3-ABF2-EC1CBBF817E4} = {72892965-7498-414A-972A-9A1C00717FED}
		{27C1B777-4E37-4E2B-9CE4-5FDEE8CD9C40} = {72892965-7498-414A-972A-9A1C00717FED}
		{52735207-2136-433B-A3E4-4C082728EED8} = {72892965-7498-414A-972A-9A1C00717FED}
		{466FBEF8-3AB2-4CED-92B6-6250CFD310DB} = {72892965-7498-414A-972A-9A1C00717FED}
		{56C67234-2829-4AB0-8FEE-C8D01617CDCE} = {72892965-7498-414A-972A-9A1C00717FED}
		{1D099BD4-805E-4C04-B33D-9F2D16D42B86} = {A8B44E55-84AD-4F3A-88F7-50B99031507E}
		{2BCFC6F4-5C08-467A-B310-5C0A009018CE} = {A8B44E55-84AD-4F3A-88F7-50B99031507E}
		{F3115910-E6D1-450D-97FB-A8168A5D622E} = {E58F0822-614F-4642-97EE-F85AFBC55B95}
		{1585306B-CF46-479D-B234-1E10EDF4D741} = {E58F0822-614F-4642-97EE-F85AFBC55B95}
		{9522776F-02BA-4BED-B8BB-6BAE580F4068} = {E58F0822-614F-4642-97EE-F85AFBC55B95}
		{81313197-A8DF-4465-B503-2DD8248B80A9} = {E58F0822-614F-4642-97EE-F85AFBC55B95}
		{521972FD-1A9B-4CFD-A435-EB2224985131} = {E58F0822-614F-4642-97EE-F85AFBC55B95}
	EndGlobalSection
	GlobalSection(MonoDevelopProperties) = preSolution
		StartupItem = Samples\MacOS\NetRumble\NetRumble.csproj
	EndGlobalSection
EndGlobal
