
Microsoft Visual Studio Solution File, Format Version 11.00
# Visual Studio 2010
Project("{2150E333-8FDC-42A3-9474-1A3956D46DE8}") = "Samples", "Samples", "{64ED246E-8579-4DF2-A50E-53CC3CCB0E6B}"
EndProject
Project("{FAE04EC0-301F-11D3-BF4B-00C04F79EFBC}") = "MonoGame.Samples.Aiming", "Samples\iOS\Aiming\MonoGame.Samples.Aiming.csproj", "{E4C7960D-E564-4CD5-85D6-2B7B0B3DA5BA}"
EndProject
Project("{FAE04EC0-301F-11D3-BF4B-00C04F79EFBC}") = "MonoGame.Samples.BatteryStatus", "Samples\iOS\BatteryStatus\MonoGame.Samples.BatteryStatus.csproj", "{B1E27EDB-2AC5-4A8A-8FD2-29CEEBDF3344}"
EndProject
Project("{FAE04EC0-301F-11D3-BF4B-00C04F79EFBC}") = "MonoGame.Samples.BouncingBox", "Samples\iOS\BouncingBox\MonoGame.Samples.BouncingBox.csproj", "{F5FA28E2-53B2-482B-8723-71588DF50BB6}"
EndProject
Project("{FAE04EC0-301F-11D3-BF4B-00C04F79EFBC}") = "MonoGame.Samples.ChaseAndEvade", "Samples\iOS\ChaseAndEvade\MonoGame.Samples.ChaseAndEvade.csproj", "{1557EE13-80AB-4E4C-9C10-9CBFC8E727C3}"
EndProject
Project("{FAE04EC0-301F-11D3-BF4B-00C04F79EFBC}") = "MonoGame.Samples.Draw2D", "Samples\iOS\Draw2D\MonoGame.Samples.Draw2D.csproj", "{DEC435F4-9E84-490B-9890-72E5F514B8D0}"
EndProject
Project("{FAE04EC0-301F-11D3-BF4B-00C04F79EFBC}") = "MonoGame.Samples.GameComponents", "Samples\iOS\GameComponents\MonoGame.Samples.GameComponents.csproj", "{4F51EB5C-03A1-4488-8EEA-0E8F2411DB0C}"
EndProject
Project("{FAE04EC0-301F-11D3-BF4B-00C04F79EFBC}") = "MonoGame.Samples.GameStateManagement", "Samples\iOS\GameStateManagement\MonoGame.Samples.GameStateManagement.csproj", "{B1A596F8-B26C-4826-99D1-94C9327AB586}"
EndProject
Project("{FAE04EC0-301F-11D3-BF4B-00C04F79EFBC}") = "MonoGame.Samples.MultiTouch", "Samples\iOS\MultiTouch\MonoGame.Samples.MultiTouch.csproj", "{DF8DF5E3-2FF4-46DD-9EE0-AE3C9923C6BA}"
EndProject
Project("{FAE04EC0-301F-11D3-BF4B-00C04F79EFBC}") = "MonoGame.Samples.ParticleSample", "Samples\iOS\ParticleSample\MonoGame.Samples.ParticleSample.csproj", "{4D0C3C5D-B4A5-4C6F-8756-4A05C50ECC3A}"
EndProject
Project("{FAE04EC0-301F-11D3-BF4B-00C04F79EFBC}") = "RockRainIphone", "Samples\iOS\RockRainIphone\RockRainIphone.csproj", "{6AD0E621-8D0C-42B1-A42C-B36F8537B234}"
EndProject
Project("{FAE04EC0-301F-11D3-BF4B-00C04F79EFBC}") = "MonoGame.Samples.SpriteFont", "Samples\iOS\SpriteFont\MonoGame.Samples.SpriteFont.csproj", "{327EE711-BA4F-40DA-AD4A-F69DD0B2FCFB}"
EndProject
Project("{FAE04EC0-301F-11D3-BF4B-00C04F79EFBC}") = "MonoGame.Samples.Storage", "Samples\iOS\Storage\MonoGame.Samples.Storage.csproj", "{51F298A3-5F21-4054-9CF8-96CA2601FF60}"
EndProject
Project("{FAE04EC0-301F-11D3-BF4B-00C04F79EFBC}") = "MonoGame.Samples.TiledSprites", "Samples\iOS\TiledSprites\MonoGame.Samples.TiledSprites.csproj", "{700C4AE4-DFB6-4D4D-AA8C-E963F9EFAC6B}"
EndProject
Project("{FAE04EC0-301F-11D3-BF4B-00C04F79EFBC}") = "MonoGame.Samples.Video", "Samples\iOS\Video\MonoGame.Samples.Video.csproj", "{21E42CAF-11B3-4A25-A771-189A61732F94}"
EndProject
Project("{FAE04EC0-301F-11D3-BF4B-00C04F79EFBC}") = "MonoGame.Samples.VirtualGamePad", "Samples\iOS\VirtualGamePad\MonoGame.Samples.VirtualGamePad.csproj", "{326DC8E8-649F-4F96-92BA-EE0EF51A32DB}"
EndProject
Project("{FAE04EC0-301F-11D3-BF4B-00C04F79EFBC}") = "MonoGame.Samples.Waypoint", "Samples\iOS\Waypoint\MonoGame.Samples.Waypoint.csproj", "{75E860EE-EBF1-4BB4-AE39-9729900AFD39}"
EndProject
Project("{2150E333-8FDC-42A3-9474-1A3956D46DE8}") = "StarterKits", "StarterKits", "{ED13CD83-F288-496C-B046-027FA7D36717}"
EndProject
Project("{FAE04EC0-301F-11D3-BF4B-00C04F79EFBC}") = "AlienGame", "StarterKits\AlienGame\AlienGame.csproj", "{A18E0228-936A-45CD-91CC-07E01F45677E}"
EndProject
Project("{FAE04EC0-301F-11D3-BF4B-00C04F79EFBC}") = "Marblets", "StarterKits\Marblets\Marblets.csproj", "{A3BDF086-7EAA-486F-A90F-78938B7F0A69}"
EndProject
Project("{FAE04EC0-301F-11D3-BF4B-00C04F79EFBC}") = "PlatformeriPhone", "StarterKits\Platformer\PlatformeriPhone.csproj", "{9964D44C-AD60-497E-8ED3-1DE22F53CEED}"
EndProject
Project("{FAE04EC0-301F-11D3-BF4B-00C04F79EFBC}") = "MemoryMadness", "StarterKits\MemoryMadness\MemoryMadness.csproj", "{296EBAC0-9658-474D-9A9E-5A8F52BA316F}"
EndProject
Project("{FAE04EC0-301F-11D3-BF4B-00C04F79EFBC}") = "MonoGame.Framework.iOS", "MonoGame.Framework\MonoGame.Framework.iOS.csproj", "{DB8508BB-9849-4CC2-BC0F-8EB5DACB3C47}"
EndProject
Global
	GlobalSection(SolutionConfigurationPlatforms) = preSolution
		Debug|iPhoneSimulator = Debug|iPhoneSimulator
		Release|iPhoneSimulator = Release|iPhoneSimulator
		Debug|iPhone = Debug|iPhone
		Release|iPhone = Release|iPhone
		Debug|x86 = Debug|x86
		Release|x86 = Release|x86
		Debug|Any CPU = Debug|Any CPU
		Release|Any CPU = Release|Any CPU
		Distribution|iPhone = Distribution|iPhone
	EndGlobalSection
	GlobalSection(ProjectConfigurationPlatforms) = postSolution
		{1557EE13-80AB-4E4C-9C10-9CBFC8E727C3}.Debug|Any CPU.ActiveCfg = Debug|iPhoneSimulator
		{1557EE13-80AB-4E4C-9C10-9CBFC8E727C3}.Debug|Any CPU.Build.0 = Debug|iPhoneSimulator
		{1557EE13-80AB-4E4C-9C10-9CBFC8E727C3}.Debug|iPhone.ActiveCfg = Debug|iPhone
		{1557EE13-80AB-4E4C-9C10-9CBFC8E727C3}.Debug|iPhone.Build.0 = Debug|iPhone
		{1557EE13-80AB-4E4C-9C10-9CBFC8E727C3}.Debug|iPhoneSimulator.ActiveCfg = Debug|iPhoneSimulator
		{1557EE13-80AB-4E4C-9C10-9CBFC8E727C3}.Debug|iPhoneSimulator.Build.0 = Debug|iPhoneSimulator
		{1557EE13-80AB-4E4C-9C10-9CBFC8E727C3}.Debug|x86.ActiveCfg = Debug|iPhoneSimulator
		{1557EE13-80AB-4E4C-9C10-9CBFC8E727C3}.Debug|x86.Build.0 = Debug|iPhoneSimulator
		{1557EE13-80AB-4E4C-9C10-9CBFC8E727C3}.Distribution|iPhone.ActiveCfg = Distribution|iPhone
		{1557EE13-80AB-4E4C-9C10-9CBFC8E727C3}.Distribution|iPhone.Build.0 = Distribution|iPhone
		{1557EE13-80AB-4E4C-9C10-9CBFC8E727C3}.Release|Any CPU.ActiveCfg = Release|iPhoneSimulator
		{1557EE13-80AB-4E4C-9C10-9CBFC8E727C3}.Release|Any CPU.Build.0 = Release|iPhoneSimulator
		{1557EE13-80AB-4E4C-9C10-9CBFC8E727C3}.Release|iPhone.ActiveCfg = Release|iPhone
		{1557EE13-80AB-4E4C-9C10-9CBFC8E727C3}.Release|iPhone.Build.0 = Release|iPhone
		{1557EE13-80AB-4E4C-9C10-9CBFC8E727C3}.Release|iPhoneSimulator.ActiveCfg = Release|iPhoneSimulator
		{1557EE13-80AB-4E4C-9C10-9CBFC8E727C3}.Release|iPhoneSimulator.Build.0 = Release|iPhoneSimulator
		{1557EE13-80AB-4E4C-9C10-9CBFC8E727C3}.Release|x86.ActiveCfg = Release|iPhoneSimulator
		{1557EE13-80AB-4E4C-9C10-9CBFC8E727C3}.Release|x86.Build.0 = Release|iPhoneSimulator
		{21E42CAF-11B3-4A25-A771-189A61732F94}.Debug|Any CPU.ActiveCfg = Debug|Any CPU
		{21E42CAF-11B3-4A25-A771-189A61732F94}.Debug|Any CPU.Build.0 = Debug|Any CPU
		{21E42CAF-11B3-4A25-A771-189A61732F94}.Debug|iPhone.ActiveCfg = Debug|iPhone
		{21E42CAF-11B3-4A25-A771-189A61732F94}.Debug|iPhone.Build.0 = Debug|iPhone
		{21E42CAF-11B3-4A25-A771-189A61732F94}.Debug|iPhoneSimulator.ActiveCfg = Debug|iPhoneSimulator
		{21E42CAF-11B3-4A25-A771-189A61732F94}.Debug|iPhoneSimulator.Build.0 = Debug|iPhoneSimulator
		{21E42CAF-11B3-4A25-A771-189A61732F94}.Debug|x86.ActiveCfg = Debug|Any CPU
		{21E42CAF-11B3-4A25-A771-189A61732F94}.Debug|x86.Build.0 = Debug|Any CPU
		{21E42CAF-11B3-4A25-A771-189A61732F94}.Distribution|iPhone.ActiveCfg = Debug|iPhone
		{21E42CAF-11B3-4A25-A771-189A61732F94}.Distribution|iPhone.Build.0 = Debug|iPhone
		{21E42CAF-11B3-4A25-A771-189A61732F94}.Release|Any CPU.ActiveCfg = Release|Any CPU
		{21E42CAF-11B3-4A25-A771-189A61732F94}.Release|Any CPU.Build.0 = Release|Any CPU
		{21E42CAF-11B3-4A25-A771-189A61732F94}.Release|iPhone.ActiveCfg = Release|iPhone
		{21E42CAF-11B3-4A25-A771-189A61732F94}.Release|iPhone.Build.0 = Release|iPhone
		{21E42CAF-11B3-4A25-A771-189A61732F94}.Release|iPhoneSimulator.ActiveCfg = Release|iPhoneSimulator
		{21E42CAF-11B3-4A25-A771-189A61732F94}.Release|iPhoneSimulator.Build.0 = Release|iPhoneSimulator
		{21E42CAF-11B3-4A25-A771-189A61732F94}.Release|x86.ActiveCfg = Release|Any CPU
		{21E42CAF-11B3-4A25-A771-189A61732F94}.Release|x86.Build.0 = Release|Any CPU
		{296EBAC0-9658-474D-9A9E-5A8F52BA316F}.Debug|Any CPU.ActiveCfg = Debug|Any CPU
		{296EBAC0-9658-474D-9A9E-5A8F52BA316F}.Debug|Any CPU.Build.0 = Debug|Any CPU
		{296EBAC0-9658-474D-9A9E-5A8F52BA316F}.Debug|iPhone.ActiveCfg = Debug|iPhone
		{296EBAC0-9658-474D-9A9E-5A8F52BA316F}.Debug|iPhone.Build.0 = Debug|iPhone
		{296EBAC0-9658-474D-9A9E-5A8F52BA316F}.Debug|iPhoneSimulator.ActiveCfg = Debug|iPhoneSimulator
		{296EBAC0-9658-474D-9A9E-5A8F52BA316F}.Debug|iPhoneSimulator.Build.0 = Debug|iPhoneSimulator
		{296EBAC0-9658-474D-9A9E-5A8F52BA316F}.Release|Any CPU.ActiveCfg = Release|Any CPU
		{296EBAC0-9658-474D-9A9E-5A8F52BA316F}.Release|Any CPU.Build.0 = Release|Any CPU
		{296EBAC0-9658-474D-9A9E-5A8F52BA316F}.Release|iPhone.ActiveCfg = Release|iPhone
		{296EBAC0-9658-474D-9A9E-5A8F52BA316F}.Release|iPhone.Build.0 = Release|iPhone
		{296EBAC0-9658-474D-9A9E-5A8F52BA316F}.Release|iPhoneSimulator.ActiveCfg = Release|iPhoneSimulator
		{296EBAC0-9658-474D-9A9E-5A8F52BA316F}.Release|iPhoneSimulator.Build.0 = Release|iPhoneSimulator
		{326DC8E8-649F-4F96-92BA-EE0EF51A32DB}.Debug|Any CPU.ActiveCfg = Debug|Any CPU
		{326DC8E8-649F-4F96-92BA-EE0EF51A32DB}.Debug|Any CPU.Build.0 = Debug|Any CPU
		{326DC8E8-649F-4F96-92BA-EE0EF51A32DB}.Debug|iPhone.ActiveCfg = Debug|iPhone
		{326DC8E8-649F-4F96-92BA-EE0EF51A32DB}.Debug|iPhone.Build.0 = Debug|iPhone
		{326DC8E8-649F-4F96-92BA-EE0EF51A32DB}.Debug|iPhoneSimulator.ActiveCfg = Debug|iPhoneSimulator
		{326DC8E8-649F-4F96-92BA-EE0EF51A32DB}.Debug|iPhoneSimulator.Build.0 = Debug|iPhoneSimulator
		{326DC8E8-649F-4F96-92BA-EE0EF51A32DB}.Debug|x86.ActiveCfg = Debug|Any CPU
		{326DC8E8-649F-4F96-92BA-EE0EF51A32DB}.Debug|x86.Build.0 = Debug|Any CPU
		{326DC8E8-649F-4F96-92BA-EE0EF51A32DB}.Distribution|iPhone.ActiveCfg = Debug|iPhone
		{326DC8E8-649F-4F96-92BA-EE0EF51A32DB}.Distribution|iPhone.Build.0 = Debug|iPhone
		{326DC8E8-649F-4F96-92BA-EE0EF51A32DB}.Release|Any CPU.ActiveCfg = Release|Any CPU
		{326DC8E8-649F-4F96-92BA-EE0EF51A32DB}.Release|Any CPU.Build.0 = Release|Any CPU
		{326DC8E8-649F-4F96-92BA-EE0EF51A32DB}.Release|iPhone.ActiveCfg = Release|iPhone
		{326DC8E8-649F-4F96-92BA-EE0EF51A32DB}.Release|iPhone.Build.0 = Release|iPhone
		{326DC8E8-649F-4F96-92BA-EE0EF51A32DB}.Release|iPhoneSimulator.ActiveCfg = Release|iPhoneSimulator
		{326DC8E8-649F-4F96-92BA-EE0EF51A32DB}.Release|iPhoneSimulator.Build.0 = Release|iPhoneSimulator
		{326DC8E8-649F-4F96-92BA-EE0EF51A32DB}.Release|x86.ActiveCfg = Release|Any CPU
		{326DC8E8-649F-4F96-92BA-EE0EF51A32DB}.Release|x86.Build.0 = Release|Any CPU
		{327EE711-BA4F-40DA-AD4A-F69DD0B2FCFB}.Debug|Any CPU.ActiveCfg = Debug|Any CPU
		{327EE711-BA4F-40DA-AD4A-F69DD0B2FCFB}.Debug|Any CPU.Build.0 = Debug|Any CPU
		{327EE711-BA4F-40DA-AD4A-F69DD0B2FCFB}.Debug|iPhone.ActiveCfg = Debug|iPhone
		{327EE711-BA4F-40DA-AD4A-F69DD0B2FCFB}.Debug|iPhone.Build.0 = Debug|iPhone
		{327EE711-BA4F-40DA-AD4A-F69DD0B2FCFB}.Debug|iPhoneSimulator.ActiveCfg = Debug|iPhoneSimulator
		{327EE711-BA4F-40DA-AD4A-F69DD0B2FCFB}.Debug|iPhoneSimulator.Build.0 = Debug|iPhoneSimulator
		{327EE711-BA4F-40DA-AD4A-F69DD0B2FCFB}.Debug|x86.ActiveCfg = Debug|Any CPU
		{327EE711-BA4F-40DA-AD4A-F69DD0B2FCFB}.Debug|x86.Build.0 = Debug|Any CPU
		{327EE711-BA4F-40DA-AD4A-F69DD0B2FCFB}.Distribution|iPhone.ActiveCfg = Debug|iPhone
		{327EE711-BA4F-40DA-AD4A-F69DD0B2FCFB}.Distribution|iPhone.Build.0 = Debug|iPhone
		{327EE711-BA4F-40DA-AD4A-F69DD0B2FCFB}.Release|Any CPU.ActiveCfg = Release|Any CPU
		{327EE711-BA4F-40DA-AD4A-F69DD0B2FCFB}.Release|Any CPU.Build.0 = Release|Any CPU
		{327EE711-BA4F-40DA-AD4A-F69DD0B2FCFB}.Release|iPhone.ActiveCfg = Release|iPhone
		{327EE711-BA4F-40DA-AD4A-F69DD0B2FCFB}.Release|iPhone.Build.0 = Release|iPhone
		{327EE711-BA4F-40DA-AD4A-F69DD0B2FCFB}.Release|iPhoneSimulator.ActiveCfg = Release|iPhoneSimulator
		{327EE711-BA4F-40DA-AD4A-F69DD0B2FCFB}.Release|iPhoneSimulator.Build.0 = Release|iPhoneSimulator
		{327EE711-BA4F-40DA-AD4A-F69DD0B2FCFB}.Release|x86.ActiveCfg = Release|Any CPU
		{327EE711-BA4F-40DA-AD4A-F69DD0B2FCFB}.Release|x86.Build.0 = Release|Any CPU
		{4D0C3C5D-B4A5-4C6F-8756-4A05C50ECC3A}.Debug|Any CPU.ActiveCfg = Debug|iPhoneSimulator
		{4D0C3C5D-B4A5-4C6F-8756-4A05C50ECC3A}.Debug|Any CPU.Build.0 = Debug|iPhoneSimulator
		{4D0C3C5D-B4A5-4C6F-8756-4A05C50ECC3A}.Debug|iPhone.ActiveCfg = Debug|iPhone
		{4D0C3C5D-B4A5-4C6F-8756-4A05C50ECC3A}.Debug|iPhone.Build.0 = Debug|iPhone
		{4D0C3C5D-B4A5-4C6F-8756-4A05C50ECC3A}.Debug|iPhoneSimulator.ActiveCfg = Debug|iPhoneSimulator
		{4D0C3C5D-B4A5-4C6F-8756-4A05C50ECC3A}.Debug|iPhoneSimulator.Build.0 = Debug|iPhoneSimulator
		{4D0C3C5D-B4A5-4C6F-8756-4A05C50ECC3A}.Debug|x86.ActiveCfg = Debug|iPhoneSimulator
		{4D0C3C5D-B4A5-4C6F-8756-4A05C50ECC3A}.Debug|x86.Build.0 = Debug|iPhoneSimulator
		{4D0C3C5D-B4A5-4C6F-8756-4A05C50ECC3A}.Distribution|iPhone.ActiveCfg = Distribution|iPhone
		{4D0C3C5D-B4A5-4C6F-8756-4A05C50ECC3A}.Distribution|iPhone.Build.0 = Distribution|iPhone
		{4D0C3C5D-B4A5-4C6F-8756-4A05C50ECC3A}.Release|Any CPU.ActiveCfg = Release|iPhoneSimulator
		{4D0C3C5D-B4A5-4C6F-8756-4A05C50ECC3A}.Release|Any CPU.Build.0 = Release|iPhoneSimulator
		{4D0C3C5D-B4A5-4C6F-8756-4A05C50ECC3A}.Release|iPhone.ActiveCfg = Release|iPhone
		{4D0C3C5D-B4A5-4C6F-8756-4A05C50ECC3A}.Release|iPhone.Build.0 = Release|iPhone
		{4D0C3C5D-B4A5-4C6F-8756-4A05C50ECC3A}.Release|iPhoneSimulator.ActiveCfg = Release|iPhoneSimulator
		{4D0C3C5D-B4A5-4C6F-8756-4A05C50ECC3A}.Release|iPhoneSimulator.Build.0 = Release|iPhoneSimulator
		{4D0C3C5D-B4A5-4C6F-8756-4A05C50ECC3A}.Release|x86.ActiveCfg = Release|iPhoneSimulator
		{4D0C3C5D-B4A5-4C6F-8756-4A05C50ECC3A}.Release|x86.Build.0 = Release|iPhoneSimulator
		{4F51EB5C-03A1-4488-8EEA-0E8F2411DB0C}.Debug|Any CPU.ActiveCfg = Debug|Any CPU
		{4F51EB5C-03A1-4488-8EEA-0E8F2411DB0C}.Debug|Any CPU.Build.0 = Debug|Any CPU
		{4F51EB5C-03A1-4488-8EEA-0E8F2411DB0C}.Debug|iPhone.ActiveCfg = Debug|iPhone
		{4F51EB5C-03A1-4488-8EEA-0E8F2411DB0C}.Debug|iPhone.Build.0 = Debug|iPhone
		{4F51EB5C-03A1-4488-8EEA-0E8F2411DB0C}.Debug|iPhoneSimulator.ActiveCfg = Debug|iPhoneSimulator
		{4F51EB5C-03A1-4488-8EEA-0E8F2411DB0C}.Debug|iPhoneSimulator.Build.0 = Debug|iPhoneSimulator
		{4F51EB5C-03A1-4488-8EEA-0E8F2411DB0C}.Debug|x86.ActiveCfg = Debug|Any CPU
		{4F51EB5C-03A1-4488-8EEA-0E8F2411DB0C}.Debug|x86.Build.0 = Debug|Any CPU
		{4F51EB5C-03A1-4488-8EEA-0E8F2411DB0C}.Distribution|iPhone.ActiveCfg = Debug|iPhone
		{4F51EB5C-03A1-4488-8EEA-0E8F2411DB0C}.Distribution|iPhone.Build.0 = Debug|iPhone
		{4F51EB5C-03A1-4488-8EEA-0E8F2411DB0C}.Release|Any CPU.ActiveCfg = Release|Any CPU
		{4F51EB5C-03A1-4488-8EEA-0E8F2411DB0C}.Release|Any CPU.Build.0 = Release|Any CPU
		{4F51EB5C-03A1-4488-8EEA-0E8F2411DB0C}.Release|iPhone.ActiveCfg = Release|iPhone
		{4F51EB5C-03A1-4488-8EEA-0E8F2411DB0C}.Release|iPhone.Build.0 = Release|iPhone
		{4F51EB5C-03A1-4488-8EEA-0E8F2411DB0C}.Release|iPhoneSimulator.ActiveCfg = Release|iPhoneSimulator
		{4F51EB5C-03A1-4488-8EEA-0E8F2411DB0C}.Release|iPhoneSimulator.Build.0 = Release|iPhoneSimulator
		{4F51EB5C-03A1-4488-8EEA-0E8F2411DB0C}.Release|x86.ActiveCfg = Release|Any CPU
		{4F51EB5C-03A1-4488-8EEA-0E8F2411DB0C}.Release|x86.Build.0 = Release|Any CPU
		{51F298A3-5F21-4054-9CF8-96CA2601FF60}.Debug|Any CPU.ActiveCfg = Debug|Any CPU
		{51F298A3-5F21-4054-9CF8-96CA2601FF60}.Debug|Any CPU.Build.0 = Debug|Any CPU
		{51F298A3-5F21-4054-9CF8-96CA2601FF60}.Debug|iPhone.ActiveCfg = Debug|iPhone
		{51F298A3-5F21-4054-9CF8-96CA2601FF60}.Debug|iPhone.Build.0 = Debug|iPhone
		{51F298A3-5F21-4054-9CF8-96CA2601FF60}.Debug|iPhoneSimulator.ActiveCfg = Debug|iPhoneSimulator
		{51F298A3-5F21-4054-9CF8-96CA2601FF60}.Debug|iPhoneSimulator.Build.0 = Debug|iPhoneSimulator
		{51F298A3-5F21-4054-9CF8-96CA2601FF60}.Debug|x86.ActiveCfg = Debug|Any CPU
		{51F298A3-5F21-4054-9CF8-96CA2601FF60}.Debug|x86.Build.0 = Debug|Any CPU
		{51F298A3-5F21-4054-9CF8-96CA2601FF60}.Distribution|iPhone.ActiveCfg = Debug|iPhone
		{51F298A3-5F21-4054-9CF8-96CA2601FF60}.Distribution|iPhone.Build.0 = Debug|iPhone
		{51F298A3-5F21-4054-9CF8-96CA2601FF60}.Release|Any CPU.ActiveCfg = Release|Any CPU
		{51F298A3-5F21-4054-9CF8-96CA2601FF60}.Release|Any CPU.Build.0 = Release|Any CPU
		{51F298A3-5F21-4054-9CF8-96CA2601FF60}.Release|iPhone.ActiveCfg = Release|iPhone
		{51F298A3-5F21-4054-9CF8-96CA2601FF60}.Release|iPhone.Build.0 = Release|iPhone
		{51F298A3-5F21-4054-9CF8-96CA2601FF60}.Release|iPhoneSimulator.ActiveCfg = Release|iPhoneSimulator
		{51F298A3-5F21-4054-9CF8-96CA2601FF60}.Release|iPhoneSimulator.Build.0 = Release|iPhoneSimulator
		{51F298A3-5F21-4054-9CF8-96CA2601FF60}.Release|x86.ActiveCfg = Release|Any CPU
		{51F298A3-5F21-4054-9CF8-96CA2601FF60}.Release|x86.Build.0 = Release|Any CPU
		{6AD0E621-8D0C-42B1-A42C-B36F8537B234}.Debug|Any CPU.ActiveCfg = Debug|Any CPU
		{6AD0E621-8D0C-42B1-A42C-B36F8537B234}.Debug|Any CPU.Build.0 = Debug|Any CPU
		{6AD0E621-8D0C-42B1-A42C-B36F8537B234}.Debug|iPhone.ActiveCfg = Debug|iPhone
		{6AD0E621-8D0C-42B1-A42C-B36F8537B234}.Debug|iPhone.Build.0 = Debug|iPhone
		{6AD0E621-8D0C-42B1-A42C-B36F8537B234}.Debug|iPhoneSimulator.ActiveCfg = Debug|iPhoneSimulator
		{6AD0E621-8D0C-42B1-A42C-B36F8537B234}.Debug|iPhoneSimulator.Build.0 = Debug|iPhoneSimulator
		{6AD0E621-8D0C-42B1-A42C-B36F8537B234}.Debug|x86.ActiveCfg = Debug|Any CPU
		{6AD0E621-8D0C-42B1-A42C-B36F8537B234}.Debug|x86.Build.0 = Debug|Any CPU
		{6AD0E621-8D0C-42B1-A42C-B36F8537B234}.Distribution|iPhone.ActiveCfg = Debug|iPhone
		{6AD0E621-8D0C-42B1-A42C-B36F8537B234}.Distribution|iPhone.Build.0 = Debug|iPhone
		{6AD0E621-8D0C-42B1-A42C-B36F8537B234}.Release|Any CPU.ActiveCfg = Release|Any CPU
		{6AD0E621-8D0C-42B1-A42C-B36F8537B234}.Release|Any CPU.Build.0 = Release|Any CPU
		{6AD0E621-8D0C-42B1-A42C-B36F8537B234}.Release|iPhone.ActiveCfg = Release|iPhone
		{6AD0E621-8D0C-42B1-A42C-B36F8537B234}.Release|iPhone.Build.0 = Release|iPhone
		{6AD0E621-8D0C-42B1-A42C-B36F8537B234}.Release|iPhoneSimulator.ActiveCfg = Release|iPhoneSimulator
		{6AD0E621-8D0C-42B1-A42C-B36F8537B234}.Release|iPhoneSimulator.Build.0 = Release|iPhoneSimulator
		{6AD0E621-8D0C-42B1-A42C-B36F8537B234}.Release|x86.ActiveCfg = Release|Any CPU
		{6AD0E621-8D0C-42B1-A42C-B36F8537B234}.Release|x86.Build.0 = Release|Any CPU
		{700C4AE4-DFB6-4D4D-AA8C-E963F9EFAC6B}.Debug|Any CPU.ActiveCfg = Debug|iPhoneSimulator
		{700C4AE4-DFB6-4D4D-AA8C-E963F9EFAC6B}.Debug|Any CPU.Build.0 = Debug|iPhoneSimulator
		{700C4AE4-DFB6-4D4D-AA8C-E963F9EFAC6B}.Debug|iPhone.ActiveCfg = Debug|iPhone
		{700C4AE4-DFB6-4D4D-AA8C-E963F9EFAC6B}.Debug|iPhone.Build.0 = Debug|iPhone
		{700C4AE4-DFB6-4D4D-AA8C-E963F9EFAC6B}.Debug|iPhoneSimulator.ActiveCfg = Debug|iPhoneSimulator
		{700C4AE4-DFB6-4D4D-AA8C-E963F9EFAC6B}.Debug|iPhoneSimulator.Build.0 = Debug|iPhoneSimulator
		{700C4AE4-DFB6-4D4D-AA8C-E963F9EFAC6B}.Debug|x86.ActiveCfg = Debug|iPhoneSimulator
		{700C4AE4-DFB6-4D4D-AA8C-E963F9EFAC6B}.Debug|x86.Build.0 = Debug|iPhoneSimulator
		{700C4AE4-DFB6-4D4D-AA8C-E963F9EFAC6B}.Distribution|iPhone.ActiveCfg = Distribution|iPhone
		{700C4AE4-DFB6-4D4D-AA8C-E963F9EFAC6B}.Distribution|iPhone.Build.0 = Distribution|iPhone
		{700C4AE4-DFB6-4D4D-AA8C-E963F9EFAC6B}.Release|Any CPU.ActiveCfg = Release|iPhoneSimulator
		{700C4AE4-DFB6-4D4D-AA8C-E963F9EFAC6B}.Release|Any CPU.Build.0 = Release|iPhoneSimulator
		{700C4AE4-DFB6-4D4D-AA8C-E963F9EFAC6B}.Release|iPhone.ActiveCfg = Release|iPhone
		{700C4AE4-DFB6-4D4D-AA8C-E963F9EFAC6B}.Release|iPhone.Build.0 = Release|iPhone
		{700C4AE4-DFB6-4D4D-AA8C-E963F9EFAC6B}.Release|iPhoneSimulator.ActiveCfg = Release|iPhoneSimulator
		{700C4AE4-DFB6-4D4D-AA8C-E963F9EFAC6B}.Release|iPhoneSimulator.Build.0 = Release|iPhoneSimulator
		{700C4AE4-DFB6-4D4D-AA8C-E963F9EFAC6B}.Release|x86.ActiveCfg = Release|iPhoneSimulator
		{700C4AE4-DFB6-4D4D-AA8C-E963F9EFAC6B}.Release|x86.Build.0 = Release|iPhoneSimulator
		{75E860EE-EBF1-4BB4-AE39-9729900AFD39}.Debug|Any CPU.ActiveCfg = Debug|iPhoneSimulator
		{75E860EE-EBF1-4BB4-AE39-9729900AFD39}.Debug|Any CPU.Build.0 = Debug|iPhoneSimulator
		{75E860EE-EBF1-4BB4-AE39-9729900AFD39}.Debug|iPhone.ActiveCfg = Debug|iPhone
		{75E860EE-EBF1-4BB4-AE39-9729900AFD39}.Debug|iPhone.Build.0 = Debug|iPhone
		{75E860EE-EBF1-4BB4-AE39-9729900AFD39}.Debug|iPhoneSimulator.ActiveCfg = Debug|iPhoneSimulator
		{75E860EE-EBF1-4BB4-AE39-9729900AFD39}.Debug|iPhoneSimulator.Build.0 = Debug|iPhoneSimulator
		{75E860EE-EBF1-4BB4-AE39-9729900AFD39}.Debug|x86.ActiveCfg = Debug|iPhoneSimulator
		{75E860EE-EBF1-4BB4-AE39-9729900AFD39}.Debug|x86.Build.0 = Debug|iPhoneSimulator
		{75E860EE-EBF1-4BB4-AE39-9729900AFD39}.Distribution|iPhone.ActiveCfg = Distribution|iPhone
		{75E860EE-EBF1-4BB4-AE39-9729900AFD39}.Distribution|iPhone.Build.0 = Distribution|iPhone
		{75E860EE-EBF1-4BB4-AE39-9729900AFD39}.Release|Any CPU.ActiveCfg = Release|iPhoneSimulator
		{75E860EE-EBF1-4BB4-AE39-9729900AFD39}.Release|Any CPU.Build.0 = Release|iPhoneSimulator
		{75E860EE-EBF1-4BB4-AE39-9729900AFD39}.Release|iPhone.ActiveCfg = Release|iPhone
		{75E860EE-EBF1-4BB4-AE39-9729900AFD39}.Release|iPhone.Build.0 = Release|iPhone
		{75E860EE-EBF1-4BB4-AE39-9729900AFD39}.Release|iPhoneSimulator.ActiveCfg = Release|iPhoneSimulator
		{75E860EE-EBF1-4BB4-AE39-9729900AFD39}.Release|iPhoneSimulator.Build.0 = Release|iPhoneSimulator
		{75E860EE-EBF1-4BB4-AE39-9729900AFD39}.Release|x86.ActiveCfg = Release|iPhoneSimulator
		{75E860EE-EBF1-4BB4-AE39-9729900AFD39}.Release|x86.Build.0 = Release|iPhoneSimulator
		{9964D44C-AD60-497E-8ED3-1DE22F53CEED}.Debug|Any CPU.ActiveCfg = Debug|Any CPU
		{9964D44C-AD60-497E-8ED3-1DE22F53CEED}.Debug|Any CPU.Build.0 = Debug|Any CPU
		{9964D44C-AD60-497E-8ED3-1DE22F53CEED}.Debug|iPhone.ActiveCfg = Debug|iPhone
		{9964D44C-AD60-497E-8ED3-1DE22F53CEED}.Debug|iPhone.Build.0 = Debug|iPhone
		{9964D44C-AD60-497E-8ED3-1DE22F53CEED}.Debug|iPhoneSimulator.ActiveCfg = Debug|iPhoneSimulator
		{9964D44C-AD60-497E-8ED3-1DE22F53CEED}.Debug|iPhoneSimulator.Build.0 = Debug|iPhoneSimulator
		{9964D44C-AD60-497E-8ED3-1DE22F53CEED}.Release|Any CPU.ActiveCfg = Release|Any CPU
		{9964D44C-AD60-497E-8ED3-1DE22F53CEED}.Release|Any CPU.Build.0 = Release|Any CPU
		{9964D44C-AD60-497E-8ED3-1DE22F53CEED}.Release|iPhone.ActiveCfg = Release|iPhone
		{9964D44C-AD60-497E-8ED3-1DE22F53CEED}.Release|iPhone.Build.0 = Release|iPhone
		{9964D44C-AD60-497E-8ED3-1DE22F53CEED}.Release|iPhoneSimulator.ActiveCfg = Release|iPhoneSimulator
		{9964D44C-AD60-497E-8ED3-1DE22F53CEED}.Release|iPhoneSimulator.Build.0 = Release|iPhoneSimulator
		{A18E0228-936A-45CD-91CC-07E01F45677E}.Debug|Any CPU.ActiveCfg = Debug|Any CPU
		{A18E0228-936A-45CD-91CC-07E01F45677E}.Debug|Any CPU.Build.0 = Debug|Any CPU
		{A18E0228-936A-45CD-91CC-07E01F45677E}.Debug|iPhone.ActiveCfg = Debug|iPhone
		{A18E0228-936A-45CD-91CC-07E01F45677E}.Debug|iPhone.Build.0 = Debug|iPhone
		{A18E0228-936A-45CD-91CC-07E01F45677E}.Debug|iPhoneSimulator.ActiveCfg = Debug|iPhoneSimulator
		{A18E0228-936A-45CD-91CC-07E01F45677E}.Debug|iPhoneSimulator.Build.0 = Debug|iPhoneSimulator
		{A18E0228-936A-45CD-91CC-07E01F45677E}.Release|Any CPU.ActiveCfg = Release|Any CPU
		{A18E0228-936A-45CD-91CC-07E01F45677E}.Release|Any CPU.Build.0 = Release|Any CPU
		{A18E0228-936A-45CD-91CC-07E01F45677E}.Release|iPhone.ActiveCfg = Release|iPhone
		{A18E0228-936A-45CD-91CC-07E01F45677E}.Release|iPhone.Build.0 = Release|iPhone
		{A18E0228-936A-45CD-91CC-07E01F45677E}.Release|iPhoneSimulator.ActiveCfg = Release|iPhoneSimulator
		{A18E0228-936A-45CD-91CC-07E01F45677E}.Release|iPhoneSimulator.Build.0 = Release|iPhoneSimulator
		{A3BDF086-7EAA-486F-A90F-78938B7F0A69}.Debug|Any CPU.ActiveCfg = Debug|Any CPU
		{A3BDF086-7EAA-486F-A90F-78938B7F0A69}.Debug|Any CPU.Build.0 = Debug|Any CPU
		{A3BDF086-7EAA-486F-A90F-78938B7F0A69}.Debug|iPhone.ActiveCfg = Debug|iPhone
		{A3BDF086-7EAA-486F-A90F-78938B7F0A69}.Debug|iPhone.Build.0 = Debug|iPhone
		{A3BDF086-7EAA-486F-A90F-78938B7F0A69}.Debug|iPhoneSimulator.ActiveCfg = Debug|iPhoneSimulator
		{A3BDF086-7EAA-486F-A90F-78938B7F0A69}.Debug|iPhoneSimulator.Build.0 = Debug|iPhoneSimulator
		{A3BDF086-7EAA-486F-A90F-78938B7F0A69}.Release|Any CPU.ActiveCfg = Release|Any CPU
		{A3BDF086-7EAA-486F-A90F-78938B7F0A69}.Release|Any CPU.Build.0 = Release|Any CPU
		{A3BDF086-7EAA-486F-A90F-78938B7F0A69}.Release|iPhone.ActiveCfg = Release|iPhone
		{A3BDF086-7EAA-486F-A90F-78938B7F0A69}.Release|iPhone.Build.0 = Release|iPhone
		{A3BDF086-7EAA-486F-A90F-78938B7F0A69}.Release|iPhoneSimulator.ActiveCfg = Release|iPhoneSimulator
		{A3BDF086-7EAA-486F-A90F-78938B7F0A69}.Release|iPhoneSimulator.Build.0 = Release|iPhoneSimulator
		{B1A596F8-B26C-4826-99D1-94C9327AB586}.Debug|Any CPU.ActiveCfg = Debug|Any CPU
		{B1A596F8-B26C-4826-99D1-94C9327AB586}.Debug|Any CPU.Build.0 = Debug|Any CPU
		{B1A596F8-B26C-4826-99D1-94C9327AB586}.Debug|iPhone.ActiveCfg = Debug|iPhone
		{B1A596F8-B26C-4826-99D1-94C9327AB586}.Debug|iPhone.Build.0 = Debug|iPhone
		{B1A596F8-B26C-4826-99D1-94C9327AB586}.Debug|iPhoneSimulator.ActiveCfg = Debug|iPhoneSimulator
		{B1A596F8-B26C-4826-99D1-94C9327AB586}.Debug|iPhoneSimulator.Build.0 = Debug|iPhoneSimulator
		{B1A596F8-B26C-4826-99D1-94C9327AB586}.Debug|x86.ActiveCfg = Debug|Any CPU
		{B1A596F8-B26C-4826-99D1-94C9327AB586}.Debug|x86.Build.0 = Debug|Any CPU
		{B1A596F8-B26C-4826-99D1-94C9327AB586}.Distribution|iPhone.ActiveCfg = Debug|iPhone
		{B1A596F8-B26C-4826-99D1-94C9327AB586}.Distribution|iPhone.Build.0 = Debug|iPhone
		{B1A596F8-B26C-4826-99D1-94C9327AB586}.Release|Any CPU.ActiveCfg = Release|Any CPU
		{B1A596F8-B26C-4826-99D1-94C9327AB586}.Release|Any CPU.Build.0 = Release|Any CPU
		{B1A596F8-B26C-4826-99D1-94C9327AB586}.Release|iPhone.ActiveCfg = Release|iPhone
		{B1A596F8-B26C-4826-99D1-94C9327AB586}.Release|iPhone.Build.0 = Release|iPhone
		{B1A596F8-B26C-4826-99D1-94C9327AB586}.Release|iPhoneSimulator.ActiveCfg = Release|iPhoneSimulator
		{B1A596F8-B26C-4826-99D1-94C9327AB586}.Release|iPhoneSimulator.Build.0 = Release|iPhoneSimulator
		{B1A596F8-B26C-4826-99D1-94C9327AB586}.Release|x86.ActiveCfg = Release|Any CPU
		{B1A596F8-B26C-4826-99D1-94C9327AB586}.Release|x86.Build.0 = Release|Any CPU
		{B1E27EDB-2AC5-4A8A-8FD2-29CEEBDF3344}.Debug|Any CPU.ActiveCfg = Debug|Any CPU
		{B1E27EDB-2AC5-4A8A-8FD2-29CEEBDF3344}.Debug|Any CPU.Build.0 = Debug|Any CPU
		{B1E27EDB-2AC5-4A8A-8FD2-29CEEBDF3344}.Debug|iPhone.ActiveCfg = Debug|iPhone
		{B1E27EDB-2AC5-4A8A-8FD2-29CEEBDF3344}.Debug|iPhone.Build.0 = Debug|iPhone
		{B1E27EDB-2AC5-4A8A-8FD2-29CEEBDF3344}.Debug|iPhoneSimulator.ActiveCfg = Debug|iPhoneSimulator
		{B1E27EDB-2AC5-4A8A-8FD2-29CEEBDF3344}.Debug|iPhoneSimulator.Build.0 = Debug|iPhoneSimulator
		{B1E27EDB-2AC5-4A8A-8FD2-29CEEBDF3344}.Debug|x86.ActiveCfg = Debug|Any CPU
		{B1E27EDB-2AC5-4A8A-8FD2-29CEEBDF3344}.Debug|x86.Build.0 = Debug|Any CPU
		{B1E27EDB-2AC5-4A8A-8FD2-29CEEBDF3344}.Distribution|iPhone.ActiveCfg = Debug|iPhone
		{B1E27EDB-2AC5-4A8A-8FD2-29CEEBDF3344}.Distribution|iPhone.Build.0 = Debug|iPhone
		{B1E27EDB-2AC5-4A8A-8FD2-29CEEBDF3344}.Release|Any CPU.ActiveCfg = Release|Any CPU
		{B1E27EDB-2AC5-4A8A-8FD2-29CEEBDF3344}.Release|Any CPU.Build.0 = Release|Any CPU
		{B1E27EDB-2AC5-4A8A-8FD2-29CEEBDF3344}.Release|iPhone.ActiveCfg = Release|iPhone
		{B1E27EDB-2AC5-4A8A-8FD2-29CEEBDF3344}.Release|iPhone.Build.0 = Release|iPhone
		{B1E27EDB-2AC5-4A8A-8FD2-29CEEBDF3344}.Release|iPhoneSimulator.ActiveCfg = Release|iPhoneSimulator
		{B1E27EDB-2AC5-4A8A-8FD2-29CEEBDF3344}.Release|iPhoneSimulator.Build.0 = Release|iPhoneSimulator
		{B1E27EDB-2AC5-4A8A-8FD2-29CEEBDF3344}.Release|x86.ActiveCfg = Release|Any CPU
		{B1E27EDB-2AC5-4A8A-8FD2-29CEEBDF3344}.Release|x86.Build.0 = Release|Any CPU
		{DB8508BB-9849-4CC2-BC0F-8EB5DACB3C47}.Debug|Any CPU.ActiveCfg = Debug|Any CPU
		{DB8508BB-9849-4CC2-BC0F-8EB5DACB3C47}.Debug|Any CPU.Build.0 = Debug|Any CPU
		{DB8508BB-9849-4CC2-BC0F-8EB5DACB3C47}.Debug|iPhone.ActiveCfg = Debug|iPhone
		{DB8508BB-9849-4CC2-BC0F-8EB5DACB3C47}.Debug|iPhone.Build.0 = Debug|iPhone
		{DB8508BB-9849-4CC2-BC0F-8EB5DACB3C47}.Debug|iPhoneSimulator.ActiveCfg = Debug|iPhoneSimulator
		{DB8508BB-9849-4CC2-BC0F-8EB5DACB3C47}.Debug|iPhoneSimulator.Build.0 = Debug|iPhoneSimulator
		{DB8508BB-9849-4CC2-BC0F-8EB5DACB3C47}.Release|Any CPU.ActiveCfg = Release|Any CPU
		{DB8508BB-9849-4CC2-BC0F-8EB5DACB3C47}.Release|Any CPU.Build.0 = Release|Any CPU
		{DB8508BB-9849-4CC2-BC0F-8EB5DACB3C47}.Release|iPhone.ActiveCfg = Release|iPhone
		{DB8508BB-9849-4CC2-BC0F-8EB5DACB3C47}.Release|iPhone.Build.0 = Release|iPhone
		{DB8508BB-9849-4CC2-BC0F-8EB5DACB3C47}.Release|iPhoneSimulator.ActiveCfg = Release|iPhoneSimulator
		{DB8508BB-9849-4CC2-BC0F-8EB5DACB3C47}.Release|iPhoneSimulator.Build.0 = Release|iPhoneSimulator
		{DEC435F4-9E84-490B-9890-72E5F514B8D0}.Debug|Any CPU.ActiveCfg = Debug|Any CPU
		{DEC435F4-9E84-490B-9890-72E5F514B8D0}.Debug|Any CPU.Build.0 = Debug|Any CPU
		{DEC435F4-9E84-490B-9890-72E5F514B8D0}.Debug|iPhone.ActiveCfg = Debug|iPhone
		{DEC435F4-9E84-490B-9890-72E5F514B8D0}.Debug|iPhone.Build.0 = Debug|iPhone
		{DEC435F4-9E84-490B-9890-72E5F514B8D0}.Debug|iPhoneSimulator.ActiveCfg = Debug|iPhoneSimulator
		{DEC435F4-9E84-490B-9890-72E5F514B8D0}.Debug|iPhoneSimulator.Build.0 = Debug|iPhoneSimulator
		{DEC435F4-9E84-490B-9890-72E5F514B8D0}.Debug|x86.ActiveCfg = Debug|Any CPU
		{DEC435F4-9E84-490B-9890-72E5F514B8D0}.Debug|x86.Build.0 = Debug|Any CPU
		{DEC435F4-9E84-490B-9890-72E5F514B8D0}.Distribution|iPhone.ActiveCfg = Debug|iPhone
		{DEC435F4-9E84-490B-9890-72E5F514B8D0}.Distribution|iPhone.Build.0 = Debug|iPhone
		{DEC435F4-9E84-490B-9890-72E5F514B8D0}.Release|Any CPU.ActiveCfg = Release|Any CPU
		{DEC435F4-9E84-490B-9890-72E5F514B8D0}.Release|Any CPU.Build.0 = Release|Any CPU
		{DEC435F4-9E84-490B-9890-72E5F514B8D0}.Release|iPhone.ActiveCfg = Release|iPhone
		{DEC435F4-9E84-490B-9890-72E5F514B8D0}.Release|iPhone.Build.0 = Release|iPhone
		{DEC435F4-9E84-490B-9890-72E5F514B8D0}.Release|iPhoneSimulator.ActiveCfg = Release|iPhoneSimulator
		{DEC435F4-9E84-490B-9890-72E5F514B8D0}.Release|iPhoneSimulator.Build.0 = Release|iPhoneSimulator
		{DEC435F4-9E84-490B-9890-72E5F514B8D0}.Release|x86.ActiveCfg = Release|Any CPU
		{DEC435F4-9E84-490B-9890-72E5F514B8D0}.Release|x86.Build.0 = Release|Any CPU
		{DF8DF5E3-2FF4-46DD-9EE0-AE3C9923C6BA}.Debug|Any CPU.ActiveCfg = Debug|Any CPU
		{DF8DF5E3-2FF4-46DD-9EE0-AE3C9923C6BA}.Debug|Any CPU.Build.0 = Debug|Any CPU
		{DF8DF5E3-2FF4-46DD-9EE0-AE3C9923C6BA}.Debug|iPhone.ActiveCfg = Debug|iPhone
		{DF8DF5E3-2FF4-46DD-9EE0-AE3C9923C6BA}.Debug|iPhone.Build.0 = Debug|iPhone
		{DF8DF5E3-2FF4-46DD-9EE0-AE3C9923C6BA}.Debug|iPhoneSimulator.ActiveCfg = Debug|iPhoneSimulator
		{DF8DF5E3-2FF4-46DD-9EE0-AE3C9923C6BA}.Debug|iPhoneSimulator.Build.0 = Debug|iPhoneSimulator
		{DF8DF5E3-2FF4-46DD-9EE0-AE3C9923C6BA}.Debug|x86.ActiveCfg = Debug|Any CPU
		{DF8DF5E3-2FF4-46DD-9EE0-AE3C9923C6BA}.Debug|x86.Build.0 = Debug|Any CPU
		{DF8DF5E3-2FF4-46DD-9EE0-AE3C9923C6BA}.Distribution|iPhone.ActiveCfg = Debug|iPhone
		{DF8DF5E3-2FF4-46DD-9EE0-AE3C9923C6BA}.Distribution|iPhone.Build.0 = Debug|iPhone
		{DF8DF5E3-2FF4-46DD-9EE0-AE3C9923C6BA}.Release|Any CPU.ActiveCfg = Release|Any CPU
		{DF8DF5E3-2FF4-46DD-9EE0-AE3C9923C6BA}.Release|Any CPU.Build.0 = Release|Any CPU
		{DF8DF5E3-2FF4-46DD-9EE0-AE3C9923C6BA}.Release|iPhone.ActiveCfg = Release|iPhone
		{DF8DF5E3-2FF4-46DD-9EE0-AE3C9923C6BA}.Release|iPhone.Build.0 = Release|iPhone
		{DF8DF5E3-2FF4-46DD-9EE0-AE3C9923C6BA}.Release|iPhoneSimulator.ActiveCfg = Release|iPhoneSimulator
		{DF8DF5E3-2FF4-46DD-9EE0-AE3C9923C6BA}.Release|iPhoneSimulator.Build.0 = Release|iPhoneSimulator
		{DF8DF5E3-2FF4-46DD-9EE0-AE3C9923C6BA}.Release|x86.ActiveCfg = Release|Any CPU
		{DF8DF5E3-2FF4-46DD-9EE0-AE3C9923C6BA}.Release|x86.Build.0 = Release|Any CPU
		{E4C7960D-E564-4CD5-85D6-2B7B0B3DA5BA}.Debug|Any CPU.ActiveCfg = Debug|iPhoneSimulator
		{E4C7960D-E564-4CD5-85D6-2B7B0B3DA5BA}.Debug|Any CPU.Build.0 = Debug|iPhoneSimulator
		{E4C7960D-E564-4CD5-85D6-2B7B0B3DA5BA}.Debug|iPhone.ActiveCfg = Debug|iPhone
		{E4C7960D-E564-4CD5-85D6-2B7B0B3DA5BA}.Debug|iPhone.Build.0 = Debug|iPhone
		{E4C7960D-E564-4CD5-85D6-2B7B0B3DA5BA}.Debug|iPhoneSimulator.ActiveCfg = Debug|iPhoneSimulator
		{E4C7960D-E564-4CD5-85D6-2B7B0B3DA5BA}.Debug|iPhoneSimulator.Build.0 = Debug|iPhoneSimulator
		{E4C7960D-E564-4CD5-85D6-2B7B0B3DA5BA}.Debug|x86.ActiveCfg = Debug|iPhoneSimulator
		{E4C7960D-E564-4CD5-85D6-2B7B0B3DA5BA}.Debug|x86.Build.0 = Debug|iPhoneSimulator
		{E4C7960D-E564-4CD5-85D6-2B7B0B3DA5BA}.Distribution|iPhone.ActiveCfg = Distribution|iPhone
		{E4C7960D-E564-4CD5-85D6-2B7B0B3DA5BA}.Distribution|iPhone.Build.0 = Distribution|iPhone
		{E4C7960D-E564-4CD5-85D6-2B7B0B3DA5BA}.Release|Any CPU.ActiveCfg = Release|iPhoneSimulator
		{E4C7960D-E564-4CD5-85D6-2B7B0B3DA5BA}.Release|Any CPU.Build.0 = Release|iPhoneSimulator
		{E4C7960D-E564-4CD5-85D6-2B7B0B3DA5BA}.Release|iPhone.ActiveCfg = Release|iPhone
		{E4C7960D-E564-4CD5-85D6-2B7B0B3DA5BA}.Release|iPhone.Build.0 = Release|iPhone
		{E4C7960D-E564-4CD5-85D6-2B7B0B3DA5BA}.Release|iPhoneSimulator.ActiveCfg = Release|iPhoneSimulator
		{E4C7960D-E564-4CD5-85D6-2B7B0B3DA5BA}.Release|iPhoneSimulator.Build.0 = Release|iPhoneSimulator
		{E4C7960D-E564-4CD5-85D6-2B7B0B3DA5BA}.Release|x86.ActiveCfg = Release|iPhoneSimulator
		{E4C7960D-E564-4CD5-85D6-2B7B0B3DA5BA}.Release|x86.Build.0 = Release|iPhoneSimulator
		{F5FA28E2-53B2-482B-8723-71588DF50BB6}.Debug|Any CPU.ActiveCfg = Debug|Any CPU
		{F5FA28E2-53B2-482B-8723-71588DF50BB6}.Debug|Any CPU.Build.0 = Debug|Any CPU
		{F5FA28E2-53B2-482B-8723-71588DF50BB6}.Debug|iPhone.ActiveCfg = Debug|iPhone
		{F5FA28E2-53B2-482B-8723-71588DF50BB6}.Debug|iPhone.Build.0 = Debug|iPhone
		{F5FA28E2-53B2-482B-8723-71588DF50BB6}.Debug|iPhoneSimulator.ActiveCfg = Debug|iPhoneSimulator
		{F5FA28E2-53B2-482B-8723-71588DF50BB6}.Debug|iPhoneSimulator.Build.0 = Debug|iPhoneSimulator
		{F5FA28E2-53B2-482B-8723-71588DF50BB6}.Debug|x86.ActiveCfg = Debug|Any CPU
		{F5FA28E2-53B2-482B-8723-71588DF50BB6}.Debug|x86.Build.0 = Debug|Any CPU
		{F5FA28E2-53B2-482B-8723-71588DF50BB6}.Distribution|iPhone.ActiveCfg = Debug|iPhone
		{F5FA28E2-53B2-482B-8723-71588DF50BB6}.Distribution|iPhone.Build.0 = Debug|iPhone
		{F5FA28E2-53B2-482B-8723-71588DF50BB6}.Release|Any CPU.ActiveCfg = Release|Any CPU
		{F5FA28E2-53B2-482B-8723-71588DF50BB6}.Release|Any CPU.Build.0 = Release|Any CPU
		{F5FA28E2-53B2-482B-8723-71588DF50BB6}.Release|iPhone.ActiveCfg = Release|iPhone
		{F5FA28E2-53B2-482B-8723-71588DF50BB6}.Release|iPhone.Build.0 = Release|iPhone
		{F5FA28E2-53B2-482B-8723-71588DF50BB6}.Release|iPhoneSimulator.ActiveCfg = Release|iPhoneSimulator
		{F5FA28E2-53B2-482B-8723-71588DF50BB6}.Release|iPhoneSimulator.Build.0 = Release|iPhoneSimulator
		{F5FA28E2-53B2-482B-8723-71588DF50BB6}.Release|x86.ActiveCfg = Release|Any CPU
		{F5FA28E2-53B2-482B-8723-71588DF50BB6}.Release|x86.Build.0 = Release|Any CPU
	EndGlobalSection
	GlobalSection(NestedProjects) = preSolution
		{E4C7960D-E564-4CD5-85D6-2B7B0B3DA5BA} = {64ED246E-8579-4DF2-A50E-53CC3CCB0E6B}
		{B1E27EDB-2AC5-4A8A-8FD2-29CEEBDF3344} = {64ED246E-8579-4DF2-A50E-53CC3CCB0E6B}
		{F5FA28E2-53B2-482B-8723-71588DF50BB6} = {64ED246E-8579-4DF2-A50E-53CC3CCB0E6B}
		{1557EE13-80AB-4E4C-9C10-9CBFC8E727C3} = {64ED246E-8579-4DF2-A50E-53CC3CCB0E6B}
		{DEC435F4-9E84-490B-9890-72E5F514B8D0} = {64ED246E-8579-4DF2-A50E-53CC3CCB0E6B}
		{4F51EB5C-03A1-4488-8EEA-0E8F2411DB0C} = {64ED246E-8579-4DF2-A50E-53CC3CCB0E6B}
		{B1A596F8-B26C-4826-99D1-94C9327AB586} = {64ED246E-8579-4DF2-A50E-53CC3CCB0E6B}
		{DF8DF5E3-2FF4-46DD-9EE0-AE3C9923C6BA} = {64ED246E-8579-4DF2-A50E-53CC3CCB0E6B}
		{4D0C3C5D-B4A5-4C6F-8756-4A05C50ECC3A} = {64ED246E-8579-4DF2-A50E-53CC3CCB0E6B}
		{6AD0E621-8D0C-42B1-A42C-B36F8537B234} = {64ED246E-8579-4DF2-A50E-53CC3CCB0E6B}
		{327EE711-BA4F-40DA-AD4A-F69DD0B2FCFB} = {64ED246E-8579-4DF2-A50E-53CC3CCB0E6B}
		{51F298A3-5F21-4054-9CF8-96CA2601FF60} = {64ED246E-8579-4DF2-A50E-53CC3CCB0E6B}
		{700C4AE4-DFB6-4D4D-AA8C-E963F9EFAC6B} = {64ED246E-8579-4DF2-A50E-53CC3CCB0E6B}
		{21E42CAF-11B3-4A25-A771-189A61732F94} = {64ED246E-8579-4DF2-A50E-53CC3CCB0E6B}
		{326DC8E8-649F-4F96-92BA-EE0EF51A32DB} = {64ED246E-8579-4DF2-A50E-53CC3CCB0E6B}
		{75E860EE-EBF1-4BB4-AE39-9729900AFD39} = {64ED246E-8579-4DF2-A50E-53CC3CCB0E6B}
		{A18E0228-936A-45CD-91CC-07E01F45677E} = {ED13CD83-F288-496C-B046-027FA7D36717}
		{A3BDF086-7EAA-486F-A90F-78938B7F0A69} = {ED13CD83-F288-496C-B046-027FA7D36717}
		{9964D44C-AD60-497E-8ED3-1DE22F53CEED} = {ED13CD83-F288-496C-B046-027FA7D36717}
		{296EBAC0-9658-474D-9A9E-5A8F52BA316F} = {ED13CD83-F288-496C-B046-027FA7D36717}
	EndGlobalSection
	GlobalSection(MonoDevelopProperties) = preSolution
		StartupItem = StarterKits\Platformer\PlatformeriPhone.csproj
	EndGlobalSection
EndGlobal
