
Microsoft Visual Studio Solution File, Format Version 12.00
# Visual Studio Version 16
VisualStudioVersion = 16.0.29519.181
MinimumVisualStudioVersion = 15.0.26124.0
Project("{9A19103F-16F7-4668-BE54-9A1E7A4F7556}") = "MonoGame.Framework.DesktopGL", "MonoGame.Framework\MonoGame.Framework.DesktopGL.csproj", "{C01379FE-63B0-4DDC-AE9C-9C916CCE5F45}"
EndProject
Project("{9A19103F-16F7-4668-BE54-9A1E7A4F7556}") = "MonoGame.Tests.DesktopGL", "Test\MonoGame.Tests.DesktopGL.csproj", "{D80F2C27-F1E6-4395-95E2-D6EAB308C9DF}"
EndProject
Project("{9A19103F-16F7-4668-BE54-9A1E7A4F7556}") = "MonoGame.Framework.Content.Pipeline", "MonoGame.Framework.Content.Pipeline\MonoGame.Framework.Content.Pipeline.csproj", "{7A02A18D-15C4-4440-8921-D191B0F050A1}"
EndProject
Project("{9A19103F-16F7-4668-BE54-9A1E7A4F7556}") = "2MGFX", "Tools\2MGFX\2MGFX.csproj", "{4381A4EF-A2B6-4162-92A8-E240A8DC562B}"
EndProject
Project("{9A19103F-16F7-4668-BE54-9A1E7A4F7556}") = "MGCB", "Tools\MGCB\MGCB.csproj", "{0A2C8210-21D2-450E-8647-E08954E57498}"
EndProject
Global
	GlobalSection(SolutionConfigurationPlatforms) = preSolution
		Debug|Any CPU = Debug|Any CPU
		Debug|x64 = Debug|x64
		Debug|x86 = Debug|x86
		Release|Any CPU = Release|Any CPU
		Release|x64 = Release|x64
		Release|x86 = Release|x86
	EndGlobalSection
	GlobalSection(ProjectConfigurationPlatforms) = postSolution
		{C01379FE-63B0-4DDC-AE9C-9C916CCE5F45}.Debug|Any CPU.ActiveCfg = Debug|Any CPU
		{C01379FE-63B0-4DDC-AE9C-9C916CCE5F45}.Debug|Any CPU.Build.0 = Debug|Any CPU
		{C01379FE-63B0-4DDC-AE9C-9C916CCE5F45}.Debug|x64.ActiveCfg = Debug|Any CPU
		{C01379FE-63B0-4DDC-AE9C-9C916CCE5F45}.Debug|x64.Build.0 = Debug|Any CPU
		{C01379FE-63B0-4DDC-AE9C-9C916CCE5F45}.Debug|x86.ActiveCfg = Debug|Any CPU
		{C01379FE-63B0-4DDC-AE9C-9C916CCE5F45}.Debug|x86.Build.0 = Debug|Any CPU
		{C01379FE-63B0-4DDC-AE9C-9C916CCE5F45}.Release|Any CPU.ActiveCfg = Release|Any CPU
		{C01379FE-63B0-4DDC-AE9C-9C916CCE5F45}.Release|Any CPU.Build.0 = Release|Any CPU
		{C01379FE-63B0-4DDC-AE9C-9C916CCE5F45}.Release|x64.ActiveCfg = Release|Any CPU
		{C01379FE-63B0-4DDC-AE9C-9C916CCE5F45}.Release|x64.Build.0 = Release|Any CPU
		{C01379FE-63B0-4DDC-AE9C-9C916CCE5F45}.Release|x86.ActiveCfg = Release|Any CPU
		{C01379FE-63B0-4DDC-AE9C-9C916CCE5F45}.Release|x86.Build.0 = Release|Any CPU
		{D80F2C27-F1E6-4395-95E2-D6EAB308C9DF}.Debug|Any CPU.ActiveCfg = Debug|Any CPU
		{D80F2C27-F1E6-4395-95E2-D6EAB308C9DF}.Debug|Any CPU.Build.0 = Debug|Any CPU
		{D80F2C27-F1E6-4395-95E2-D6EAB308C9DF}.Debug|x64.ActiveCfg = Debug|Any CPU
		{D80F2C27-F1E6-4395-95E2-D6EAB308C9DF}.Debug|x64.Build.0 = Debug|Any CPU
		{D80F2C27-F1E6-4395-95E2-D6EAB308C9DF}.Debug|x86.ActiveCfg = Debug|Any CPU
		{D80F2C27-F1E6-4395-95E2-D6EAB308C9DF}.Debug|x86.Build.0 = Debug|Any CPU
		{D80F2C27-F1E6-4395-95E2-D6EAB308C9DF}.Release|Any CPU.ActiveCfg = Release|Any CPU
		{D80F2C27-F1E6-4395-95E2-D6EAB308C9DF}.Release|Any CPU.Build.0 = Release|Any CPU
		{D80F2C27-F1E6-4395-95E2-D6EAB308C9DF}.Release|x64.ActiveCfg = Release|Any CPU
		{D80F2C27-F1E6-4395-95E2-D6EAB308C9DF}.Release|x64.Build.0 = Release|Any CPU
		{D80F2C27-F1E6-4395-95E2-D6EAB308C9DF}.Release|x86.ActiveCfg = Release|Any CPU
		{D80F2C27-F1E6-4395-95E2-D6EAB308C9DF}.Release|x86.Build.0 = Release|Any CPU
		{7A02A18D-15C4-4440-8921-D191B0F050A1}.Debug|Any CPU.ActiveCfg = Debug|Any CPU
		{7A02A18D-15C4-4440-8921-D191B0F050A1}.Debug|Any CPU.Build.0 = Debug|Any CPU
		{7A02A18D-15C4-4440-8921-D191B0F050A1}.Debug|x64.ActiveCfg = Debug|Any CPU
		{7A02A18D-15C4-4440-8921-D191B0F050A1}.Debug|x64.Build.0 = Debug|Any CPU
		{7A02A18D-15C4-4440-8921-D191B0F050A1}.Debug|x86.ActiveCfg = Debug|Any CPU
		{7A02A18D-15C4-4440-8921-D191B0F050A1}.Debug|x86.Build.0 = Debug|Any CPU
		{7A02A18D-15C4-4440-8921-D191B0F050A1}.Release|Any CPU.ActiveCfg = Release|Any CPU
		{7A02A18D-15C4-4440-8921-D191B0F050A1}.Release|Any CPU.Build.0 = Release|Any CPU
		{7A02A18D-15C4-4440-8921-D191B0F050A1}.Release|x64.ActiveCfg = Release|Any CPU
		{7A02A18D-15C4-4440-8921-D191B0F050A1}.Release|x64.Build.0 = Release|Any CPU
		{7A02A18D-15C4-4440-8921-D191B0F050A1}.Release|x86.ActiveCfg = Release|Any CPU
		{7A02A18D-15C4-4440-8921-D191B0F050A1}.Release|x86.Build.0 = Release|Any CPU
		{4381A4EF-A2B6-4162-92A8-E240A8DC562B}.Debug|Any CPU.ActiveCfg = Debug|Any CPU
		{4381A4EF-A2B6-4162-92A8-E240A8DC562B}.Debug|Any CPU.Build.0 = Debug|Any CPU
		{4381A4EF-A2B6-4162-92A8-E240A8DC562B}.Debug|x64.ActiveCfg = Debug|Any CPU
		{4381A4EF-A2B6-4162-92A8-E240A8DC562B}.Debug|x64.Build.0 = Debug|Any CPU
		{4381A4EF-A2B6-4162-92A8-E240A8DC562B}.Debug|x86.ActiveCfg = Debug|Any CPU
		{4381A4EF-A2B6-4162-92A8-E240A8DC562B}.Debug|x86.Build.0 = Debug|Any CPU
		{4381A4EF-A2B6-4162-92A8-E240A8DC562B}.Release|Any CPU.ActiveCfg = Release|Any CPU
		{4381A4EF-A2B6-4162-92A8-E240A8DC562B}.Release|Any CPU.Build.0 = Release|Any CPU
		{4381A4EF-A2B6-4162-92A8-E240A8DC562B}.Release|x64.ActiveCfg = Release|Any CPU
		{4381A4EF-A2B6-4162-92A8-E240A8DC562B}.Release|x64.Build.0 = Release|Any CPU
		{4381A4EF-A2B6-4162-92A8-E240A8DC562B}.Release|x86.ActiveCfg = Release|Any CPU
		{4381A4EF-A2B6-4162-92A8-E240A8DC562B}.Release|x86.Build.0 = Release|Any CPU
		{0A2C8210-21D2-450E-8647-E08954E57498}.Debug|Any CPU.ActiveCfg = Debug|Any CPU
		{0A2C8210-21D2-450E-8647-E08954E57498}.Debug|Any CPU.Build.0 = Debug|Any CPU
		{0A2C8210-21D2-450E-8647-E08954E57498}.Debug|x64.ActiveCfg = Debug|Any CPU
		{0A2C8210-21D2-450E-8647-E08954E57498}.Debug|x64.Build.0 = Debug|Any CPU
		{0A2C8210-21D2-450E-8647-E08954E57498}.Debug|x86.ActiveCfg = Debug|Any CPU
		{0A2C8210-21D2-450E-8647-E08954E57498}.Debug|x86.Build.0 = Debug|Any CPU
		{0A2C8210-21D2-450E-8647-E08954E57498}.Release|Any CPU.ActiveCfg = Release|Any CPU
		{0A2C8210-21D2-450E-8647-E08954E57498}.Release|Any CPU.Build.0 = Release|Any CPU
		{0A2C8210-21D2-450E-8647-E08954E57498}.Release|x64.ActiveCfg = Release|Any CPU
		{0A2C8210-21D2-450E-8647-E08954E57498}.Release|x64.Build.0 = Release|Any CPU
		{0A2C8210-21D2-450E-8647-E08954E57498}.Release|x86.ActiveCfg = Release|Any CPU
		{0A2C8210-21D2-450E-8647-E08954E57498}.Release|x86.Build.0 = Release|Any CPU
	EndGlobalSection
	GlobalSection(SolutionProperties) = preSolution
		HideSolutionNode = FALSE
	EndGlobalSection
	GlobalSection(ExtensibilityGlobals) = postSolution
		SolutionGuid = {E1E69DA8-12D1-4CB2-84DC-33EEA2316293}
	EndGlobalSection
EndGlobal
