
Microsoft Visual Studio Solution File, Format Version 12.00
# Visual Studio 11
Project("{FAE04EC0-301F-11D3-BF4B-00C04F79EFBC}") = "MonoGame.Framework.Windows8", "MonoGame.Framework\MonoGame.Framework.Windows8.csproj", "{0518563C-ACCA-4A14-8C5D-DDBE93E2605F}"
EndProject
Global
	GlobalSection(SolutionConfigurationPlatforms) = preSolution
		Debug|ARM = Debug|ARM
		Debug|Any CPU = Debug|Any CPU
		Debug|x64 = Debug|x64
		Debug|x86 = Debug|x86
		Release|ARM = Release|ARM
		Release|Any CPU = Release|Any CPU
		Release|x64 = Release|x64
		Release|x86 = Release|x86
	EndGlobalSection
	GlobalSection(ProjectConfigurationPlatforms) = postSolution
		{0518563C-ACCA-4A14-8C5D-DDBE93E2605F}.Debug|ARM.ActiveCfg = Debug|ARM
		{0518563C-ACCA-4A14-8C5D-DDBE93E2605F}.Debug|ARM.Build.0 = Debug|ARM
		{0518563C-ACCA-4A14-8C5D-DDBE93E2605F}.Debug|Any CPU.ActiveCfg = Debug|Any CPU
		{0518563C-ACCA-4A14-8C5D-DDBE93E2605F}.Debug|Any CPU.Build.0 = Debug|Any CPU
		{0518563C-ACCA-4A14-8C5D-DDBE93E2605F}.Debug|x64.ActiveCfg = Debug|x64
		{0518563C-ACCA-4A14-8C5D-DDBE93E2605F}.Debug|x64.Build.0 = Debug|x64
		{0518563C-ACCA-4A14-8C5D-DDBE93E2605F}.Debug|x86.ActiveCfg = Debug|x86
		{0518563C-ACCA-4A14-8C5D-DDBE93E2605F}.Debug|x86.Build.0 = Debug|x86
		{0518563C-ACCA-4A14-8C5D-DDBE93E2605F}.Release|ARM.ActiveCfg = Release|ARM
		{0518563C-ACCA-4A14-8C5D-DDBE93E2605F}.Release|ARM.Build.0 = Release|ARM
		{0518563C-ACCA-4A14-8C5D-DDBE93E2605F}.Release|Any CPU.ActiveCfg = Release|Any CPU
		{0518563C-ACCA-4A14-8C5D-DDBE93E2605F}.Release|Any CPU.Build.0 = Release|Any CPU
		{0518563C-ACCA-4A14-8C5D-DDBE93E2605F}.Release|x64.ActiveCfg = Release|x64
		{0518563C-ACCA-4A14-8C5D-DDBE93E2605F}.Release|x64.Build.0 = Release|x64
		{0518563C-ACCA-4A14-8C5D-DDBE93E2605F}.Release|x86.ActiveCfg = Release|x86
		{0518563C-ACCA-4A14-8C5D-DDBE93E2605F}.Release|x86.Build.0 = Release|x86
	EndGlobalSection
	GlobalSection(SolutionProperties) = preSolution
		HideSolutionNode = FALSE
	EndGlobalSection
EndGlobal
