
Microsoft Visual Studio Solution File, Format Version 12.00
# Visual Studio 15
VisualStudioVersion = 15.0.27004.2009
MinimumVisualStudioVersion = 10.0.40219.1
Project("{D954291E-2A0B-460D-934E-DC6B0785DB48}") = "BlankApp", "BlankApp\BlankApp.shproj", "{A0CDBD0E-3A41-42B7-9425-A838BC2C7383}"
EndProject
Project("{FAE04EC0-301F-11D3-BF4B-00C04F79EFBC}") = "BlankApp.Desktop", "BlankApp.Desktop\BlankApp.Desktop.csproj", "{905B6B3B-33B1-49FB-B691-AE30F88CB4F5}"
EndProject
Project("{FAE04EC0-301F-11D3-BF4B-00C04F79EFBC}") = "BlankApp.iOS", "BlankApp.iOS\BlankApp.iOS.csproj", "{CA7AB65C-57DE-412C-AF42-E7E6EDDF2D5F}"
EndProject
Project("{FAE04EC0-301F-11D3-BF4B-00C04F79EFBC}") = "BlankApp.Android", "BlankApp.Android\BlankApp.Android.csproj", "{410C0262-131C-4D0E-910D-D01B4F7143E0}"
EndProject
Project("{FAE04EC0-301F-11D3-BF4B-00C04F79EFBC}") = "BlankApp.Windows", "BlankApp.Windows\BlankApp.Windows.csproj", "{0D8FE56C-CC1F-438D-8472-D5A6A17AEA26}"
EndProject
Project("{FAE04EC0-301F-11D3-BF4B-00C04F79EFBC}") = "BlankApp.UWP", "BlankApp.UWP\BlankApp.UWP.csproj", "{30D2046C-95BC-4A1D-ACBF-8CD7162B7A9D}"
EndProject
Global
	GlobalSection(SharedMSBuildProjectFiles) = preSolution
		BlankApp\BlankApp.projitems*{a0cdbd0e-3a41-42b7-9425-a838bc2c7383}*SharedItemsImports = 13
	EndGlobalSection
	GlobalSection(SolutionConfigurationPlatforms) = preSolution
		Ad-Hoc|Any CPU = Ad-Hoc|Any CPU
		Ad-Hoc|ARM = Ad-Hoc|ARM
		Ad-Hoc|iPhone = Ad-Hoc|iPhone
		Ad-Hoc|iPhoneSimulator = Ad-Hoc|iPhoneSimulator
		Ad-Hoc|x64 = Ad-Hoc|x64
		Ad-Hoc|x86 = Ad-Hoc|x86
		AppStore|Any CPU = AppStore|Any CPU
		AppStore|ARM = AppStore|ARM
		AppStore|iPhone = AppStore|iPhone
		AppStore|iPhoneSimulator = AppStore|iPhoneSimulator
		AppStore|x64 = AppStore|x64
		AppStore|x86 = AppStore|x86
		Debug|Any CPU = Debug|Any CPU
		Debug|ARM = Debug|ARM
		Debug|iPhone = Debug|iPhone
		Debug|iPhoneSimulator = Debug|iPhoneSimulator
		Debug|x64 = Debug|x64
		Debug|x86 = Debug|x86
		Release|Any CPU = Release|Any CPU
		Release|ARM = Release|ARM
		Release|iPhone = Release|iPhone
		Release|iPhoneSimulator = Release|iPhoneSimulator
		Release|x64 = Release|x64
		Release|x86 = Release|x86
	EndGlobalSection
	GlobalSection(ProjectConfigurationPlatforms) = postSolution
		{905B6B3B-33B1-49FB-B691-AE30F88CB4F5}.Ad-Hoc|Any CPU.ActiveCfg = Release|Any CPU
		{905B6B3B-33B1-49FB-B691-AE30F88CB4F5}.Ad-Hoc|Any CPU.Build.0 = Release|Any CPU
		{905B6B3B-33B1-49FB-B691-AE30F88CB4F5}.Ad-Hoc|ARM.ActiveCfg = Release|Any CPU
		{905B6B3B-33B1-49FB-B691-AE30F88CB4F5}.Ad-Hoc|ARM.Build.0 = Release|Any CPU
		{905B6B3B-33B1-49FB-B691-AE30F88CB4F5}.Ad-Hoc|iPhone.ActiveCfg = Release|Any CPU
		{905B6B3B-33B1-49FB-B691-AE30F88CB4F5}.Ad-Hoc|iPhone.Build.0 = Release|Any CPU
		{905B6B3B-33B1-49FB-B691-AE30F88CB4F5}.Ad-Hoc|iPhoneSimulator.ActiveCfg = Release|Any CPU
		{905B6B3B-33B1-49FB-B691-AE30F88CB4F5}.Ad-Hoc|iPhoneSimulator.Build.0 = Release|Any CPU
		{905B6B3B-33B1-49FB-B691-AE30F88CB4F5}.Ad-Hoc|x64.ActiveCfg = Release|Any CPU
		{905B6B3B-33B1-49FB-B691-AE30F88CB4F5}.Ad-Hoc|x64.Build.0 = Release|Any CPU
		{905B6B3B-33B1-49FB-B691-AE30F88CB4F5}.Ad-Hoc|x86.ActiveCfg = Release|Any CPU
		{905B6B3B-33B1-49FB-B691-AE30F88CB4F5}.Ad-Hoc|x86.Build.0 = Release|Any CPU
		{905B6B3B-33B1-49FB-B691-AE30F88CB4F5}.AppStore|Any CPU.ActiveCfg = Release|Any CPU
		{905B6B3B-33B1-49FB-B691-AE30F88CB4F5}.AppStore|Any CPU.Build.0 = Release|Any CPU
		{905B6B3B-33B1-49FB-B691-AE30F88CB4F5}.AppStore|ARM.ActiveCfg = Release|Any CPU
		{905B6B3B-33B1-49FB-B691-AE30F88CB4F5}.AppStore|ARM.Build.0 = Release|Any CPU
		{905B6B3B-33B1-49FB-B691-AE30F88CB4F5}.AppStore|iPhone.ActiveCfg = Release|Any CPU
		{905B6B3B-33B1-49FB-B691-AE30F88CB4F5}.AppStore|iPhone.Build.0 = Release|Any CPU
		{905B6B3B-33B1-49FB-B691-AE30F88CB4F5}.AppStore|iPhoneSimulator.ActiveCfg = Release|Any CPU
		{905B6B3B-33B1-49FB-B691-AE30F88CB4F5}.AppStore|iPhoneSimulator.Build.0 = Release|Any CPU
		{905B6B3B-33B1-49FB-B691-AE30F88CB4F5}.AppStore|x64.ActiveCfg = Release|Any CPU
		{905B6B3B-33B1-49FB-B691-AE30F88CB4F5}.AppStore|x64.Build.0 = Release|Any CPU
		{905B6B3B-33B1-49FB-B691-AE30F88CB4F5}.AppStore|x86.ActiveCfg = Release|Any CPU
		{905B6B3B-33B1-49FB-B691-AE30F88CB4F5}.AppStore|x86.Build.0 = Release|Any CPU
		{905B6B3B-33B1-49FB-B691-AE30F88CB4F5}.Debug|Any CPU.ActiveCfg = Debug|Any CPU
		{905B6B3B-33B1-49FB-B691-AE30F88CB4F5}.Debug|Any CPU.Build.0 = Debug|Any CPU
		{905B6B3B-33B1-49FB-B691-AE30F88CB4F5}.Debug|ARM.ActiveCfg = Debug|Any CPU
		{905B6B3B-33B1-49FB-B691-AE30F88CB4F5}.Debug|ARM.Build.0 = Debug|Any CPU
		{905B6B3B-33B1-49FB-B691-AE30F88CB4F5}.Debug|iPhone.ActiveCfg = Debug|Any CPU
		{905B6B3B-33B1-49FB-B691-AE30F88CB4F5}.Debug|iPhone.Build.0 = Debug|Any CPU
		{905B6B3B-33B1-49FB-B691-AE30F88CB4F5}.Debug|iPhoneSimulator.ActiveCfg = Debug|Any CPU
		{905B6B3B-33B1-49FB-B691-AE30F88CB4F5}.Debug|iPhoneSimulator.Build.0 = Debug|Any CPU
		{905B6B3B-33B1-49FB-B691-AE30F88CB4F5}.Debug|x64.ActiveCfg = Debug|Any CPU
		{905B6B3B-33B1-49FB-B691-AE30F88CB4F5}.Debug|x64.Build.0 = Debug|Any CPU
		{905B6B3B-33B1-49FB-B691-AE30F88CB4F5}.Debug|x86.ActiveCfg = Debug|Any CPU
		{905B6B3B-33B1-49FB-B691-AE30F88CB4F5}.Debug|x86.Build.0 = Debug|Any CPU
		{905B6B3B-33B1-49FB-B691-AE30F88CB4F5}.Release|Any CPU.ActiveCfg = Release|Any CPU
		{905B6B3B-33B1-49FB-B691-AE30F88CB4F5}.Release|Any CPU.Build.0 = Release|Any CPU
		{905B6B3B-33B1-49FB-B691-AE30F88CB4F5}.Release|ARM.ActiveCfg = Release|Any CPU
		{905B6B3B-33B1-49FB-B691-AE30F88CB4F5}.Release|ARM.Build.0 = Release|Any CPU
		{905B6B3B-33B1-49FB-B691-AE30F88CB4F5}.Release|iPhone.ActiveCfg = Release|Any CPU
		{905B6B3B-33B1-49FB-B691-AE30F88CB4F5}.Release|iPhone.Build.0 = Release|Any CPU
		{905B6B3B-33B1-49FB-B691-AE30F88CB4F5}.Release|iPhoneSimulator.ActiveCfg = Release|Any CPU
		{905B6B3B-33B1-49FB-B691-AE30F88CB4F5}.Release|iPhoneSimulator.Build.0 = Release|Any CPU
		{905B6B3B-33B1-49FB-B691-AE30F88CB4F5}.Release|x64.ActiveCfg = Release|Any CPU
		{905B6B3B-33B1-49FB-B691-AE30F88CB4F5}.Release|x64.Build.0 = Release|Any CPU
		{905B6B3B-33B1-49FB-B691-AE30F88CB4F5}.Release|x86.ActiveCfg = Release|Any CPU
		{905B6B3B-33B1-49FB-B691-AE30F88CB4F5}.Release|x86.Build.0 = Release|Any CPU
		{CA7AB65C-57DE-412C-AF42-E7E6EDDF2D5F}.Ad-Hoc|Any CPU.ActiveCfg = Ad-Hoc|iPhone
		{CA7AB65C-57DE-412C-AF42-E7E6EDDF2D5F}.Ad-Hoc|ARM.ActiveCfg = Ad-Hoc|iPhone
		{CA7AB65C-57DE-412C-AF42-E7E6EDDF2D5F}.Ad-Hoc|iPhone.ActiveCfg = Ad-Hoc|iPhone
		{CA7AB65C-57DE-412C-AF42-E7E6EDDF2D5F}.Ad-Hoc|iPhone.Build.0 = Ad-Hoc|iPhone
		{CA7AB65C-57DE-412C-AF42-E7E6EDDF2D5F}.Ad-Hoc|iPhoneSimulator.ActiveCfg = Ad-Hoc|iPhoneSimulator
		{CA7AB65C-57DE-412C-AF42-E7E6EDDF2D5F}.Ad-Hoc|iPhoneSimulator.Build.0 = Ad-Hoc|iPhoneSimulator
		{CA7AB65C-57DE-412C-AF42-E7E6EDDF2D5F}.Ad-Hoc|x64.ActiveCfg = Ad-Hoc|iPhone
		{CA7AB65C-57DE-412C-AF42-E7E6EDDF2D5F}.Ad-Hoc|x86.ActiveCfg = Ad-Hoc|iPhone
		{CA7AB65C-57DE-412C-AF42-E7E6EDDF2D5F}.AppStore|Any CPU.ActiveCfg = AppStore|iPhone
		{CA7AB65C-57DE-412C-AF42-E7E6EDDF2D5F}.AppStore|ARM.ActiveCfg = AppStore|iPhone
		{CA7AB65C-57DE-412C-AF42-E7E6EDDF2D5F}.AppStore|iPhone.ActiveCfg = AppStore|iPhone
		{CA7AB65C-57DE-412C-AF42-E7E6EDDF2D5F}.AppStore|iPhone.Build.0 = AppStore|iPhone
		{CA7AB65C-57DE-412C-AF42-E7E6EDDF2D5F}.AppStore|iPhoneSimulator.ActiveCfg = AppStore|iPhoneSimulator
		{CA7AB65C-57DE-412C-AF42-E7E6EDDF2D5F}.AppStore|iPhoneSimulator.Build.0 = AppStore|iPhoneSimulator
		{CA7AB65C-57DE-412C-AF42-E7E6EDDF2D5F}.AppStore|x64.ActiveCfg = AppStore|iPhone
		{CA7AB65C-57DE-412C-AF42-E7E6EDDF2D5F}.AppStore|x86.ActiveCfg = AppStore|iPhone
		{CA7AB65C-57DE-412C-AF42-E7E6EDDF2D5F}.Debug|Any CPU.ActiveCfg = Debug|iPhone
		{CA7AB65C-57DE-412C-AF42-E7E6EDDF2D5F}.Debug|ARM.ActiveCfg = Debug|iPhone
		{CA7AB65C-57DE-412C-AF42-E7E6EDDF2D5F}.Debug|iPhone.ActiveCfg = Debug|iPhone
		{CA7AB65C-57DE-412C-AF42-E7E6EDDF2D5F}.Debug|iPhone.Build.0 = Debug|iPhone
		{CA7AB65C-57DE-412C-AF42-E7E6EDDF2D5F}.Debug|iPhoneSimulator.ActiveCfg = Debug|iPhoneSimulator
		{CA7AB65C-57DE-412C-AF42-E7E6EDDF2D5F}.Debug|iPhoneSimulator.Build.0 = Debug|iPhoneSimulator
		{CA7AB65C-57DE-412C-AF42-E7E6EDDF2D5F}.Debug|x64.ActiveCfg = Debug|iPhone
		{CA7AB65C-57DE-412C-AF42-E7E6EDDF2D5F}.Debug|x86.ActiveCfg = Debug|iPhone
		{CA7AB65C-57DE-412C-AF42-E7E6EDDF2D5F}.Release|Any CPU.ActiveCfg = Release|iPhone
		{CA7AB65C-57DE-412C-AF42-E7E6EDDF2D5F}.Release|ARM.ActiveCfg = Release|iPhone
		{CA7AB65C-57DE-412C-AF42-E7E6EDDF2D5F}.Release|iPhone.ActiveCfg = Release|iPhone
		{CA7AB65C-57DE-412C-AF42-E7E6EDDF2D5F}.Release|iPhone.Build.0 = Release|iPhone
		{CA7AB65C-57DE-412C-AF42-E7E6EDDF2D5F}.Release|iPhoneSimulator.ActiveCfg = Release|iPhoneSimulator
		{CA7AB65C-57DE-412C-AF42-E7E6EDDF2D5F}.Release|iPhoneSimulator.Build.0 = Release|iPhoneSimulator
		{CA7AB65C-57DE-412C-AF42-E7E6EDDF2D5F}.Release|x64.ActiveCfg = Release|iPhone
		{CA7AB65C-57DE-412C-AF42-E7E6EDDF2D5F}.Release|x86.ActiveCfg = Release|iPhone
		{410C0262-131C-4D0E-910D-D01B4F7143E0}.Ad-Hoc|Any CPU.ActiveCfg = Release|Any CPU
		{410C0262-131C-4D0E-910D-D01B4F7143E0}.Ad-Hoc|Any CPU.Build.0 = Release|Any CPU
		{410C0262-131C-4D0E-910D-D01B4F7143E0}.Ad-Hoc|Any CPU.Deploy.0 = Release|Any CPU
		{410C0262-131C-4D0E-910D-D01B4F7143E0}.Ad-Hoc|ARM.ActiveCfg = Release|Any CPU
		{410C0262-131C-4D0E-910D-D01B4F7143E0}.Ad-Hoc|ARM.Build.0 = Release|Any CPU
		{410C0262-131C-4D0E-910D-D01B4F7143E0}.Ad-Hoc|ARM.Deploy.0 = Release|Any CPU
		{410C0262-131C-4D0E-910D-D01B4F7143E0}.Ad-Hoc|iPhone.ActiveCfg = Release|Any CPU
		{410C0262-131C-4D0E-910D-D01B4F7143E0}.Ad-Hoc|iPhone.Build.0 = Release|Any CPU
		{410C0262-131C-4D0E-910D-D01B4F7143E0}.Ad-Hoc|iPhone.Deploy.0 = Release|Any CPU
		{410C0262-131C-4D0E-910D-D01B4F7143E0}.Ad-Hoc|iPhoneSimulator.ActiveCfg = Release|Any CPU
		{410C0262-131C-4D0E-910D-D01B4F7143E0}.Ad-Hoc|iPhoneSimulator.Build.0 = Release|Any CPU
		{410C0262-131C-4D0E-910D-D01B4F7143E0}.Ad-Hoc|iPhoneSimulator.Deploy.0 = Release|Any CPU
		{410C0262-131C-4D0E-910D-D01B4F7143E0}.Ad-Hoc|x64.ActiveCfg = Release|Any CPU
		{410C0262-131C-4D0E-910D-D01B4F7143E0}.Ad-Hoc|x64.Build.0 = Release|Any CPU
		{410C0262-131C-4D0E-910D-D01B4F7143E0}.Ad-Hoc|x64.Deploy.0 = Release|Any CPU
		{410C0262-131C-4D0E-910D-D01B4F7143E0}.Ad-Hoc|x86.ActiveCfg = Release|Any CPU
		{410C0262-131C-4D0E-910D-D01B4F7143E0}.Ad-Hoc|x86.Build.0 = Release|Any CPU
		{410C0262-131C-4D0E-910D-D01B4F7143E0}.Ad-Hoc|x86.Deploy.0 = Release|Any CPU
		{410C0262-131C-4D0E-910D-D01B4F7143E0}.AppStore|Any CPU.ActiveCfg = Release|Any CPU
		{410C0262-131C-4D0E-910D-D01B4F7143E0}.AppStore|Any CPU.Build.0 = Release|Any CPU
		{410C0262-131C-4D0E-910D-D01B4F7143E0}.AppStore|Any CPU.Deploy.0 = Release|Any CPU
		{410C0262-131C-4D0E-910D-D01B4F7143E0}.AppStore|ARM.ActiveCfg = Release|Any CPU
		{410C0262-131C-4D0E-910D-D01B4F7143E0}.AppStore|ARM.Build.0 = Release|Any CPU
		{410C0262-131C-4D0E-910D-D01B4F7143E0}.AppStore|ARM.Deploy.0 = Release|Any CPU
		{410C0262-131C-4D0E-910D-D01B4F7143E0}.AppStore|iPhone.ActiveCfg = Release|Any CPU
		{410C0262-131C-4D0E-910D-D01B4F7143E0}.AppStore|iPhone.Build.0 = Release|Any CPU
		{410C0262-131C-4D0E-910D-D01B4F7143E0}.AppStore|iPhone.Deploy.0 = Release|Any CPU
		{410C0262-131C-4D0E-910D-D01B4F7143E0}.AppStore|iPhoneSimulator.ActiveCfg = Release|Any CPU
		{410C0262-131C-4D0E-910D-D01B4F7143E0}.AppStore|iPhoneSimulator.Build.0 = Release|Any CPU
		{410C0262-131C-4D0E-910D-D01B4F7143E0}.AppStore|iPhoneSimulator.Deploy.0 = Release|Any CPU
		{410C0262-131C-4D0E-910D-D01B4F7143E0}.AppStore|x64.ActiveCfg = Release|Any CPU
		{410C0262-131C-4D0E-910D-D01B4F7143E0}.AppStore|x64.Build.0 = Release|Any CPU
		{410C0262-131C-4D0E-910D-D01B4F7143E0}.AppStore|x64.Deploy.0 = Release|Any CPU
		{410C0262-131C-4D0E-910D-D01B4F7143E0}.AppStore|x86.ActiveCfg = Release|Any CPU
		{410C0262-131C-4D0E-910D-D01B4F7143E0}.AppStore|x86.Build.0 = Release|Any CPU
		{410C0262-131C-4D0E-910D-D01B4F7143E0}.AppStore|x86.Deploy.0 = Release|Any CPU
		{410C0262-131C-4D0E-910D-D01B4F7143E0}.Debug|Any CPU.ActiveCfg = Debug|Any CPU
		{410C0262-131C-4D0E-910D-D01B4F7143E0}.Debug|Any CPU.Build.0 = Debug|Any CPU
		{410C0262-131C-4D0E-910D-D01B4F7143E0}.Debug|Any CPU.Deploy.0 = Debug|Any CPU
		{410C0262-131C-4D0E-910D-D01B4F7143E0}.Debug|ARM.ActiveCfg = Debug|Any CPU
		{410C0262-131C-4D0E-910D-D01B4F7143E0}.Debug|ARM.Build.0 = Debug|Any CPU
		{410C0262-131C-4D0E-910D-D01B4F7143E0}.Debug|ARM.Deploy.0 = Debug|Any CPU
		{410C0262-131C-4D0E-910D-D01B4F7143E0}.Debug|iPhone.ActiveCfg = Debug|Any CPU
		{410C0262-131C-4D0E-910D-D01B4F7143E0}.Debug|iPhone.Build.0 = Debug|Any CPU
		{410C0262-131C-4D0E-910D-D01B4F7143E0}.Debug|iPhone.Deploy.0 = Debug|Any CPU
		{410C0262-131C-4D0E-910D-D01B4F7143E0}.Debug|iPhoneSimulator.ActiveCfg = Debug|Any CPU
		{410C0262-131C-4D0E-910D-D01B4F7143E0}.Debug|iPhoneSimulator.Build.0 = Debug|Any CPU
		{410C0262-131C-4D0E-910D-D01B4F7143E0}.Debug|iPhoneSimulator.Deploy.0 = Debug|Any CPU
		{410C0262-131C-4D0E-910D-D01B4F7143E0}.Debug|x64.ActiveCfg = Debug|Any CPU
		{410C0262-131C-4D0E-910D-D01B4F7143E0}.Debug|x64.Build.0 = Debug|Any CPU
		{410C0262-131C-4D0E-910D-D01B4F7143E0}.Debug|x64.Deploy.0 = Debug|Any CPU
		{410C0262-131C-4D0E-910D-D01B4F7143E0}.Debug|x86.ActiveCfg = Debug|Any CPU
		{410C0262-131C-4D0E-910D-D01B4F7143E0}.Debug|x86.Build.0 = Debug|Any CPU
		{410C0262-131C-4D0E-910D-D01B4F7143E0}.Debug|x86.Deploy.0 = Debug|Any CPU
		{410C0262-131C-4D0E-910D-D01B4F7143E0}.Release|Any CPU.ActiveCfg = Release|Any CPU
		{410C0262-131C-4D0E-910D-D01B4F7143E0}.Release|Any CPU.Build.0 = Release|Any CPU
		{410C0262-131C-4D0E-910D-D01B4F7143E0}.Release|Any CPU.Deploy.0 = Release|Any CPU
		{410C0262-131C-4D0E-910D-D01B4F7143E0}.Release|ARM.ActiveCfg = Release|Any CPU
		{410C0262-131C-4D0E-910D-D01B4F7143E0}.Release|ARM.Build.0 = Release|Any CPU
		{410C0262-131C-4D0E-910D-D01B4F7143E0}.Release|ARM.Deploy.0 = Release|Any CPU
		{410C0262-131C-4D0E-910D-D01B4F7143E0}.Release|iPhone.ActiveCfg = Release|Any CPU
		{410C0262-131C-4D0E-910D-D01B4F7143E0}.Release|iPhone.Build.0 = Release|Any CPU
		{410C0262-131C-4D0E-910D-D01B4F7143E0}.Release|iPhone.Deploy.0 = Release|Any CPU
		{410C0262-131C-4D0E-910D-D01B4F7143E0}.Release|iPhoneSimulator.ActiveCfg = Release|Any CPU
		{410C0262-131C-4D0E-910D-D01B4F7143E0}.Release|iPhoneSimulator.Build.0 = Release|Any CPU
		{410C0262-131C-4D0E-910D-D01B4F7143E0}.Release|iPhoneSimulator.Deploy.0 = Release|Any CPU
		{410C0262-131C-4D0E-910D-D01B4F7143E0}.Release|x64.ActiveCfg = Release|Any CPU
		{410C0262-131C-4D0E-910D-D01B4F7143E0}.Release|x64.Build.0 = Release|Any CPU
		{410C0262-131C-4D0E-910D-D01B4F7143E0}.Release|x64.Deploy.0 = Release|Any CPU
		{410C0262-131C-4D0E-910D-D01B4F7143E0}.Release|x86.ActiveCfg = Release|Any CPU
		{410C0262-131C-4D0E-910D-D01B4F7143E0}.Release|x86.Build.0 = Release|Any CPU
		{410C0262-131C-4D0E-910D-D01B4F7143E0}.Release|x86.Deploy.0 = Release|Any CPU
		{0D8FE56C-CC1F-438D-8472-D5A6A17AEA26}.Ad-Hoc|Any CPU.ActiveCfg = Release|x86
		{0D8FE56C-CC1F-438D-8472-D5A6A17AEA26}.Ad-Hoc|Any CPU.Build.0 = Release|x86
		{0D8FE56C-CC1F-438D-8472-D5A6A17AEA26}.Ad-Hoc|ARM.ActiveCfg = Release|x86
		{0D8FE56C-CC1F-438D-8472-D5A6A17AEA26}.Ad-Hoc|ARM.Build.0 = Release|x86
		{0D8FE56C-CC1F-438D-8472-D5A6A17AEA26}.Ad-Hoc|iPhone.ActiveCfg = Release|x86
		{0D8FE56C-CC1F-438D-8472-D5A6A17AEA26}.Ad-Hoc|iPhone.Build.0 = Release|x86
		{0D8FE56C-CC1F-438D-8472-D5A6A17AEA26}.Ad-Hoc|iPhoneSimulator.ActiveCfg = Release|x86
		{0D8FE56C-CC1F-438D-8472-D5A6A17AEA26}.Ad-Hoc|iPhoneSimulator.Build.0 = Release|x86
		{0D8FE56C-CC1F-438D-8472-D5A6A17AEA26}.Ad-Hoc|x64.ActiveCfg = Release|x86
		{0D8FE56C-CC1F-438D-8472-D5A6A17AEA26}.Ad-Hoc|x64.Build.0 = Release|x86
		{0D8FE56C-CC1F-438D-8472-D5A6A17AEA26}.Ad-Hoc|x86.ActiveCfg = Release|x86
		{0D8FE56C-CC1F-438D-8472-D5A6A17AEA26}.Ad-Hoc|x86.Build.0 = Release|x86
		{0D8FE56C-CC1F-438D-8472-D5A6A17AEA26}.AppStore|Any CPU.ActiveCfg = Release|x86
		{0D8FE56C-CC1F-438D-8472-D5A6A17AEA26}.AppStore|Any CPU.Build.0 = Release|x86
		{0D8FE56C-CC1F-438D-8472-D5A6A17AEA26}.AppStore|ARM.ActiveCfg = Release|x86
		{0D8FE56C-CC1F-438D-8472-D5A6A17AEA26}.AppStore|ARM.Build.0 = Release|x86
		{0D8FE56C-CC1F-438D-8472-D5A6A17AEA26}.AppStore|iPhone.ActiveCfg = Release|x86
		{0D8FE56C-CC1F-438D-8472-D5A6A17AEA26}.AppStore|iPhone.Build.0 = Release|x86
		{0D8FE56C-CC1F-438D-8472-D5A6A17AEA26}.AppStore|iPhoneSimulator.ActiveCfg = Release|x86
		{0D8FE56C-CC1F-438D-8472-D5A6A17AEA26}.AppStore|iPhoneSimulator.Build.0 = Release|x86
		{0D8FE56C-CC1F-438D-8472-D5A6A17AEA26}.AppStore|x64.ActiveCfg = Release|x86
		{0D8FE56C-CC1F-438D-8472-D5A6A17AEA26}.AppStore|x64.Build.0 = Release|x86
		{0D8FE56C-CC1F-438D-8472-D5A6A17AEA26}.AppStore|x86.ActiveCfg = Release|x86
		{0D8FE56C-CC1F-438D-8472-D5A6A17AEA26}.AppStore|x86.Build.0 = Release|x86
		{0D8FE56C-CC1F-438D-8472-D5A6A17AEA26}.Debug|Any CPU.ActiveCfg = Debug|x86
		{0D8FE56C-CC1F-438D-8472-D5A6A17AEA26}.Debug|ARM.ActiveCfg = Debug|x86
		{0D8FE56C-CC1F-438D-8472-D5A6A17AEA26}.Debug|iPhone.ActiveCfg = Debug|x86
		{0D8FE56C-CC1F-438D-8472-D5A6A17AEA26}.Debug|iPhoneSimulator.ActiveCfg = Debug|x86
		{0D8FE56C-CC1F-438D-8472-D5A6A17AEA26}.Debug|x64.ActiveCfg = Debug|x86
		{0D8FE56C-CC1F-438D-8472-D5A6A17AEA26}.Debug|x86.ActiveCfg = Debug|x86
		{0D8FE56C-CC1F-438D-8472-D5A6A17AEA26}.Debug|x86.Build.0 = Debug|x86
		{0D8FE56C-CC1F-438D-8472-D5A6A17AEA26}.Release|Any CPU.ActiveCfg = Release|x86
		{0D8FE56C-CC1F-438D-8472-D5A6A17AEA26}.Release|ARM.ActiveCfg = Release|x86
		{0D8FE56C-CC1F-438D-8472-D5A6A17AEA26}.Release|iPhone.ActiveCfg = Release|x86
		{0D8FE56C-CC1F-438D-8472-D5A6A17AEA26}.Release|iPhoneSimulator.ActiveCfg = Release|x86
		{0D8FE56C-CC1F-438D-8472-D5A6A17AEA26}.Release|x64.ActiveCfg = Release|x86
		{0D8FE56C-CC1F-438D-8472-D5A6A17AEA26}.Release|x86.ActiveCfg = Release|x86
		{0D8FE56C-CC1F-438D-8472-D5A6A17AEA26}.Release|x86.Build.0 = Release|x86
		{30D2046C-95BC-4A1D-ACBF-8CD7162B7A9D}.Ad-Hoc|Any CPU.ActiveCfg = Release|x86
		{30D2046C-95BC-4A1D-ACBF-8CD7162B7A9D}.Ad-Hoc|Any CPU.Build.0 = Release|x86
		{30D2046C-95BC-4A1D-ACBF-8CD7162B7A9D}.Ad-Hoc|Any CPU.Deploy.0 = Release|x86
		{30D2046C-95BC-4A1D-ACBF-8CD7162B7A9D}.Ad-Hoc|ARM.ActiveCfg = Release|ARM
		{30D2046C-95BC-4A1D-ACBF-8CD7162B7A9D}.Ad-Hoc|ARM.Build.0 = Release|ARM
		{30D2046C-95BC-4A1D-ACBF-8CD7162B7A9D}.Ad-Hoc|ARM.Deploy.0 = Release|ARM
		{30D2046C-95BC-4A1D-ACBF-8CD7162B7A9D}.Ad-Hoc|iPhone.ActiveCfg = Release|x86
		{30D2046C-95BC-4A1D-ACBF-8CD7162B7A9D}.Ad-Hoc|iPhone.Build.0 = Release|x86
		{30D2046C-95BC-4A1D-ACBF-8CD7162B7A9D}.Ad-Hoc|iPhone.Deploy.0 = Release|x86
		{30D2046C-95BC-4A1D-ACBF-8CD7162B7A9D}.Ad-Hoc|iPhoneSimulator.ActiveCfg = Release|x86
		{30D2046C-95BC-4A1D-ACBF-8CD7162B7A9D}.Ad-Hoc|iPhoneSimulator.Build.0 = Release|x86
		{30D2046C-95BC-4A1D-ACBF-8CD7162B7A9D}.Ad-Hoc|iPhoneSimulator.Deploy.0 = Release|x86
		{30D2046C-95BC-4A1D-ACBF-8CD7162B7A9D}.Ad-Hoc|x64.ActiveCfg = Release|x64
		{30D2046C-95BC-4A1D-ACBF-8CD7162B7A9D}.Ad-Hoc|x64.Build.0 = Release|x64
		{30D2046C-95BC-4A1D-ACBF-8CD7162B7A9D}.Ad-Hoc|x64.Deploy.0 = Release|x64
		{30D2046C-95BC-4A1D-ACBF-8CD7162B7A9D}.Ad-Hoc|x86.ActiveCfg = Release|x86
		{30D2046C-95BC-4A1D-ACBF-8CD7162B7A9D}.Ad-Hoc|x86.Build.0 = Release|x86
		{30D2046C-95BC-4A1D-ACBF-8CD7162B7A9D}.Ad-Hoc|x86.Deploy.0 = Release|x86
		{30D2046C-95BC-4A1D-ACBF-8CD7162B7A9D}.AppStore|Any CPU.ActiveCfg = Release|x86
		{30D2046C-95BC-4A1D-ACBF-8CD7162B7A9D}.AppStore|Any CPU.Build.0 = Release|x86
		{30D2046C-95BC-4A1D-ACBF-8CD7162B7A9D}.AppStore|Any CPU.Deploy.0 = Release|x86
		{30D2046C-95BC-4A1D-ACBF-8CD7162B7A9D}.AppStore|ARM.ActiveCfg = Release|ARM
		{30D2046C-95BC-4A1D-ACBF-8CD7162B7A9D}.AppStore|ARM.Build.0 = Release|ARM
		{30D2046C-95BC-4A1D-ACBF-8CD7162B7A9D}.AppStore|ARM.Deploy.0 = Release|ARM
		{30D2046C-95BC-4A1D-ACBF-8CD7162B7A9D}.AppStore|iPhone.ActiveCfg = Release|x86
		{30D2046C-95BC-4A1D-ACBF-8CD7162B7A9D}.AppStore|iPhone.Build.0 = Release|x86
		{30D2046C-95BC-4A1D-ACBF-8CD7162B7A9D}.AppStore|iPhone.Deploy.0 = Release|x86
		{30D2046C-95BC-4A1D-ACBF-8CD7162B7A9D}.AppStore|iPhoneSimulator.ActiveCfg = Release|x86
		{30D2046C-95BC-4A1D-ACBF-8CD7162B7A9D}.AppStore|iPhoneSimulator.Build.0 = Release|x86
		{30D2046C-95BC-4A1D-ACBF-8CD7162B7A9D}.AppStore|iPhoneSimulator.Deploy.0 = Release|x86
		{30D2046C-95BC-4A1D-ACBF-8CD7162B7A9D}.AppStore|x64.ActiveCfg = Release|x64
		{30D2046C-95BC-4A1D-ACBF-8CD7162B7A9D}.AppStore|x64.Build.0 = Release|x64
		{30D2046C-95BC-4A1D-ACBF-8CD7162B7A9D}.AppStore|x64.Deploy.0 = Release|x64
		{30D2046C-95BC-4A1D-ACBF-8CD7162B7A9D}.AppStore|x86.ActiveCfg = Release|x86
		{30D2046C-95BC-4A1D-ACBF-8CD7162B7A9D}.AppStore|x86.Build.0 = Release|x86
		{30D2046C-95BC-4A1D-ACBF-8CD7162B7A9D}.AppStore|x86.Deploy.0 = Release|x86
		{30D2046C-95BC-4A1D-ACBF-8CD7162B7A9D}.Debug|Any CPU.ActiveCfg = Debug|x86
		{30D2046C-95BC-4A1D-ACBF-8CD7162B7A9D}.Debug|ARM.ActiveCfg = Debug|ARM
		{30D2046C-95BC-4A1D-ACBF-8CD7162B7A9D}.Debug|ARM.Build.0 = Debug|ARM
		{30D2046C-95BC-4A1D-ACBF-8CD7162B7A9D}.Debug|ARM.Deploy.0 = Debug|ARM
		{30D2046C-95BC-4A1D-ACBF-8CD7162B7A9D}.Debug|iPhone.ActiveCfg = Debug|x86
		{30D2046C-95BC-4A1D-ACBF-8CD7162B7A9D}.Debug|iPhoneSimulator.ActiveCfg = Debug|x86
		{30D2046C-95BC-4A1D-ACBF-8CD7162B7A9D}.Debug|x64.ActiveCfg = Debug|x64
		{30D2046C-95BC-4A1D-ACBF-8CD7162B7A9D}.Debug|x64.Build.0 = Debug|x64
		{30D2046C-95BC-4A1D-ACBF-8CD7162B7A9D}.Debug|x64.Deploy.0 = Debug|x64
		{30D2046C-95BC-4A1D-ACBF-8CD7162B7A9D}.Debug|x86.ActiveCfg = Debug|x86
		{30D2046C-95BC-4A1D-ACBF-8CD7162B7A9D}.Debug|x86.Build.0 = Debug|x86
		{30D2046C-95BC-4A1D-ACBF-8CD7162B7A9D}.Debug|x86.Deploy.0 = Debug|x86
		{30D2046C-95BC-4A1D-ACBF-8CD7162B7A9D}.Release|Any CPU.ActiveCfg = Release|x86
		{30D2046C-95BC-4A1D-ACBF-8CD7162B7A9D}.Release|ARM.ActiveCfg = Release|ARM
		{30D2046C-95BC-4A1D-ACBF-8CD7162B7A9D}.Release|ARM.Build.0 = Release|ARM
		{30D2046C-95BC-4A1D-ACBF-8CD7162B7A9D}.Release|ARM.Deploy.0 = Release|ARM
		{30D2046C-95BC-4A1D-ACBF-8CD7162B7A9D}.Release|iPhone.ActiveCfg = Release|x86
		{30D2046C-95BC-4A1D-ACBF-8CD7162B7A9D}.Release|iPhoneSimulator.ActiveCfg = Release|x86
		{30D2046C-95BC-4A1D-ACBF-8CD7162B7A9D}.Release|x64.ActiveCfg = Release|x64
		{30D2046C-95BC-4A1D-ACBF-8CD7162B7A9D}.Release|x64.Build.0 = Release|x64
		{30D2046C-95BC-4A1D-ACBF-8CD7162B7A9D}.Release|x64.Deploy.0 = Release|x64
		{30D2046C-95BC-4A1D-ACBF-8CD7162B7A9D}.Release|x86.ActiveCfg = Release|x86
		{30D2046C-95BC-4A1D-ACBF-8CD7162B7A9D}.Release|x86.Build.0 = Release|x86
		{30D2046C-95BC-4A1D-ACBF-8CD7162B7A9D}.Release|x86.Deploy.0 = Release|x86
	EndGlobalSection
	GlobalSection(SolutionProperties) = preSolution
		HideSolutionNode = FALSE
	EndGlobalSection
	GlobalSection(ExtensibilityGlobals) = postSolution
		SolutionGuid = {A67278A2-A06E-411F-A5D5-2FCF3D9DDC04}
	EndGlobalSection
EndGlobal
