
Microsoft Visual Studio Solution File, Format Version 11.00
# Visual Studio 2010
Project("{FAE04EC0-301F-11D3-BF4B-00C04F79EFBC}") = "RolePlayingGame", "RolePlayingGame.csproj", "{75200892-E593-49EE-82D5-F59DB45883AD}"
EndProject
Project("{FAE04EC0-301F-11D3-BF4B-00C04F79EFBC}") = "MonoGame.Framework.MacOS", "..\..\..\MonoGame.Framework\MonoGame.Framework.MacOS.csproj", "{36C538E6-C32A-4A8D-A39C-566173D7118E}"
EndProject
Project("{FAE04EC0-301F-11D3-BF4B-00C04F79EFBC}") = "Lidgren.Network.MacOS", "..\..\..\ThirdParty\Lidgren.Network\Lidgren.Network.MacOS.csproj", "{AE483C29-042E-4226-BA52-D247CE7676DA}"
EndProject
Project("{FAE04EC0-301F-11D3-BF4B-00C04F79EFBC}") = "RolePlayingGameData", "RolePlayingGameData\RolePlayingGameData.csproj", "{098BBC2D-63A6-4C22-8A30-E6C4F4FC0AC4}"
EndProject
Global
	GlobalSection(SolutionConfigurationPlatforms) = preSolution
		Debug|Any CPU = Debug|Any CPU
		Release|Any CPU = Release|Any CPU
		Distribution|Any CPU = Distribution|Any CPU
	EndGlobalSection
	GlobalSection(ProjectConfigurationPlatforms) = postSolution
		{098BBC2D-63A6-4C22-8A30-E6C4F4FC0AC4}.Debug|Any CPU.ActiveCfg = Debug|Any CPU
		{098BBC2D-63A6-4C22-8A30-E6C4F4FC0AC4}.Debug|Any CPU.Build.0 = Debug|Any CPU
		{098BBC2D-63A6-4C22-8A30-E6C4F4FC0AC4}.Distribution|Any CPU.ActiveCfg = Debug|Any CPU
		{098BBC2D-63A6-4C22-8A30-E6C4F4FC0AC4}.Distribution|Any CPU.Build.0 = Debug|Any CPU
		{098BBC2D-63A6-4C22-8A30-E6C4F4FC0AC4}.Release|Any CPU.ActiveCfg = Release|Any CPU
		{098BBC2D-63A6-4C22-8A30-E6C4F4FC0AC4}.Release|Any CPU.Build.0 = Release|Any CPU
		{36C538E6-C32A-4A8D-A39C-566173D7118E}.Debug|Any CPU.ActiveCfg = Debug|Any CPU
		{36C538E6-C32A-4A8D-A39C-566173D7118E}.Debug|Any CPU.Build.0 = Debug|Any CPU
		{36C538E6-C32A-4A8D-A39C-566173D7118E}.Distribution|Any CPU.ActiveCfg = Distribution|Any CPU
		{36C538E6-C32A-4A8D-A39C-566173D7118E}.Distribution|Any CPU.Build.0 = Distribution|Any CPU
		{36C538E6-C32A-4A8D-A39C-566173D7118E}.Release|Any CPU.ActiveCfg = Release|Any CPU
		{36C538E6-C32A-4A8D-A39C-566173D7118E}.Release|Any CPU.Build.0 = Release|Any CPU
		{75200892-E593-49EE-82D5-F59DB45883AD}.Debug|Any CPU.ActiveCfg = Debug|Any CPU
		{75200892-E593-49EE-82D5-F59DB45883AD}.Debug|Any CPU.Build.0 = Debug|Any CPU
		{75200892-E593-49EE-82D5-F59DB45883AD}.Release|Any CPU.ActiveCfg = Release|Any CPU
		{75200892-E593-49EE-82D5-F59DB45883AD}.Release|Any CPU.Build.0 = Release|Any CPU
		{AE483C29-042E-4226-BA52-D247CE7676DA}.Debug|Any CPU.ActiveCfg = Debug|Any CPU
		{AE483C29-042E-4226-BA52-D247CE7676DA}.Debug|Any CPU.Build.0 = Debug|Any CPU
		{AE483C29-042E-4226-BA52-D247CE7676DA}.Distribution|Any CPU.ActiveCfg = Debug|Any CPU
		{AE483C29-042E-4226-BA52-D247CE7676DA}.Distribution|Any CPU.Build.0 = Debug|Any CPU
		{AE483C29-042E-4226-BA52-D247CE7676DA}.Release|Any CPU.ActiveCfg = Release|Any CPU
		{AE483C29-042E-4226-BA52-D247CE7676DA}.Release|Any CPU.Build.0 = Release|Any CPU
	EndGlobalSection
	GlobalSection(MonoDevelopProperties) = preSolution
		StartupItem = RolePlayingGame.csproj
	EndGlobalSection
EndGlobal
