
Microsoft Visual Studio Solution File, Format Version 11.00
# Visual Studio 2010
Project("{FAE04EC0-301F-11D3-BF4B-00C04F79EFBC}") = "MGCB", "MGCB.csproj", "{DCC0B1AD-8DC5-41C1-B6EC-404534CDEB32}"
EndProject
Project("{FAE04EC0-301F-11D3-BF4B-00C04F79EFBC}") = "MonoGame.Framework.Content.Pipeline.Windows", "..\..\MonoGame.Framework.Content.Pipeline\MonoGame.Framework.Content.Pipeline.Windows.csproj", "{B950DE10-AC5D-4BD9-B817-51247C4A732D}"
EndProject
Project("{FAE04EC0-301F-11D3-BF4B-00C04F79EFBC}") = "MonoGame.Framework.Windows", "..\..\MonoGame.Framework\MonoGame.Framework.Windows.csproj", "{7DE47032-A904-4C29-BD22-2D235E8D91BA}"
EndProject
Global
	GlobalSection(SolutionConfigurationPlatforms) = preSolution
		Debug|Any CPU = Debug|Any CPU
		Release|Any CPU = Release|Any CPU
		DebugLinux|Any CPU = DebugLinux|Any CPU
		ReleaseLinux|Any CPU = ReleaseLinux|Any CPU
		ReleaseMacOS|Any CPU = ReleaseMacOS|Any CPU
		DebugMacOS|Any CPU = DebugMacOS|Any CPU
	EndGlobalSection
	GlobalSection(ProjectConfigurationPlatforms) = postSolution
		{7DE47032-A904-4C29-BD22-2D235E8D91BA}.Debug|Any CPU.ActiveCfg = Debug|Any CPU
		{7DE47032-A904-4C29-BD22-2D235E8D91BA}.Debug|Any CPU.Build.0 = Debug|Any CPU
		{7DE47032-A904-4C29-BD22-2D235E8D91BA}.DebugLinux|Any CPU.ActiveCfg = DebugLinux|Any CPU
		{7DE47032-A904-4C29-BD22-2D235E8D91BA}.DebugLinux|Any CPU.Build.0 = DebugLinux|Any CPU
		{7DE47032-A904-4C29-BD22-2D235E8D91BA}.DebugMacOS|Any CPU.ActiveCfg = DebugMacOS|Any CPU
		{7DE47032-A904-4C29-BD22-2D235E8D91BA}.DebugMacOS|Any CPU.Build.0 = DebugMacOS|Any CPU
		{7DE47032-A904-4C29-BD22-2D235E8D91BA}.Release|Any CPU.ActiveCfg = Release|Any CPU
		{7DE47032-A904-4C29-BD22-2D235E8D91BA}.Release|Any CPU.Build.0 = Release|Any CPU
		{7DE47032-A904-4C29-BD22-2D235E8D91BA}.ReleaseLinux|Any CPU.ActiveCfg = ReleaseLinux|Any CPU
		{7DE47032-A904-4C29-BD22-2D235E8D91BA}.ReleaseLinux|Any CPU.Build.0 = ReleaseLinux|Any CPU
		{7DE47032-A904-4C29-BD22-2D235E8D91BA}.ReleaseMacOS|Any CPU.ActiveCfg = ReleaseMacOS|Any CPU
		{7DE47032-A904-4C29-BD22-2D235E8D91BA}.ReleaseMacOS|Any CPU.Build.0 = ReleaseMacOS|Any CPU
		{B950DE10-AC5D-4BD9-B817-51247C4A732D}.Debug|Any CPU.ActiveCfg = Debug|Any CPU
		{B950DE10-AC5D-4BD9-B817-51247C4A732D}.Debug|Any CPU.Build.0 = Debug|Any CPU
		{B950DE10-AC5D-4BD9-B817-51247C4A732D}.DebugLinux|Any CPU.ActiveCfg = DebugLinux|Any CPU
		{B950DE10-AC5D-4BD9-B817-51247C4A732D}.DebugLinux|Any CPU.Build.0 = DebugLinux|Any CPU
		{B950DE10-AC5D-4BD9-B817-51247C4A732D}.DebugMacOS|Any CPU.ActiveCfg = DebugMacOS|Any CPU
		{B950DE10-AC5D-4BD9-B817-51247C4A732D}.DebugMacOS|Any CPU.Build.0 = DebugMacOS|Any CPU
		{B950DE10-AC5D-4BD9-B817-51247C4A732D}.Release|Any CPU.ActiveCfg = Release|Any CPU
		{B950DE10-AC5D-4BD9-B817-51247C4A732D}.Release|Any CPU.Build.0 = Release|Any CPU
		{B950DE10-AC5D-4BD9-B817-51247C4A732D}.ReleaseLinux|Any CPU.ActiveCfg = ReleaseLinux|Any CPU
		{B950DE10-AC5D-4BD9-B817-51247C4A732D}.ReleaseLinux|Any CPU.Build.0 = ReleaseLinux|Any CPU
		{B950DE10-AC5D-4BD9-B817-51247C4A732D}.ReleaseMacOS|Any CPU.ActiveCfg = ReleaseMacOS|Any CPU
		{B950DE10-AC5D-4BD9-B817-51247C4A732D}.ReleaseMacOS|Any CPU.Build.0 = ReleaseMacOS|Any CPU
		{DCC0B1AD-8DC5-41C1-B6EC-404534CDEB32}.Debug|Any CPU.ActiveCfg = DebugWindows|x86
		{DCC0B1AD-8DC5-41C1-B6EC-404534CDEB32}.Debug|Any CPU.Build.0 = DebugWindows|x86
		{DCC0B1AD-8DC5-41C1-B6EC-404534CDEB32}.DebugLinux|Any CPU.ActiveCfg = DebugLinux|Any CPU
		{DCC0B1AD-8DC5-41C1-B6EC-404534CDEB32}.DebugLinux|Any CPU.Build.0 = DebugLinux|Any CPU
		{DCC0B1AD-8DC5-41C1-B6EC-404534CDEB32}.DebugMacOS|Any CPU.ActiveCfg = DebugMacOS|Any CPU
		{DCC0B1AD-8DC5-41C1-B6EC-404534CDEB32}.DebugMacOS|Any CPU.Build.0 = DebugMacOS|Any CPU
		{DCC0B1AD-8DC5-41C1-B6EC-404534CDEB32}.Release|Any CPU.ActiveCfg = ReleaseWindows|x86
		{DCC0B1AD-8DC5-41C1-B6EC-404534CDEB32}.Release|Any CPU.Build.0 = ReleaseWindows|x86
		{DCC0B1AD-8DC5-41C1-B6EC-404534CDEB32}.ReleaseLinux|Any CPU.ActiveCfg = ReleaseLinux|Any CPU
		{DCC0B1AD-8DC5-41C1-B6EC-404534CDEB32}.ReleaseLinux|Any CPU.Build.0 = ReleaseLinux|Any CPU
		{DCC0B1AD-8DC5-41C1-B6EC-404534CDEB32}.ReleaseMacOS|Any CPU.ActiveCfg = ReleaseMacOS|Any CPU
		{DCC0B1AD-8DC5-41C1-B6EC-404534CDEB32}.ReleaseMacOS|Any CPU.Build.0 = ReleaseMacOS|Any CPU
	EndGlobalSection
	GlobalSection(MonoDevelopProperties) = preSolution
		StartupItem = MGCB.csproj
	EndGlobalSection
	GlobalSection(SolutionProperties) = preSolution
		HideSolutionNode = FALSE
	EndGlobalSection
EndGlobal
