
Microsoft Visual Studio Solution File, Format Version 12.00
# Visual Studio 2012
Project("{FAE04EC0-301F-11D3-BF4B-00C04F79EFBC}") = "Pipeline", "Pipeline.csproj", "{734BF273-699A-4139-9124-AD4F4A66B50C}"
EndProject
Global
	GlobalSection(SolutionConfigurationPlatforms) = preSolution
		Debug|Any CPU = Debug|Any CPU
		Release|Any CPU = Release|Any CPU
	EndGlobalSection
	GlobalSection(ProjectConfigurationPlatforms) = postSolution
		{734BF273-699A-4139-9124-AD4F4A66B50C}.Debug|Any CPU.ActiveCfg = Debug|Any CPU
		{734BF273-699A-4139-9124-AD4F4A66B50C}.Debug|Any CPU.Build.0 = Debug|Any CPU
		{734BF273-699A-4139-9124-AD4F4A66B50C}.Release|Any CPU.ActiveCfg = Release|Any CPU
		{734BF273-699A-4139-9124-AD4F4A66B50C}.Release|Any CPU.Build.0 = Release|Any CPU
	EndGlobalSection
	GlobalSection(SolutionProperties) = preSolution
		HideSolutionNode = FALSE
	EndGlobalSection
EndGlobal
